<?xml version="1.0" encoding="utf-8"?>
<Project ToolsVersion="4.0" xmlns="http://schemas.microsoft.com/developer/msbuild/2003">
  <ItemGroup>
    <Filter Include="Source Files">
      <UniqueIdentifier>{82442a27-faec-48fe-a9f2-628e4395caf5}</UniqueIdentifier>
    </Filter>
    <Filter Include="Header Files">
      <UniqueIdentifier>{3080e610-5a00-4938-9c69-8da1a3adb4c2}</UniqueIdentifier>
    </Filter>
  </ItemGroup>
  <ItemGroup>
    <ClCompile Include="subversion\libsvn_repos\authz.c">
      <Filter>Source Files</Filter>
    </ClCompile>
    <ClCompile Include="subversion\libsvn_repos\authz_pool.c">
      <Filter>Source Files</Filter>
    </ClCompile>
    <ClCompile Include="subversion\libsvn_repos\commit.c">
      <Filter>Source Files</Filter>
    </ClCompile>
    <ClCompile Include="subversion\libsvn_repos\config_pool.c">
      <Filter>Source Files</Filter>
    </ClCompile>
    <ClCompile Include="subversion\libsvn_repos\delta.c">
      <Filter>Source Files</Filter>
    </ClCompile>
    <ClCompile Include="subversion\libsvn_repos\deprecated.c">
      <Filter>Source Files</Filter>
    </ClCompile>
    <ClCompile Include="subversion\libsvn_repos\dump.c">
      <Filter>Source Files</Filter>
    </ClCompile>
    <ClCompile Include="subversion\libsvn_repos\fs-wrap.c">
      <Filter>Source Files</Filter>
    </ClCompile>
    <ClCompile Include="subversion\libsvn_repos\hooks.c">
      <Filter>Source Files</Filter>
    </ClCompile>
    <ClCompile Include="subversion\libsvn_repos\load.c">
      <Filter>Source Files</Filter>
    </ClCompile>
    <ClCompile Include="subversion\libsvn_repos\load-fs-vtable.c">
      <Filter>Source Files</Filter>
    </ClCompile>
    <ClCompile Include="subversion\libsvn_repos\log.c">
      <Filter>Source Files</Filter>
    </ClCompile>
    <ClCompile Include="subversion\libsvn_repos\node_tree.c">
      <Filter>Source Files</Filter>
    </ClCompile>
    <ClCompile Include="subversion\libsvn_repos\notify.c">
      <Filter>Source Files</Filter>
    </ClCompile>
    <ClCompile Include="subversion\libsvn_repos\replay.c">
      <Filter>Source Files</Filter>
    </ClCompile>
    <ClCompile Include="subversion\libsvn_repos\reporter.c">
      <Filter>Source Files</Filter>
    </ClCompile>
    <ClCompile Include="subversion\libsvn_repos\repos.c">
      <Filter>Source Files</Filter>
    </ClCompile>
    <ClCompile Include="subversion\libsvn_repos\rev_hunt.c">
      <Filter>Source Files</Filter>
    </ClCompile>
  </ItemGroup>
  <ItemGroup>
    <None Include="subversion\libsvn_repos\libsvn_repos.pc.in">
      <Filter>Source Files</Filter>
    </None>
    <None Include="subversion\svn_private_config.h.in">
      <Filter>Header Files</Filter>
    </None>
    <None Include="subversion\svn_private_config.h">
      <Filter>Header Files</Filter>
    </None>
  </ItemGroup>
  <ItemGroup>
    <ClInclude Include="subversion\libsvn_repos\repos.h">
      <Filter>Source Files</Filter>
    </ClInclude>
  </ItemGroup>
</Project>