
Microsoft Visual Studio Solution File, Format Version 10.00
# Visual C++ Express 2008
Project("{8BC9CEB8-8B4A-11D0-8D11-00A0C91BC942}") = "gen", "..\..\appseedcore\ca2core\fontopus\app\source\main\gen\gen.vcproj", "{19D7234E-65D5-40A4-A7D4-5F5133C9B56E}"
	ProjectSection(ProjectDependencies) = postProject
		{FD7C390E-F618-424E-A604-2CD9BBD71B6C} = {FD7C390E-F618-424E-A604-2CD9BBD71B6C}
		{F8999C72-C09F-4983-BCBE-B4BE0F1B5281} = {F8999C72-C09F-4983-BCBE-B4BE0F1B5281}
		{0257EC8D-76A7-417C-80FD-27F35B20C1A7} = {0257EC8D-76A7-417C-80FD-27F35B20C1A7}
		{7BAEAAA5-1326-4788-821D-C6D3D65A954A} = {7BAEAAA5-1326-4788-821D-C6D3D65A954A}
	EndProjectSection
EndProject
Project("{8BC9CEB8-8B4A-11D0-8D11-00A0C91BC942}") = "ex1", "..\..\appseedcore\ca2core\fontopus\app\source\main\ex1\ex1.vcproj", "{F8999C72-C09F-4983-BCBE-B4BE0F1B5281}"
	ProjectSection(ProjectDependencies) = postProject
		{FD7C390E-F618-424E-A604-2CD9BBD71B6C} = {FD7C390E-F618-424E-A604-2CD9BBD71B6C}
		{0257EC8D-76A7-417C-80FD-27F35B20C1A7} = {0257EC8D-76A7-417C-80FD-27F35B20C1A7}
		{7BAEAAA5-1326-4788-821D-C6D3D65A954A} = {7BAEAAA5-1326-4788-821D-C6D3D65A954A}
	EndProjectSection
EndProject
Project("{8BC9CEB8-8B4A-11D0-8D11-00A0C91BC942}") = "xmsa", "..\..\appseed\ca2\fontopus\app\source\main\xmsa\xmsa.vcproj", "{16E345D6-C5AB-40A8-B932-47BD31CF1664}"
	ProjectSection(ProjectDependencies) = postProject
		{FD7C390E-F618-424E-A604-2CD9BBD71B6C} = {FD7C390E-F618-424E-A604-2CD9BBD71B6C}
		{19D7234E-65D5-40A4-A7D4-5F5133C9B56E} = {19D7234E-65D5-40A4-A7D4-5F5133C9B56E}
		{22FF3B67-4C0D-4D71-81EE-AB72527923C9} = {22FF3B67-4C0D-4D71-81EE-AB72527923C9}
		{F8999C72-C09F-4983-BCBE-B4BE0F1B5281} = {F8999C72-C09F-4983-BCBE-B4BE0F1B5281}
		{0257EC8D-76A7-417C-80FD-27F35B20C1A7} = {0257EC8D-76A7-417C-80FD-27F35B20C1A7}
		{7BAEAAA5-1326-4788-821D-C6D3D65A954A} = {7BAEAAA5-1326-4788-821D-C6D3D65A954A}
		{DFA865FA-07A1-410C-882D-CEBB89AC8FD6} = {DFA865FA-07A1-410C-882D-CEBB89AC8FD6}
	EndProjectSection
EndProject
Project("{8BC9CEB8-8B4A-11D0-8D11-00A0C91BC942}") = "ex2", "..\..\appseedcore\ca2core\fontopus\app\source\main\ex2\ex2.vcproj", "{22FF3B67-4C0D-4D71-81EE-AB72527923C9}"
	ProjectSection(ProjectDependencies) = postProject
		{FD7C390E-F618-424E-A604-2CD9BBD71B6C} = {FD7C390E-F618-424E-A604-2CD9BBD71B6C}
		{19D7234E-65D5-40A4-A7D4-5F5133C9B56E} = {19D7234E-65D5-40A4-A7D4-5F5133C9B56E}
		{F8999C72-C09F-4983-BCBE-B4BE0F1B5281} = {F8999C72-C09F-4983-BCBE-B4BE0F1B5281}
		{0257EC8D-76A7-417C-80FD-27F35B20C1A7} = {0257EC8D-76A7-417C-80FD-27F35B20C1A7}
		{7BAEAAA5-1326-4788-821D-C6D3D65A954A} = {7BAEAAA5-1326-4788-821D-C6D3D65A954A}
	EndProjectSection
EndProject
Project("{8BC9CEB8-8B4A-11D0-8D11-00A0C91BC942}") = "_000ca2api00000", "..\..\appseedcore\ca2core\fontopus\app\source\main\_000ca2api00000\_000ca2api00000.vcproj", "{0257EC8D-76A7-417C-80FD-27F35B20C1A7}"
EndProject
Project("{8BC9CEB8-8B4A-11D0-8D11-00A0C91BC942}") = "_000ca2api12000", "..\..\appseedcore\ca2core\fontopus\app\source\main\_000ca2api12000\_000ca2api12000.vcproj", "{7BAEAAA5-1326-4788-821D-C6D3D65A954A}"
EndProject
Project("{8BC9CEB8-8B4A-11D0-8D11-00A0C91BC942}") = "_000ca2api14000", "..\..\appseedcore\ca2core\fontopus\app\source\main\_000ca2api14000\_000ca2api14000.vcproj", "{FD7C390E-F618-424E-A604-2CD9BBD71B6C}"
EndProject
Project("{8BC9CEB8-8B4A-11D0-8D11-00A0C91BC942}") = "win", "..\..\nodeapp\platform\win\win.vcproj", "{DFA865FA-07A1-410C-882D-CEBB89AC8FD6}"
	ProjectSection(ProjectDependencies) = postProject
		{FD7C390E-F618-424E-A604-2CD9BBD71B6C} = {FD7C390E-F618-424E-A604-2CD9BBD71B6C}
		{19D7234E-65D5-40A4-A7D4-5F5133C9B56E} = {19D7234E-65D5-40A4-A7D4-5F5133C9B56E}
		{22FF3B67-4C0D-4D71-81EE-AB72527923C9} = {22FF3B67-4C0D-4D71-81EE-AB72527923C9}
		{F8999C72-C09F-4983-BCBE-B4BE0F1B5281} = {F8999C72-C09F-4983-BCBE-B4BE0F1B5281}
		{0257EC8D-76A7-417C-80FD-27F35B20C1A7} = {0257EC8D-76A7-417C-80FD-27F35B20C1A7}
		{7BAEAAA5-1326-4788-821D-C6D3D65A954A} = {7BAEAAA5-1326-4788-821D-C6D3D65A954A}
	EndProjectSection
EndProject
Global
	GlobalSection(SolutionConfigurationPlatforms) = preSolution
		DebRelease|Win32 = DebRelease|Win32
		Debug II|Win32 = Debug II|Win32
		Debug|Win32 = Debug|Win32
		Release Debug|Win32 = Release Debug|Win32
		Release|Win32 = Release|Win32
	EndGlobalSection
	GlobalSection(ProjectConfigurationPlatforms) = postSolution
		{19D7234E-65D5-40A4-A7D4-5F5133C9B56E}.DebRelease|Win32.ActiveCfg = DebRelease|Win32
		{19D7234E-65D5-40A4-A7D4-5F5133C9B56E}.DebRelease|Win32.Build.0 = DebRelease|Win32
		{19D7234E-65D5-40A4-A7D4-5F5133C9B56E}.Debug II|Win32.ActiveCfg = Debug II|Win32
		{19D7234E-65D5-40A4-A7D4-5F5133C9B56E}.Debug II|Win32.Build.0 = Debug II|Win32
		{19D7234E-65D5-40A4-A7D4-5F5133C9B56E}.Debug|Win32.ActiveCfg = Debug|Win32
		{19D7234E-65D5-40A4-A7D4-5F5133C9B56E}.Debug|Win32.Build.0 = Debug|Win32
		{19D7234E-65D5-40A4-A7D4-5F5133C9B56E}.Release Debug|Win32.ActiveCfg = Release Debug|Win32
		{19D7234E-65D5-40A4-A7D4-5F5133C9B56E}.Release Debug|Win32.Build.0 = Release Debug|Win32
		{19D7234E-65D5-40A4-A7D4-5F5133C9B56E}.Release|Win32.ActiveCfg = Release|Win32
		{19D7234E-65D5-40A4-A7D4-5F5133C9B56E}.Release|Win32.Build.0 = Release|Win32
		{F8999C72-C09F-4983-BCBE-B4BE0F1B5281}.DebRelease|Win32.ActiveCfg = DebRelease|Win32
		{F8999C72-C09F-4983-BCBE-B4BE0F1B5281}.DebRelease|Win32.Build.0 = DebRelease|Win32
		{F8999C72-C09F-4983-BCBE-B4BE0F1B5281}.Debug II|Win32.ActiveCfg = Debug II|Win32
		{F8999C72-C09F-4983-BCBE-B4BE0F1B5281}.Debug II|Win32.Build.0 = Debug II|Win32
		{F8999C72-C09F-4983-BCBE-B4BE0F1B5281}.Debug|Win32.ActiveCfg = Debug|Win32
		{F8999C72-C09F-4983-BCBE-B4BE0F1B5281}.Debug|Win32.Build.0 = Debug|Win32
		{F8999C72-C09F-4983-BCBE-B4BE0F1B5281}.Release Debug|Win32.ActiveCfg = Release Debug|Win32
		{F8999C72-C09F-4983-BCBE-B4BE0F1B5281}.Release Debug|Win32.Build.0 = Release Debug|Win32
		{F8999C72-C09F-4983-BCBE-B4BE0F1B5281}.Release|Win32.ActiveCfg = Release|Win32
		{F8999C72-C09F-4983-BCBE-B4BE0F1B5281}.Release|Win32.Build.0 = Release|Win32
		{16E345D6-C5AB-40A8-B932-47BD31CF1664}.DebRelease|Win32.ActiveCfg = Release|Win32
		{16E345D6-C5AB-40A8-B932-47BD31CF1664}.DebRelease|Win32.Build.0 = Release|Win32
		{16E345D6-C5AB-40A8-B932-47BD31CF1664}.Debug II|Win32.ActiveCfg = Debug|Win32
		{16E345D6-C5AB-40A8-B932-47BD31CF1664}.Debug II|Win32.Build.0 = Debug|Win32
		{16E345D6-C5AB-40A8-B932-47BD31CF1664}.Debug|Win32.ActiveCfg = Debug|Win32
		{16E345D6-C5AB-40A8-B932-47BD31CF1664}.Debug|Win32.Build.0 = Debug|Win32
		{16E345D6-C5AB-40A8-B932-47BD31CF1664}.Release Debug|Win32.ActiveCfg = Debug|Win32
		{16E345D6-C5AB-40A8-B932-47BD31CF1664}.Release Debug|Win32.Build.0 = Debug|Win32
		{16E345D6-C5AB-40A8-B932-47BD31CF1664}.Release|Win32.ActiveCfg = Release|Win32
		{16E345D6-C5AB-40A8-B932-47BD31CF1664}.Release|Win32.Build.0 = Release|Win32
		{22FF3B67-4C0D-4D71-81EE-AB72527923C9}.DebRelease|Win32.ActiveCfg = DebRelease|Win32
		{22FF3B67-4C0D-4D71-81EE-AB72527923C9}.DebRelease|Win32.Build.0 = DebRelease|Win32
		{22FF3B67-4C0D-4D71-81EE-AB72527923C9}.Debug II|Win32.ActiveCfg = Debug II|Win32
		{22FF3B67-4C0D-4D71-81EE-AB72527923C9}.Debug II|Win32.Build.0 = Debug II|Win32
		{22FF3B67-4C0D-4D71-81EE-AB72527923C9}.Debug|Win32.ActiveCfg = Debug|Win32
		{22FF3B67-4C0D-4D71-81EE-AB72527923C9}.Debug|Win32.Build.0 = Debug|Win32
		{22FF3B67-4C0D-4D71-81EE-AB72527923C9}.Release Debug|Win32.ActiveCfg = Release Debug|Win32
		{22FF3B67-4C0D-4D71-81EE-AB72527923C9}.Release Debug|Win32.Build.0 = Release Debug|Win32
		{22FF3B67-4C0D-4D71-81EE-AB72527923C9}.Release|Win32.ActiveCfg = Release|Win32
		{22FF3B67-4C0D-4D71-81EE-AB72527923C9}.Release|Win32.Build.0 = Release|Win32
		{0257EC8D-76A7-417C-80FD-27F35B20C1A7}.DebRelease|Win32.ActiveCfg = Release|Win32
		{0257EC8D-76A7-417C-80FD-27F35B20C1A7}.DebRelease|Win32.Build.0 = Release|Win32
		{0257EC8D-76A7-417C-80FD-27F35B20C1A7}.Debug II|Win32.ActiveCfg = Debug II|Win32
		{0257EC8D-76A7-417C-80FD-27F35B20C1A7}.Debug II|Win32.Build.0 = Debug II|Win32
		{0257EC8D-76A7-417C-80FD-27F35B20C1A7}.Debug|Win32.ActiveCfg = Debug|Win32
		{0257EC8D-76A7-417C-80FD-27F35B20C1A7}.Debug|Win32.Build.0 = Debug|Win32
		{0257EC8D-76A7-417C-80FD-27F35B20C1A7}.Release Debug|Win32.ActiveCfg = Debug|Win32
		{0257EC8D-76A7-417C-80FD-27F35B20C1A7}.Release Debug|Win32.Build.0 = Debug|Win32
		{0257EC8D-76A7-417C-80FD-27F35B20C1A7}.Release|Win32.ActiveCfg = Release|Win32
		{0257EC8D-76A7-417C-80FD-27F35B20C1A7}.Release|Win32.Build.0 = Release|Win32
		{7BAEAAA5-1326-4788-821D-C6D3D65A954A}.DebRelease|Win32.ActiveCfg = Release|Win32
		{7BAEAAA5-1326-4788-821D-C6D3D65A954A}.DebRelease|Win32.Build.0 = Release|Win32
		{7BAEAAA5-1326-4788-821D-C6D3D65A954A}.Debug II|Win32.ActiveCfg = Debug II|Win32
		{7BAEAAA5-1326-4788-821D-C6D3D65A954A}.Debug II|Win32.Build.0 = Debug II|Win32
		{7BAEAAA5-1326-4788-821D-C6D3D65A954A}.Debug|Win32.ActiveCfg = Debug|Win32
		{7BAEAAA5-1326-4788-821D-C6D3D65A954A}.Debug|Win32.Build.0 = Debug|Win32
		{7BAEAAA5-1326-4788-821D-C6D3D65A954A}.Release Debug|Win32.ActiveCfg = Debug|Win32
		{7BAEAAA5-1326-4788-821D-C6D3D65A954A}.Release Debug|Win32.Build.0 = Debug|Win32
		{7BAEAAA5-1326-4788-821D-C6D3D65A954A}.Release|Win32.ActiveCfg = Release|Win32
		{7BAEAAA5-1326-4788-821D-C6D3D65A954A}.Release|Win32.Build.0 = Release|Win32
		{FD7C390E-F618-424E-A604-2CD9BBD71B6C}.DebRelease|Win32.ActiveCfg = Release|Win32
		{FD7C390E-F618-424E-A604-2CD9BBD71B6C}.DebRelease|Win32.Build.0 = Release|Win32
		{FD7C390E-F618-424E-A604-2CD9BBD71B6C}.Debug II|Win32.ActiveCfg = Debug II|Win32
		{FD7C390E-F618-424E-A604-2CD9BBD71B6C}.Debug II|Win32.Build.0 = Debug II|Win32
		{FD7C390E-F618-424E-A604-2CD9BBD71B6C}.Debug|Win32.ActiveCfg = Debug|Win32
		{FD7C390E-F618-424E-A604-2CD9BBD71B6C}.Debug|Win32.Build.0 = Debug|Win32
		{FD7C390E-F618-424E-A604-2CD9BBD71B6C}.Release Debug|Win32.ActiveCfg = Debug|Win32
		{FD7C390E-F618-424E-A604-2CD9BBD71B6C}.Release Debug|Win32.Build.0 = Debug|Win32
		{FD7C390E-F618-424E-A604-2CD9BBD71B6C}.Release|Win32.ActiveCfg = Release|Win32
		{FD7C390E-F618-424E-A604-2CD9BBD71B6C}.Release|Win32.Build.0 = Release|Win32
		{DFA865FA-07A1-410C-882D-CEBB89AC8FD6}.DebRelease|Win32.ActiveCfg = DebRelease|Win32
		{DFA865FA-07A1-410C-882D-CEBB89AC8FD6}.DebRelease|Win32.Build.0 = DebRelease|Win32
		{DFA865FA-07A1-410C-882D-CEBB89AC8FD6}.Debug II|Win32.ActiveCfg = Debug II|Win32
		{DFA865FA-07A1-410C-882D-CEBB89AC8FD6}.Debug II|Win32.Build.0 = Debug II|Win32
		{DFA865FA-07A1-410C-882D-CEBB89AC8FD6}.Debug|Win32.ActiveCfg = Debug|Win32
		{DFA865FA-07A1-410C-882D-CEBB89AC8FD6}.Debug|Win32.Build.0 = Debug|Win32
		{DFA865FA-07A1-410C-882D-CEBB89AC8FD6}.Release Debug|Win32.ActiveCfg = Release Debug|Win32
		{DFA865FA-07A1-410C-882D-CEBB89AC8FD6}.Release Debug|Win32.Build.0 = Release Debug|Win32
		{DFA865FA-07A1-410C-882D-CEBB89AC8FD6}.Release|Win32.ActiveCfg = Release|Win32
		{DFA865FA-07A1-410C-882D-CEBB89AC8FD6}.Release|Win32.Build.0 = Release|Win32
	EndGlobalSection
	GlobalSection(SolutionProperties) = preSolution
		HideSolutionNode = FALSE
	EndGlobalSection
EndGlobal
