<?xml version="1.0" encoding="UTF-8" standalone="yes" ?>
<CodeBlocks_project_file>
	<FileVersion major="1" minor="6" />
	<Project>
		<Option title="ca" />
		<Option pch_mode="2" />
		<Option compiler="gcc" />
		<Build>
			<Target title="Debug">
				<Option output="../../../stage/x86/libca" prefix_auto="1" extension_auto="1" />
				<Option object_output="../../../time/intermediate/appseedcore/ca" />
				<Option type="3" />
				<Option compiler="gcc" />
				<Option createDefFile="1" />
				<Option createStaticLib="1" />
				<Compiler>
					<Add option="-g" />
					<Add option="-fPIC" />
					<Add directory="." />
					<Add directory="../ca" />
					<Add directory="../../appseedcore" />
					<Add directory="../../../app" />
					<Add directory="../../nodeapp/linux" />
					<Add directory="../ca2" />
					<Add directory="../../nodeapp/linux/include" />
					<Add directory="../../.." />
					<Add directory=".." />
					<Add directory="../../../app/thirdparty/include" />
					<Add directory="../../../app/thirdparty/appseed" />
				</Compiler>
			</Target>
		</Build>
		<Unit filename="StdAfx.cpp" />
		<Unit filename="StdAfx.h" />
		<Unit filename="api/api_muldiv64.cpp" />
		<Unit filename="api/api_str.cpp" />
		<Unit filename="api/debug.cpp" />
		<Unit filename="api/debug.h" />
		<Unit filename="api/linux.cpp" />
		<Unit filename="api/linux.h" />
		<Unit filename="api/muldiv64.h" />
		<Unit filename="api/rotate.h" />
		<Unit filename="api/simple_critical_section.h" />
		<Unit filename="api/simple_mutex.h" />
		<Unit filename="api/str.h" />
		<Unit filename="ca.h" />
		<Unit filename="ca/ca.h" />
		<Unit filename="ca/ca_2.h" />
		<Unit filename="ca/ca_3_graphics.h" />
		<Unit filename="ca/ca_application.cpp" />
		<Unit filename="ca/ca_application.h" />
		<Unit filename="ca/ca_application_bias.cpp" />
		<Unit filename="ca/ca_application_bias.h" />
		<Unit filename="ca/ca_application_interface.cpp" />
		<Unit filename="ca/ca_application_interface.h" />
		<Unit filename="ca/ca_base.h" />
		<Unit filename="ca/ca_bitmap.cpp" />
		<Unit filename="ca/ca_bitmap.h" />
		<Unit filename="ca/ca_brush.cpp" />
		<Unit filename="ca/ca_brush.h" />
		<Unit filename="ca/ca_c.c">
			<Option compilerVar="CC" />
		</Unit>
		<Unit filename="ca/ca_c.h" />
		<Unit filename="ca/ca_ca.cpp" />
		<Unit filename="ca/ca_ca.h" />
		<Unit filename="ca/ca_create_context.cpp" />
		<Unit filename="ca/ca_create_context.h" />
		<Unit filename="ca/ca_data.cpp" />
		<Unit filename="ca/ca_data.h" />
		<Unit filename="ca/ca_data_container.cpp" />
		<Unit filename="ca/ca_data_container.h" />
		<Unit filename="ca/ca_data_listener.cpp" />
		<Unit filename="ca/ca_data_listener.h" />
		<Unit filename="ca/ca_dib.cpp" />
		<Unit filename="ca/ca_dib.h" />
		<Unit filename="ca/ca_dir.h" />
		<Unit filename="ca/ca_dir_application.cpp" />
		<Unit filename="ca/ca_dir_application.h" />
		<Unit filename="ca/ca_dir_system.cpp" />
		<Unit filename="ca/ca_dir_system.h" />
		<Unit filename="ca/ca_draw_dib.cpp" />
		<Unit filename="ca/ca_draw_dib.h" />
		<Unit filename="ca/ca_exception.cpp" />
		<Unit filename="ca/ca_exception.h" />
		<Unit filename="ca/ca_file_application.cpp" />
		<Unit filename="ca/ca_file_application.h" />
		<Unit filename="ca/ca_file_system.cpp" />
		<Unit filename="ca/ca_file_system.h" />
		<Unit filename="ca/ca_font.cpp" />
		<Unit filename="ca/ca_font.h" />
		<Unit filename="ca/ca_graphics.cpp" />
		<Unit filename="ca/ca_graphics.h" />
		<Unit filename="ca/ca_graphics_object.cpp" />
		<Unit filename="ca/ca_graphics_object.h" />
		<Unit filename="ca/ca_history.cpp" />
		<Unit filename="ca/ca_history.h" />
		<Unit filename="ca/ca_igui.h" />
		<Unit filename="ca/ca_interlocked_long.cpp" />
		<Unit filename="ca/ca_interlocked_long.h" />
		<Unit filename="ca/ca_interlocked_long_pulse.cpp" />
		<Unit filename="ca/ca_interlocked_long_pulse.h" />
		<Unit filename="ca/ca_job.cpp" />
		<Unit filename="ca/ca_job.h" />
		<Unit filename="ca/ca_keep_alive.h" />
		<Unit filename="ca/ca_listener.h" />
		<Unit filename="ca/ca_live_object.cpp" />
		<Unit filename="ca/ca_live_object.h" />
		<Unit filename="ca/ca_live_signal.cpp" />
		<Unit filename="ca/ca_live_signal.h" />
		<Unit filename="ca/ca_log.cpp" />
		<Unit filename="ca/ca_log.h" />
		<Unit filename="ca/ca_main_init_data.h" />
		<Unit filename="ca/ca_message_window.cpp" />
		<Unit filename="ca/ca_message_window.h" />
		<Unit filename="ca/ca_object.cpp" />
		<Unit filename="ca/ca_object.h" />
		<Unit filename="ca/ca_osi.cpp" />
		<Unit filename="ca/ca_osi.h" />
		<Unit filename="ca/ca_palette.cpp" />
		<Unit filename="ca/ca_palette.h" />
		<Unit filename="ca/ca_pen.cpp" />
		<Unit filename="ca/ca_pen.h" />
		<Unit filename="ca/ca_print_job.cpp" />
		<Unit filename="ca/ca_print_job.h" />
		<Unit filename="ca/ca_profiler.cpp" />
		<Unit filename="ca/ca_profiler.h" />
		<Unit filename="ca/ca_region.cpp" />
		<Unit filename="ca/ca_region.h" />
		<Unit filename="ca/ca_se_translator.h" />
		<Unit filename="ca/ca_se_translator.want_to_remove.h" />
		<Unit filename="ca/ca_seed.h" />
		<Unit filename="ca/ca_session.cpp" />
		<Unit filename="ca/ca_session.h" />
		<Unit filename="ca/ca_smart_pointer.cpp" />
		<Unit filename="ca/ca_smart_pointer.h" />
		<Unit filename="ca/ca_system.cpp" />
		<Unit filename="ca/ca_system.h" />
		<Unit filename="ca/ca_template.h" />
		<Unit filename="ca/ca_thread.cpp" />
		<Unit filename="ca/ca_thread.h" />
		<Unit filename="ca/ca_type_info.cpp" />
		<Unit filename="ca/ca_type_info.h" />
		<Unit filename="ca/ca_window.cpp" />
		<Unit filename="ca/ca_window.h" />
		<Unit filename="ca/ca_window_draw.cpp" />
		<Unit filename="ca/ca_window_draw.h" />
		<Unit filename="ca2/ca2.h" />
		<Unit filename="ca2/ca2_2.h" />
		<Unit filename="ca2/ca2_application.cpp" />
		<Unit filename="ca2/ca2_application.h" />
		<Unit filename="ca2/ca2_datetime.cpp" />
		<Unit filename="ca2/ca2_datetime.h" />
		<Unit filename="ca2/ca2_html.cpp" />
		<Unit filename="ca2/ca2_html.h" />
		<Unit filename="ca2/ca2_inline.h" />
		<Unit filename="ca2/ca2_library.cpp" />
		<Unit filename="ca2/ca2_library.h" />
		<Unit filename="ca2/ca2_log.cpp" />
		<Unit filename="ca2/ca2_log.h" />
		<Unit filename="ca2/ca2_main.h" />
		<Unit filename="ca2/ca2_net.cpp" />
		<Unit filename="ca2/ca2_net.h" />
		<Unit filename="ca2/ca2_process.cpp" />
		<Unit filename="ca2/ca2_process.h" />
		<Unit filename="ca2/ca2_sockets_address.h" />
		<Unit filename="ca2/ca2_stra.h" />
		<Unit filename="ca2/ca2_system_file.h" />
		<Unit filename="ca2/ca2_url.cpp" />
		<Unit filename="ca2/ca2_url.h" />
		<Unit filename="ca2/ca2_url_domain.cpp" />
		<Unit filename="ca2/ca2_url_domain.h" />
		<Unit filename="ca2/ca2_user.h" />
		<Unit filename="ca2/ca2_xml.cpp" />
		<Unit filename="ca2/ca2_xml.h" />
		<Unit filename="ca2/contact_list.h" />
		<Unit filename="ca2/socket_address.cpp" />
		<Unit filename="ca4/ca4.h" />
		<Unit filename="ca4/ca4_application.cpp" />
		<Unit filename="ca4/ca4_application.h" />
		<Unit filename="ca4/ca4_compress.cpp" />
		<Unit filename="ca4/ca4_compress.h" />
		<Unit filename="ca4/ca4_copydesk.cpp" />
		<Unit filename="ca4/ca4_copydesk.h" />
		<Unit filename="ca4/ca4_crypt.cpp" />
		<Unit filename="ca4/ca4_crypt.h" />
		<Unit filename="ca4/ca4_email.cpp" />
		<Unit filename="ca4/ca4_email.h" />
		<Unit filename="ca4/ca4_enum.cpp" />
		<Unit filename="ca4/ca4_file.cpp" />
		<Unit filename="ca4/ca4_file.h" />
		<Unit filename="ca4/ca4_http.cpp" />
		<Unit filename="ca4/ca4_http.h" />
		<Unit filename="ca4/ca4_http_application.cpp" />
		<Unit filename="ca4/ca4_http_application.h" />
		<Unit filename="ca4/ca4_http_get_socket.cpp" />
		<Unit filename="ca4/ca4_http_get_socket.h" />
		<Unit filename="ca4/ca4_http_system.cpp" />
		<Unit filename="ca4/ca4_http_system.h" />
		<Unit filename="ca4/ca4_ip_enum.h" />
		<Unit filename="ca4/ca4_nessie.cpp" />
		<Unit filename="ca4/ca4_nessie.h" />
		<Unit filename="ca4/ca4_oauth.cpp" />
		<Unit filename="ca4/ca4_oauth.h" />
		<Unit filename="ca4/ca4_patch.cpp" />
		<Unit filename="ca4/ca4_patch.h" />
		<Unit filename="ca4/ca4_port_forward.cpp" />
		<Unit filename="ca4/ca4_port_forward.h" />
		<Unit filename="ca4/ca4_twit.cpp" />
		<Unit filename="ca4/ca4_twit.h" />
		<Unit filename="ca4/ca4_whirlpool.cpp" />
		<Unit filename="calculator/calculator.h" />
		<Unit filename="calculator/calculator_application.cpp" />
		<Unit filename="calculator/calculator_application.h" />
		<Unit filename="calculator/calculator_class.cpp" />
		<Unit filename="calculator/calculator_class.h" />
		<Unit filename="calculator/datetime_element.cpp" />
		<Unit filename="calculator/datetime_element.h" />
		<Unit filename="calculator/datetime_parser.cpp" />
		<Unit filename="calculator/datetime_parser.h" />
		<Unit filename="calculator/datetime_scanner.cpp" />
		<Unit filename="calculator/datetime_scanner.h" />
		<Unit filename="calculator/datetime_token.cpp" />
		<Unit filename="calculator/datetime_token.h" />
		<Unit filename="calculator/numeric_element.cpp" />
		<Unit filename="calculator/numeric_element.h" />
		<Unit filename="calculator/numeric_parser.cpp" />
		<Unit filename="calculator/numeric_parser.h" />
		<Unit filename="calculator/numeric_scanner.cpp" />
		<Unit filename="calculator/numeric_scanner.h" />
		<Unit filename="calculator/numeric_token.h" />
		<Unit filename="calculator/numeric_value.cpp" />
		<Unit filename="calculator/numeric_value.h" />
		<Unit filename="collection/2DArray.cpp" />
		<Unit filename="collection/Base2DArray.h" />
		<Unit filename="collection/_array_app_copy.cpp" />
		<Unit filename="collection/array.cpp" />
		<Unit filename="collection/array.h" />
		<Unit filename="collection/array_app_alloc.h" />
		<Unit filename="collection/array_app_copy.cpp" />
		<Unit filename="collection/array_del_ptr.h" />
		<Unit filename="collection/array_parent_alloc.h" />
		<Unit filename="collection/array_ptr.cpp" />
		<Unit filename="collection/array_ptr.h" />
		<Unit filename="collection/array_ptr_alloc.cpp" />
		<Unit filename="collection/array_ptr_alloc.h" />
		<Unit filename="collection/array_ptr_copy.cpp" />
		<Unit filename="collection/array_ptr_copy.h" />
		<Unit filename="collection/array_release_ptr.h" />
		<Unit filename="collection/array_smart_ptr.h" />
		<Unit filename="collection/base_array.h" />
		<Unit filename="collection/bit_array.cpp" />
		<Unit filename="collection/bit_array.h" />
		<Unit filename="collection/bitset.h" />
		<Unit filename="collection/class_sort_array.cpp" />
		<Unit filename="collection/class_sort_array.h" />
		<Unit filename="collection/collection.h" />
		<Unit filename="collection/collection_numeric_array.cpp" />
		<Unit filename="collection/collection_simple_template.h" />
		<Unit filename="collection/collection_string_list.cpp" />
		<Unit filename="collection/collection_template.h" />
		<Unit filename="collection/comparable_array.cpp" />
		<Unit filename="collection/comparable_array.h" />
		<Unit filename="collection/comparable_eq_array.h" />
		<Unit filename="collection/comparable_eq_list.h" />
		<Unit filename="collection/comparable_list.h" />
		<Unit filename="collection/comparable_primitive_array.h" />
		<Unit filename="collection/comparable_raw_array.h" />
		<Unit filename="collection/elements.h" />
		<Unit filename="collection/gen_lemon_array.h" />
		<Unit filename="collection/key_sort_array.cpp" />
		<Unit filename="collection/key_sort_array.h" />
		<Unit filename="collection/list.h" />
		<Unit filename="collection/logic_array.h" />
		<Unit filename="collection/map.h" />
		<Unit filename="collection/map_misc.cpp" />
		<Unit filename="collection/numeric_array.h" />
		<Unit filename="collection/object_list.cpp" />
		<Unit filename="collection/object_list.h" />
		<Unit filename="collection/point_array.cpp" />
		<Unit filename="collection/point_array.h" />
		<Unit filename="collection/pointer_list.cpp" />
		<Unit filename="collection/pointer_list.h" />
		<Unit filename="collection/primitive_array.h" />
		<Unit filename="collection/raw_array.h" />
		<Unit filename="collection/rect_array.cpp" />
		<Unit filename="collection/rect_array.h" />
		<Unit filename="collection/simple_array.h" />
		<Unit filename="collection/simple_eq_array.h" />
		<Unit filename="collection/simple_list.cpp" />
		<Unit filename="collection/simple_object_array.h" />
		<Unit filename="collection/simple_pointer_array.h" />
		<Unit filename="collection/simple_typed_pointer_array.h" />
		<Unit filename="collection/sort.cpp" />
		<Unit filename="collection/sort.h" />
		<Unit filename="collection/sort_array.h" />
		<Unit filename="collection/string_array.cpp" />
		<Unit filename="collection/string_array.h" />
		<Unit filename="collection/string_list.h" />
		<Unit filename="collection/string_sort_array.cpp" />
		<Unit filename="collection/string_sort_array.h" />
		<Unit filename="collection/string_to_string_map.cpp" />
		<Unit filename="collection/string_to_string_map.h" />
		<Unit filename="collection/stringa.cpp" />
		<Unit filename="collection/stringa.h" />
		<Unit filename="collection/stringl.cpp" />
		<Unit filename="collection/stringl.h" />
		<Unit filename="collection/typed_pointer_array.h" />
		<Unit filename="collection/typed_pointer_list.h" />
		<Unit filename="collection/typed_pointer_map.h" />
		<Unit filename="collection/typed_ptr_array.h" />
		<Unit filename="collection/typed_ptr_list.h" />
		<Unit filename="collection/unique_array.h" />
		<Unit filename="colorertake5/TextConsoleViewer.cpp" />
		<Unit filename="colorertake5/Writer.h" />
		<Unit filename="colorertake5/application.cpp" />
		<Unit filename="colorertake5/application.h" />
		<Unit filename="colorertake5/base_editor.h" />
		<Unit filename="colorertake5/colorertake5.h" />
		<Unit filename="colorertake5/colorertake5_application.cpp" />
		<Unit filename="colorertake5/colorertake5_base_editor.cpp" />
		<Unit filename="colorertake5/colorertake5_cregexp.cpp" />
		<Unit filename="colorertake5/colorertake5_default_error_handler.cpp" />
		<Unit filename="colorertake5/colorertake5_error_handler_writer.cpp" />
		<Unit filename="colorertake5/colorertake5_exception.cpp" />
		<Unit filename="colorertake5/colorertake5_hrc_parser_helpers.cpp" />
		<Unit filename="colorertake5/colorertake5_hrc_parser_impl.cpp" />
		<Unit filename="colorertake5/colorertake5_line_regions_compact_support.cpp" />
		<Unit filename="colorertake5/colorertake5_line_regions_support.cpp" />
		<Unit filename="colorertake5/colorertake5_line_source.cpp" />
		<Unit filename="colorertake5/colorertake5_logging.cpp" />
		<Unit filename="colorertake5/colorertake5_outliner.cpp" />
		<Unit filename="colorertake5/colorertake5_parsed_line_writer.cpp" />
		<Unit filename="colorertake5/colorertake5_parser_factory.cpp" />
		<Unit filename="colorertake5/colorertake5_region_handler.cpp" />
		<Unit filename="colorertake5/colorertake5_region_mapper_impl.cpp" />
		<Unit filename="colorertake5/colorertake5_styled_hrd_mapper.cpp" />
		<Unit filename="colorertake5/colorertake5_text_hrd_mapper.cpp" />
		<Unit filename="colorertake5/colorertake5_text_lines.cpp" />
		<Unit filename="colorertake5/colorertake5_text_parser_helpers.cpp" />
		<Unit filename="colorertake5/colorertake5_text_parser_impl.cpp" />
		<Unit filename="colorertake5/cregexp.h" />
		<Unit filename="colorertake5/default_error_handler.h" />
		<Unit filename="colorertake5/editor_listener.h" />
		<Unit filename="colorertake5/error_handler.h" />
		<Unit filename="colorertake5/error_handler_writer.h" />
		<Unit filename="colorertake5/exception.h" />
		<Unit filename="colorertake5/features.h" />
		<Unit filename="colorertake5/file_input_source.h" />
		<Unit filename="colorertake5/file_type.h" />
		<Unit filename="colorertake5/file_type_impl.h" />
		<Unit filename="colorertake5/file_writer.h" />
		<Unit filename="colorertake5/hrc_parser.h" />
		<Unit filename="colorertake5/hrc_parser_helpers.h" />
		<Unit filename="colorertake5/hrc_parser_impl.h" />
		<Unit filename="colorertake5/line_region.h" />
		<Unit filename="colorertake5/line_regions_compact_support.h" />
		<Unit filename="colorertake5/line_regions_support.h" />
		<Unit filename="colorertake5/line_source.h" />
		<Unit filename="colorertake5/logging.h" />
		<Unit filename="colorertake5/memory_chunks.h" />
		<Unit filename="colorertake5/memory_file.h" />
		<Unit filename="colorertake5/memory_operator.h" />
		<Unit filename="colorertake5/outline_item.h" />
		<Unit filename="colorertake5/outliner.h" />
		<Unit filename="colorertake5/pair_match.h" />
		<Unit filename="colorertake5/parsed_line_writer.h" />
		<Unit filename="colorertake5/parser_factory.h" />
		<Unit filename="colorertake5/parser_factory_exception.h" />
		<Unit filename="colorertake5/region.h" />
		<Unit filename="colorertake5/region_define.h" />
		<Unit filename="colorertake5/region_handler.h" />
		<Unit filename="colorertake5/region_mapper.h" />
		<Unit filename="colorertake5/region_mapper_impl.h" />
		<Unit filename="colorertake5/scheme.h" />
		<Unit filename="colorertake5/shared_input_source.h" />
		<Unit filename="colorertake5/string_buffer.h" />
		<Unit filename="colorertake5/styled_hrd_mapper.h" />
		<Unit filename="colorertake5/styled_region.h" />
		<Unit filename="colorertake5/text_console_viewer.h" />
		<Unit filename="colorertake5/text_hrd_mapper.h" />
		<Unit filename="colorertake5/text_lines.h" />
		<Unit filename="colorertake5/text_parser.h" />
		<Unit filename="colorertake5/text_parser_helpers.h" />
		<Unit filename="colorertake5/text_parser_impl.h" />
		<Unit filename="colorertake5/text_region.h" />
		<Unit filename="colorertake5/xmldom.h" />
		<Unit filename="compress/7z/7z.h" />
		<Unit filename="compress/7z/7zCompressionMode.h" />
		<Unit filename="compress/7z/7zDecode.cpp" />
		<Unit filename="compress/7z/7zDecode.h" />
		<Unit filename="compress/7z/7zEncode.cpp" />
		<Unit filename="compress/7z/7zEncode.h" />
		<Unit filename="compress/7z/7zExtract.cpp" />
		<Unit filename="compress/7z/7zFolderInStream.cpp" />
		<Unit filename="compress/7z/7zFolderInStream.h" />
		<Unit filename="compress/7z/7zFolderOutStream.cpp" />
		<Unit filename="compress/7z/7zFolderOutStream.h" />
		<Unit filename="compress/7z/7zHandler.cpp" />
		<Unit filename="compress/7z/7zHandler.h" />
		<Unit filename="compress/7z/7zHandlerOut.cpp" />
		<Unit filename="compress/7z/7zHeader.cpp" />
		<Unit filename="compress/7z/7zHeader.h" />
		<Unit filename="compress/7z/7zIn.cpp" />
		<Unit filename="compress/7z/7zIn.h" />
		<Unit filename="compress/7z/7zItem.h" />
		<Unit filename="compress/7z/7zOut.cpp" />
		<Unit filename="compress/7z/7zOut.h" />
		<Unit filename="compress/7z/7zProperties.cpp" />
		<Unit filename="compress/7z/7zProperties.h" />
		<Unit filename="compress/7z/7zRegister.cpp" />
		<Unit filename="compress/7z/7zSpecStream.cpp" />
		<Unit filename="compress/7z/7zSpecStream.h" />
		<Unit filename="compress/7z/7zUpdate.cpp" />
		<Unit filename="compress/7z/7zUpdate.h" />
		<Unit filename="compress/7z_crc_opt.cpp" />
		<Unit filename="compress/archive.h" />
		<Unit filename="compress/bzip_helper.cpp" />
		<Unit filename="compress/bzip_helper.h" />
		<Unit filename="compress/coder.h" />
		<Unit filename="compress/coder_mixer.h" />
		<Unit filename="compress/coder_mixer2.h" />
		<Unit filename="compress/coder_mixer2mt.h" />
		<Unit filename="compress/compress.h" />
		<Unit filename="compress/compress_archive.cpp" />
		<Unit filename="compress/compress_archive_item_name.cpp" />
		<Unit filename="compress/compress_coder_mixer.cpp" />
		<Unit filename="compress/compress_coder_mixer2.cpp" />
		<Unit filename="compress/compress_coder_mixer2mt.cpp" />
		<Unit filename="compress/compress_copy_coder.cpp" />
		<Unit filename="compress/compress_create_coder.cpp" />
		<Unit filename="compress/compress_filter_coder.cpp" />
		<Unit filename="compress/compress_int_to_string.cpp" />
		<Unit filename="compress/compress_local_progress.cpp" />
		<Unit filename="compress/compress_lz_out_window.cpp" />
		<Unit filename="compress/compress_method_id.cpp" />
		<Unit filename="compress/compress_method_properties.cpp" />
		<Unit filename="compress/compress_parse_properties.cpp" />
		<Unit filename="compress/compress_ppmd7.cpp" />
		<Unit filename="compress/compress_ppmd7_dec.cpp" />
		<Unit filename="compress/compress_ppmd7_enc.cpp" />
		<Unit filename="compress/compress_ppmd8.cpp" />
		<Unit filename="compress/compress_reader_with_crc.cpp" />
		<Unit filename="compress/copy_coder.h" />
		<Unit filename="compress/create_coder.h" />
		<Unit filename="compress/filter_coder.h" />
		<Unit filename="compress/gzip_helper.cpp" />
		<Unit filename="compress/gzip_helper.h" />
		<Unit filename="compress/huffman_decoder.h" />
		<Unit filename="compress/input_stream_with_crc.h" />
		<Unit filename="compress/int_to_string.h" />
		<Unit filename="compress/item_name.h" />
		<Unit filename="compress/local_progress.h" />
		<Unit filename="compress/lz_out_window.h" />
		<Unit filename="compress/method_properties.cpp" />
		<Unit filename="compress/method_properties.h" />
		<Unit filename="compress/out_handler.cpp" />
		<Unit filename="compress/out_handler.h" />
		<Unit filename="compress/ppmd.h" />
		<Unit filename="compress/ppmd7.h" />
		<Unit filename="compress/ppmd8.h" />
		<Unit filename="compress/prop_id.cpp" />
		<Unit filename="compress/prop_id.h" />
		<Unit filename="compress/rar/aes.h" />
		<Unit filename="compress/rar/folder_reader.h" />
		<Unit filename="compress/rar/handler.h" />
		<Unit filename="compress/rar/header.h" />
		<Unit filename="compress/rar/input_file.h" />
		<Unit filename="compress/rar/item.h" />
		<Unit filename="compress/rar/rar.h" />
		<Unit filename="compress/rar/rar1_decoder.cpp" />
		<Unit filename="compress/rar/rar1_decoder.h" />
		<Unit filename="compress/rar/rar2_decoder.cpp" />
		<Unit filename="compress/rar/rar2_decoder.h" />
		<Unit filename="compress/rar/rar3_decoder.cpp" />
		<Unit filename="compress/rar/rar3_decoder.h" />
		<Unit filename="compress/rar/rar3_vm.cpp" />
		<Unit filename="compress/rar/rar3_vm.h" />
		<Unit filename="compress/rar/rar_aes.cpp" />
		<Unit filename="compress/rar/rar_codecs_register.cpp" />
		<Unit filename="compress/rar/rar_handler.cpp" />
		<Unit filename="compress/rar/rar_header.cpp" />
		<Unit filename="compress/rar/rar_input_file.cpp" />
		<Unit filename="compress/rar/rar_item.cpp" />
		<Unit filename="compress/rar/rar_volume_input_stream.cpp" />
		<Unit filename="compress/reader_with_crc.h" />
		<Unit filename="compress/register_codec.h" />
		<Unit filename="compress/writer_with_crc.cpp" />
		<Unit filename="compress/writer_with_crc.h" />
		<Unit filename="compress/zip/File.h" />
		<Unit filename="compress/zip/InFile.h" />
		<Unit filename="compress/zip/Util.h" />
		<Unit filename="compress/zip/api.h" />
		<Unit filename="compress/zip/crypt.h" />
		<Unit filename="compress/zip/ioapi.h" />
		<Unit filename="compress/zip/iowin32.h" />
		<Unit filename="compress/zip/memory_file.h" />
		<Unit filename="compress/zip/unzip.h" />
		<Unit filename="compress/zip/zip.h" />
		<Unit filename="compress/zip/zipImpl.h" />
		<Unit filename="compress/zip/zip_api.cpp" />
		<Unit filename="compress/zip/zip_file.cpp" />
		<Unit filename="compress/zip/zip_in_file.cpp" />
		<Unit filename="compress/zip/zip_internal.h" />
		<Unit filename="compress/zip/zip_ioapi.c">
			<Option compilerVar="CC" />
		</Unit>
		<Unit filename="compress/zip/zip_iowin32.c">
			<Option compilerVar="CC" />
		</Unit>
		<Unit filename="compress/zip/zip_memory_file.cpp" />
		<Unit filename="compress/zip/zip_unzip.c">
			<Option compilerVar="CC" />
		</Unit>
		<Unit filename="compress/zip/zip_util.cpp" />
		<Unit filename="compress/zip/zip_zip.c">
			<Option compilerVar="CC" />
		</Unit>
		<Unit filename="crypto/7z_crc.cpp" />
		<Unit filename="crypto/7z_crc.h" />
		<Unit filename="crypto/ae_xfm.c">
			<Option compilerVar="CC" />
		</Unit>
		<Unit filename="crypto/aes.h" />
		<Unit filename="crypto/aes_cbc.h" />
		<Unit filename="crypto/aes_cbc_coder.h" />
		<Unit filename="crypto/aes_icm.h" />
		<Unit filename="crypto/alloc.h" />
		<Unit filename="crypto/auth.h" />
		<Unit filename="crypto/c_crypto.h" />
		<Unit filename="crypto/cipher.h" />
		<Unit filename="crypto/cipher_aes.c">
			<Option compilerVar="CC" />
		</Unit>
		<Unit filename="crypto/cipher_aes_cbc.c">
			<Option compilerVar="CC" />
		</Unit>
		<Unit filename="crypto/cipher_aes_icm.c">
			<Option compilerVar="CC" />
		</Unit>
		<Unit filename="crypto/cipher_cipher.c">
			<Option compilerVar="CC" />
		</Unit>
		<Unit filename="crypto/cipher_null_cipher.c">
			<Option compilerVar="CC" />
		</Unit>
		<Unit filename="crypto/compress_codecs_info_interface.h" />
		<Unit filename="crypto/compress_coder2_interface.h" />
		<Unit filename="crypto/compress_coder_interface.h" />
		<Unit filename="crypto/compress_filter_interface.h" />
		<Unit filename="crypto/compress_get_input_stream_processed_size_interface.h" />
		<Unit filename="crypto/compress_get_sub_stream_size_interface.h" />
		<Unit filename="crypto/compress_progress_info_interface.h" />
		<Unit filename="crypto/compress_set_codecs_info_interface.h" />
		<Unit filename="crypto/compress_set_coder_mt_interface.h" />
		<Unit filename="crypto/compress_set_coder_properties_interface.h" />
		<Unit filename="crypto/compress_set_decoder_properties2_interface.h" />
		<Unit filename="crypto/compress_set_input_stream_interface.h" />
		<Unit filename="crypto/compress_set_output_stream_interface.h" />
		<Unit filename="crypto/compress_write_coder_properties_interface.h" />
		<Unit filename="crypto/config.h" />
		<Unit filename="crypto/crypto.h" />
		<Unit filename="crypto/crypto_get_text_password2_interface.h" />
		<Unit filename="crypto/crypto_get_text_password_interface.h" />
		<Unit filename="crypto/crypto_kernel.h" />
		<Unit filename="crypto/crypto_math.c">
			<Option compilerVar="CC" />
		</Unit>
		<Unit filename="crypto/crypto_math.h" />
		<Unit filename="crypto/crypto_properties_interface.h" />
		<Unit filename="crypto/crypto_rar20.cpp" />
		<Unit filename="crypto/crypto_reset_init_vector_interface.h" />
		<Unit filename="crypto/crypto_set_password_interface.h" />
		<Unit filename="crypto/crypto_sha1.cpp" />
		<Unit filename="crypto/crypto_sha1.h" />
		<Unit filename="crypto/crypto_types.h" />
		<Unit filename="crypto/cryptoalg.h" />
		<Unit filename="crypto/datatypes.h" />
		<Unit filename="crypto/err.h" />
		<Unit filename="crypto/gf2_8.c">
			<Option compilerVar="CC" />
		</Unit>
		<Unit filename="crypto/gf2_8.h" />
		<Unit filename="crypto/hash_auth.c">
			<Option compilerVar="CC" />
		</Unit>
		<Unit filename="crypto/hash_hmac.c">
			<Option compilerVar="CC" />
		</Unit>
		<Unit filename="crypto/hash_null_auth.c">
			<Option compilerVar="CC" />
		</Unit>
		<Unit filename="crypto/hash_sha1.c">
			<Option compilerVar="CC" />
		</Unit>
		<Unit filename="crypto/hmac.h" />
		<Unit filename="crypto/integers.h" />
		<Unit filename="crypto/kernel_alloc.c">
			<Option compilerVar="CC" />
		</Unit>
		<Unit filename="crypto/kernel_compat.h" />
		<Unit filename="crypto/kernel_crypto_kernel.c">
			<Option compilerVar="CC" />
		</Unit>
		<Unit filename="crypto/kernel_err.c">
			<Option compilerVar="CC" />
		</Unit>
		<Unit filename="crypto/kernel_key.c">
			<Option compilerVar="CC" />
		</Unit>
		<Unit filename="crypto/key.h" />
		<Unit filename="crypto/math_datatypes.c">
			<Option compilerVar="CC" />
		</Unit>
		<Unit filename="crypto/math_stat.c">
			<Option compilerVar="CC" />
		</Unit>
		<Unit filename="crypto/my_aes.cpp" />
		<Unit filename="crypto/null_auth.h" />
		<Unit filename="crypto/null_cipher.h" />
		<Unit filename="crypto/prng.h" />
		<Unit filename="crypto/rand_source.h" />
		<Unit filename="crypto/rar20.h" />
		<Unit filename="crypto/rdb.h" />
		<Unit filename="crypto/rdbx.h" />
		<Unit filename="crypto/replay_rdb.c">
			<Option compilerVar="CC" />
		</Unit>
		<Unit filename="crypto/replay_rdbx.c">
			<Option compilerVar="CC" />
		</Unit>
		<Unit filename="crypto/replay_ut_sim.c">
			<Option compilerVar="CC" />
		</Unit>
		<Unit filename="crypto/rng_ctr_prng.c">
			<Option compilerVar="CC" />
		</Unit>
		<Unit filename="crypto/rng_prng.c">
			<Option compilerVar="CC" />
		</Unit>
		<Unit filename="crypto/rng_rand_source.c">
			<Option compilerVar="CC" />
		</Unit>
		<Unit filename="crypto/sha1.h" />
		<Unit filename="crypto/stat.h" />
		<Unit filename="crypto/ut_sim.h" />
		<Unit filename="crypto/xfm.h" />
		<Unit filename="cube5/cube4_application.cpp" />
		<Unit filename="cube5/planebase_application.cpp" />
		<Unit filename="database/database.h" />
		<Unit filename="database/database1.h" />
		<Unit filename="database/database_application.cpp" />
		<Unit filename="database/database_application.h" />
		<Unit filename="database/database_base.cpp" />
		<Unit filename="database/database_base.h" />
		<Unit filename="database/database_change_event.h" />
		<Unit filename="database/database_client.cpp" />
		<Unit filename="database/database_client.h" />
		<Unit filename="database/database_definition.cpp" />
		<Unit filename="database/database_definition.h" />
		<Unit filename="database/database_event_change.cpp" />
		<Unit filename="database/database_field_definition.cpp" />
		<Unit filename="database/database_field_definition.h" />
		<Unit filename="database/database_id.cpp" />
		<Unit filename="database/database_id.h" />
		<Unit filename="database/database_key.cpp" />
		<Unit filename="database/database_key.h" />
		<Unit filename="database/database_selection.cpp" />
		<Unit filename="database/database_selection.h" />
		<Unit filename="database/database_selection_item.cpp" />
		<Unit filename="database/database_selection_item.h" />
		<Unit filename="database/database_server.cpp" />
		<Unit filename="database/database_server.h" />
		<Unit filename="database/database_set.cpp" />
		<Unit filename="database/database_set.h" />
		<Unit filename="database/database_stringhelper.cpp" />
		<Unit filename="database/database_stringhelper.h" />
		<Unit filename="database/database_template.h" />
		<Unit filename="database/database_update_hint.cpp" />
		<Unit filename="database/database_update_hint.h" />
		<Unit filename="database/database_user_interaction.cpp" />
		<Unit filename="database/database_user_interaction.h" />
		<Unit filename="deepfish/bergedge.h" />
		<Unit filename="deepfish/bergedge_bergedge.cpp" />
		<Unit filename="deepfish/bergedge_bergedge.h" />
		<Unit filename="deepfish/bergedge_document.cpp" />
		<Unit filename="deepfish/bergedge_document.h" />
		<Unit filename="deepfish/bergedge_form_callback.cpp" />
		<Unit filename="deepfish/bergedge_form_callback.h" />
		<Unit filename="deepfish/bergedge_frame.cpp" />
		<Unit filename="deepfish/bergedge_frame.h" />
		<Unit filename="deepfish/bergedge_pane_view.cpp" />
		<Unit filename="deepfish/bergedge_pane_view.h" />
		<Unit filename="deepfish/bergedge_pane_view_update_hint.cpp" />
		<Unit filename="deepfish/bergedge_pane_view_update_hint.h" />
		<Unit filename="deepfish/bergedge_view.cpp" />
		<Unit filename="deepfish/bergedge_view.h" />
		<Unit filename="dynamic_source/dynamic_source.h" />
		<Unit filename="dynamic_source/dynamic_source_library.cpp" />
		<Unit filename="dynamic_source/dynamic_source_library.h" />
		<Unit filename="dynamic_source/dynamic_source_library_class.cpp" />
		<Unit filename="dynamic_source/dynamic_source_library_class.h" />
		<Unit filename="dynamic_source/dynamic_source_object.cpp" />
		<Unit filename="dynamic_source/dynamic_source_object.h" />
		<Unit filename="dynamic_source/dynamic_source_profiler.cpp" />
		<Unit filename="dynamic_source/dynamic_source_profiler.h" />
		<Unit filename="dynamic_source/dynamic_source_ptr.cpp" />
		<Unit filename="dynamic_source/dynamic_source_ptr.h" />
		<Unit filename="dynamic_source/dynamic_source_script.cpp" />
		<Unit filename="dynamic_source/dynamic_source_script.h" />
		<Unit filename="dynamic_source/dynamic_source_script_cache.cpp" />
		<Unit filename="dynamic_source/dynamic_source_script_cache.h" />
		<Unit filename="dynamic_source/dynamic_source_script_compiler.cpp" />
		<Unit filename="dynamic_source/dynamic_source_script_compiler.h" />
		<Unit filename="dynamic_source/dynamic_source_script_composite.cpp" />
		<Unit filename="dynamic_source/dynamic_source_script_composite.h" />
		<Unit filename="dynamic_source/dynamic_source_script_impl.cpp" />
		<Unit filename="dynamic_source/dynamic_source_script_impl.h" />
		<Unit filename="dynamic_source/dynamic_source_script_instance.cpp" />
		<Unit filename="dynamic_source/dynamic_source_script_instance.h" />
		<Unit filename="dynamic_source/dynamic_source_script_interface.cpp" />
		<Unit filename="dynamic_source/dynamic_source_script_interface.h" />
		<Unit filename="dynamic_source/dynamic_source_script_manager.cpp" />
		<Unit filename="dynamic_source/dynamic_source_script_manager.h" />
		<Unit filename="ex1/ex1.h" />
		<Unit filename="ex1/ex1_0.h" />
		<Unit filename="ex1/ex1_1.h" />
		<Unit filename="ex1/ex1_application.cpp" />
		<Unit filename="ex1/ex1_application.h" />
		<Unit filename="ex1/ex1_bitl_decoder.h" />
		<Unit filename="ex1/ex1_bitl_encoder.h" />
		<Unit filename="ex1/ex1_bitm_decoder.h" />
		<Unit filename="ex1/ex1_bitm_encoder.h" />
		<Unit filename="ex1/ex1_buffer.h" />
		<Unit filename="ex1/ex1_buffered_file.cpp" />
		<Unit filename="ex1/ex1_buffered_file.h" />
		<Unit filename="ex1/ex1_byte_serializable.cpp" />
		<Unit filename="ex1/ex1_byte_serializable.h" />
		<Unit filename="ex1/ex1_byte_stream.cpp" />
		<Unit filename="ex1/ex1_byte_stream.h" />
		<Unit filename="ex1/ex1_circular_buffer.cpp" />
		<Unit filename="ex1/ex1_circular_buffer.h" />
		<Unit filename="ex1/ex1_clustered_input_stream.cpp" />
		<Unit filename="ex1/ex1_clustered_input_stream.h" />
		<Unit filename="ex1/ex1_definition.h" />
		<Unit filename="ex1/ex1_dynamic_buffer.h" />
		<Unit filename="ex1/ex1_dynamic_buffered_writer.cpp" />
		<Unit filename="ex1/ex1_dynamic_buffered_writer.h" />
		<Unit filename="ex1/ex1_edit_file.cpp" />
		<Unit filename="ex1/ex1_edit_file.h" />
		<Unit filename="ex1/ex1_exception.cpp" />
		<Unit filename="ex1/ex1_exception.h" />
		<Unit filename="ex1/ex1_file.cpp" />
		<Unit filename="ex1/ex1_file.h" />
		<Unit filename="ex1/ex1_file_exception.h" />
		<Unit filename="ex1/ex1_file_set.cpp" />
		<Unit filename="ex1/ex1_file_set.h" />
		<Unit filename="ex1/ex1_file_status.h" />
		<Unit filename="ex1/ex1_file_system.cpp" />
		<Unit filename="ex1/ex1_file_system.h" />
		<Unit filename="ex1/ex1_fs_interface.cpp" />
		<Unit filename="ex1/ex1_fs_interface.h" />
		<Unit filename="ex1/ex1_in_buffer.cpp" />
		<Unit filename="ex1/ex1_in_buffer.h" />
		<Unit filename="ex1/ex1_io_temp_buffer.cpp" />
		<Unit filename="ex1/ex1_io_temp_buffer.h" />
		<Unit filename="ex1/ex1_limited_input_stream.cpp" />
		<Unit filename="ex1/ex1_limited_input_stream.h" />
		<Unit filename="ex1/ex1_limited_reader.cpp" />
		<Unit filename="ex1/ex1_limited_reader.h" />
		<Unit filename="ex1/ex1_limited_writer.cpp" />
		<Unit filename="ex1/ex1_limited_writer.h" />
		<Unit filename="ex1/ex1_locked_in_stream.cpp" />
		<Unit filename="ex1/ex1_locked_in_stream.h" />
		<Unit filename="ex1/ex1_match.cpp" />
		<Unit filename="ex1/ex1_match.h" />
		<Unit filename="ex1/ex1_out_buffer.cpp" />
		<Unit filename="ex1/ex1_out_buffer.h" />
		<Unit filename="ex1/ex1_output_stream_flush_interface.h" />
		<Unit filename="ex1/ex1_output_string_stream.cpp" />
		<Unit filename="ex1/ex1_plain_text_serializable.cpp" />
		<Unit filename="ex1/ex1_plain_text_serializable.h" />
		<Unit filename="ex1/ex1_plain_text_stream.cpp" />
		<Unit filename="ex1/ex1_plain_text_stream.h" />
		<Unit filename="ex1/ex1_plain_text_string_stream.h" />
		<Unit filename="ex1/ex1_plain_text_writable.h" />
		<Unit filename="ex1/ex1_plain_text_writer.h" />
		<Unit filename="ex1/ex1_progress_interface.h" />
		<Unit filename="ex1/ex1_reader.cpp" />
		<Unit filename="ex1/ex1_reader.h" />
		<Unit filename="ex1/ex1_request_interface.cpp" />
		<Unit filename="ex1/ex1_request_interface.h" />
		<Unit filename="ex1/ex1_resource.cpp" />
		<Unit filename="ex1/ex1_resource.h" />
		<Unit filename="ex1/ex1_seekable.cpp" />
		<Unit filename="ex1/ex1_seekable.h" />
		<Unit filename="ex1/ex1_simple_tree_data.cpp" />
		<Unit filename="ex1/ex1_simple_tree_data.h" />
		<Unit filename="ex1/ex1_simple_tree_item_data.cpp" />
		<Unit filename="ex1/ex1_simple_tree_item_data.h" />
		<Unit filename="ex1/ex1_size_count_writer.cpp" />
		<Unit filename="ex1/ex1_size_count_writer.h" />
		<Unit filename="ex1/ex1_str_stream.cpp" />
		<Unit filename="ex1/ex1_str_stream.h" />
		<Unit filename="ex1/ex1_stream.cpp" />
		<Unit filename="ex1/ex1_stream.h" />
		<Unit filename="ex1/ex1_stream2.cpp" />
		<Unit filename="ex1/ex1_stream2.h" />
		<Unit filename="ex1/ex1_stream_binder.cpp" />
		<Unit filename="ex1/ex1_stream_binder.h" />
		<Unit filename="ex1/ex1_system_exception.h" />
		<Unit filename="ex1/ex1_text_file.cpp" />
		<Unit filename="ex1/ex1_text_file.h" />
		<Unit filename="ex1/ex1_timeout_file.cpp" />
		<Unit filename="ex1/ex1_timeout_file.h" />
		<Unit filename="ex1/ex1_tree.cpp" />
		<Unit filename="ex1/ex1_tree.h" />
		<Unit filename="ex1/ex1_tree_data.cpp" />
		<Unit filename="ex1/ex1_tree_data.h" />
		<Unit filename="ex1/ex1_tree_item.cpp" />
		<Unit filename="ex1/ex1_tree_item.h" />
		<Unit filename="ex1/ex1_tree_item_data.cpp" />
		<Unit filename="ex1/ex1_tree_item_data.h" />
		<Unit filename="ex1/ex1_types.h" />
		<Unit filename="ex1/ex1_writer.cpp" />
		<Unit filename="ex1/ex1_writer.h" />
		<Unit filename="ex2/ex17_memory_file.h" />
		<Unit filename="ex2/ex2.h" />
		<Unit filename="ex2/ex2_application.cpp" />
		<Unit filename="ex2/ex2_application.h" />
		<Unit filename="ex2/ex2_file_set.cpp" />
		<Unit filename="ex2/ex2_file_set.h" />
		<Unit filename="ex2/ex2_folder_watch.cpp" />
		<Unit filename="ex2/ex2_folder_watch.h" />
		<Unit filename="ex2/ex2_transfer_file.cpp" />
		<Unit filename="ex2/ex2_transfer_file.h" />
		<Unit filename="exception/SymEngine.h" />
		<Unit filename="exception/VMSException.h" />
		<Unit filename="exception/assert.h" />
		<Unit filename="exception/base_exception.h" />
		<Unit filename="exception/class.h" />
		<Unit filename="exception/debug.h" />
		<Unit filename="exception/debug_stream.h" />
		<Unit filename="exception/dump_context.h" />
		<Unit filename="exception/error_exception.h" />
		<Unit filename="exception/exception.cpp" />
		<Unit filename="exception/exception.h" />
		<Unit filename="exception/exception2.h" />
		<Unit filename="exception/exception_0.h" />
		<Unit filename="exception/exception_SymEngine.cpp" />
		<Unit filename="exception/exception_VMSException.cpp" />
		<Unit filename="exception/exception_archive_exception.cpp" />
		<Unit filename="exception/exception_base_exception.cpp" />
		<Unit filename="exception/exception_debug.cpp" />
		<Unit filename="exception/exception_dump.cpp" />
		<Unit filename="exception/exception_dump_context.cpp" />
		<Unit filename="exception/exception_dump_floating_point.cpp" />
		<Unit filename="exception/exception_dump_output.cpp" />
		<Unit filename="exception/exception_error_exception.cpp" />
		<Unit filename="exception/exception_hresult_exception.cpp" />
		<Unit filename="exception/exception_installing.cpp" />
		<Unit filename="exception/exception_installing.h" />
		<Unit filename="exception/exception_interface_only.cpp" />
		<Unit filename="exception/exception_invalid_arg_exception.cpp" />
		<Unit filename="exception/exception_memory_exception.cpp" />
		<Unit filename="exception/exception_not_implemented.cpp" />
		<Unit filename="exception/exception_not_licensed_exception.cpp" />
		<Unit filename="exception/exception_not_supported_exception.cpp" />
		<Unit filename="exception/exception_range_error.cpp" />
		<Unit filename="exception/exception_range_error.h" />
		<Unit filename="exception/exception_runtime_error.cpp" />
		<Unit filename="exception/exception_runtime_error.h" />
		<Unit filename="exception/exception_se_translator.cpp" />
		<Unit filename="exception/exception_simple_exception.cpp" />
		<Unit filename="exception/exception_temporary.cpp" />
		<Unit filename="exception/exception_temporary.h" />
		<Unit filename="exception/exception_trap.h" />
		<Unit filename="exception/exception_void_implementation.cpp" />
		<Unit filename="exception/exception_void_implementation.h" />
		<Unit filename="exception/hresult_exception.h" />
		<Unit filename="exception/interface_only.h" />
		<Unit filename="exception/invalid_argument.h" />
		<Unit filename="exception/memory.h" />
		<Unit filename="exception/memory_state.h" />
		<Unit filename="exception/misc.h" />
		<Unit filename="exception/not_implemented.h" />
		<Unit filename="exception/not_licensed.h" />
		<Unit filename="exception/not_supported.h" />
		<Unit filename="exception/resource.h" />
		<Unit filename="exception/se_exception.h" />
		<Unit filename="exception/se_translator.h" />
		<Unit filename="exception/simple_exception.h" />
		<Unit filename="exception/unhandled_report.h" />
		<Unit filename="exception/user.h" />
		<Unit filename="fontopus/fontopus.h" />
		<Unit filename="fontopus/fontopus_application.cpp" />
		<Unit filename="fontopus/fontopus_application.h" />
		<Unit filename="fontopus/fontopus_authentication_map.h" />
		<Unit filename="fontopus/fontopus_contact_list.cpp" />
		<Unit filename="fontopus/fontopus_contact_list.h" />
		<Unit filename="fontopus/fontopus_license.cpp" />
		<Unit filename="fontopus/fontopus_license.h" />
		<Unit filename="fontopus/fontopus_user.cpp" />
		<Unit filename="fontopus/fontopus_user.h" />
		<Unit filename="fontopus/fontopus_user_authentication.h" />
		<Unit filename="fontopus/fontopus_user_set.cpp" />
		<Unit filename="fontopus/fontopus_user_set.h" />
		<Unit filename="fontopus/fontopus_usera.cpp" />
		<Unit filename="fontopus/fontopus_usera.h" />
		<Unit filename="fontopus/fontopus_validate.cpp" />
		<Unit filename="fontopus/fontopus_validate.h" />
		<Unit filename="fs/fs.h" />
		<Unit filename="fs/fs_application.cpp" />
		<Unit filename="fs/fs_application.h" />
		<Unit filename="fs/fs_data.cpp" />
		<Unit filename="fs/fs_data.h" />
		<Unit filename="fs/fs_item.cpp" />
		<Unit filename="fs/fs_item.h" />
		<Unit filename="fs/fs_item_array.cpp" />
		<Unit filename="fs/fs_item_array.h" />
		<Unit filename="fs/fs_set.cpp" />
		<Unit filename="fs/fs_set.h" />
		<Unit filename="fs/ifs.cpp" />
		<Unit filename="fs/ifs.h" />
		<Unit filename="fs/ifs_file.cpp" />
		<Unit filename="fs/ifs_file.h" />
		<Unit filename="fs/native_fs.cpp" />
		<Unit filename="fs/native_fs.h" />
		<Unit filename="gen/_PointerManager.h" />
		<Unit filename="gen/_base_enum.h" />
		<Unit filename="gen/_full_pointer.h" />
		<Unit filename="gen/_pointer.h" />
		<Unit filename="gen/_raw_pointer.h" />
		<Unit filename="gen/_var_array.h" />
		<Unit filename="gen/base_enum.cpp" />
		<Unit filename="gen/base_rect.h" />
		<Unit filename="gen/base_rect_array.h" />
		<Unit filename="gen/gen.h" />
		<Unit filename="gen/gen_0.h" />
		<Unit filename="gen/gen_1.h" />
		<Unit filename="gen/gen_2.h" />
		<Unit filename="gen/gen_Debug.cpp" />
		<Unit filename="gen/gen_Timer.cpp" />
		<Unit filename="gen/gen_TimerCallback.cpp" />
		<Unit filename="gen/gen_TimerListener.cpp" />
		<Unit filename="gen/gen_TimerWnd.cpp" />
		<Unit filename="gen/gen_application.cpp" />
		<Unit filename="gen/gen_application.h" />
		<Unit filename="gen/gen_base64.cpp" />
		<Unit filename="gen/gen_base64.h" />
		<Unit filename="gen/gen_base_enum.h" />
		<Unit filename="gen/gen_bit.cpp" />
		<Unit filename="gen/gen_bit.h" />
		<Unit filename="gen/gen_byte_stream_memory_file.cpp" />
		<Unit filename="gen/gen_byte_stream_memory_file.h" />
		<Unit filename="gen/gen_ch.cpp" />
		<Unit filename="gen/gen_ch.h" />
		<Unit filename="gen/gen_ch_class.cpp" />
		<Unit filename="gen/gen_ch_class.h" />
		<Unit filename="gen/gen_command.cpp" />
		<Unit filename="gen/gen_command.h" />
		<Unit filename="gen/gen_command_line.cpp" />
		<Unit filename="gen/gen_command_line.h" />
		<Unit filename="gen/gen_command_thread.cpp" />
		<Unit filename="gen/gen_command_thread.h" />
		<Unit filename="gen/gen_debug.h" />
		<Unit filename="gen/gen_file_association.h" />
		<Unit filename="gen/gen_file_sssociation.cpp" />
		<Unit filename="gen/gen_full_pointer.h" />
		<Unit filename="gen/gen_geometry.cpp" />
		<Unit filename="gen/gen_geometry.h" />
		<Unit filename="gen/gen_holder.h" />
		<Unit filename="gen/gen_international.cpp" />
		<Unit filename="gen/gen_international.h" />
		<Unit filename="gen/gen_international2.h" />
		<Unit filename="gen/gen_international_locale_style.cpp" />
		<Unit filename="gen/gen_international_locale_style.h" />
		<Unit filename="gen/gen_keeper.cpp" />
		<Unit filename="gen/gen_keeper.h" />
		<Unit filename="gen/gen_logic.cpp" />
		<Unit filename="gen/gen_logic.h" />
		<Unit filename="gen/gen_math.cpp" />
		<Unit filename="gen/gen_math.h" />
		<Unit filename="gen/gen_math_rng.cpp" />
		<Unit filename="gen/gen_math_rng.h" />
		<Unit filename="gen/gen_memory_file.h" />
		<Unit filename="gen/gen_message.cpp" />
		<Unit filename="gen/gen_message.h" />
		<Unit filename="gen/gen_object.cpp" />
		<Unit filename="gen/gen_object.h" />
		<Unit filename="gen/gen_parse.cpp" />
		<Unit filename="gen/gen_parse.h" />
		<Unit filename="gen/gen_pointer_holder.cpp" />
		<Unit filename="gen/gen_pointer_interface.cpp" />
		<Unit filename="gen/gen_pointer_keeper.cpp" />
		<Unit filename="gen/gen_pointer_listener.cpp" />
		<Unit filename="gen/gen_pointer_manager.cpp" />
		<Unit filename="gen/gen_pointer_manager.h" />
		<Unit filename="gen/gen_process.cpp" />
		<Unit filename="gen/gen_process.h" />
		<Unit filename="gen/gen_property.cpp" />
		<Unit filename="gen/gen_property.h" />
		<Unit filename="gen/gen_ptri.cpp" />
		<Unit filename="gen/gen_ptri.h" />
		<Unit filename="gen/gen_raw_pointer.h" />
		<Unit filename="gen/gen_request_signal.cpp" />
		<Unit filename="gen/gen_request_signal.h" />
		<Unit filename="gen/gen_savings.cpp" />
		<Unit filename="gen/gen_savings.h" />
		<Unit filename="gen/gen_signal.cpp" />
		<Unit filename="gen/gen_signal.h" />
		<Unit filename="gen/gen_signal_thread.cpp" />
		<Unit filename="gen/gen_signal_thread.h" />
		<Unit filename="gen/gen_str.cpp" />
		<Unit filename="gen/gen_str.h" />
		<Unit filename="gen/gen_str2.h" />
		<Unit filename="gen/gen_string_tokenizer.cpp" />
		<Unit filename="gen/gen_string_tokenizer.h" />
		<Unit filename="gen/gen_system.cpp" />
		<Unit filename="gen/gen_system.h" />
		<Unit filename="gen/gen_template.h" />
		<Unit filename="gen/gen_timer.h" />
		<Unit filename="gen/gen_timer_callback.h" />
		<Unit filename="gen/gen_timer_listener.h" />
		<Unit filename="gen/gen_timer_window.h" />
		<Unit filename="gen/gen_util1.h" />
		<Unit filename="gen/gen_var.cpp" />
		<Unit filename="gen/gen_var.h" />
		<Unit filename="gen/gen_var_array.cpp" />
		<Unit filename="gen/gen_var_array.h" />
		<Unit filename="gen/gen_variable_strict_compare.cpp" />
		<Unit filename="gen/gen_variable_strict_compare.h" />
		<Unit filename="gen/go_thread.cpp" />
		<Unit filename="gen/go_thread.h" />
		<Unit filename="gen/muldiv32.h" />
		<Unit filename="gen/muldiv64.h" />
		<Unit filename="gen/reference.h" />
		<Unit filename="gen/simple_thread.cpp" />
		<Unit filename="gen/simple_thread.h" />
		<Unit filename="geoip/geoip.cpp" />
		<Unit filename="geoip/geoip.h" />
		<Unit filename="geoip/geoip_city.cpp" />
		<Unit filename="geoip/geoip_city.h" />
		<Unit filename="geoip/geoip_internal.h" />
		<Unit filename="geoip/geoip_region_name.cpp" />
		<Unit filename="geoip/geoip_time_zone.cpp" />
		<Unit filename="geoip/geoip_update.cpp" />
		<Unit filename="geoip/geoip_update.h" />
		<Unit filename="geoip/global.h" />
		<Unit filename="geoip/region_name.cpp" />
		<Unit filename="geoip/time_zone.cpp" />
		<Unit filename="install/install.h" />
		<Unit filename="install/install_install.cpp" />
		<Unit filename="install/install_install.h" />
		<Unit filename="javascript/javascript.cpp" />
		<Unit filename="javascript/javascript.h" />
		<Unit filename="javascript/javascript_functions.cpp" />
		<Unit filename="javascript/javascript_functions.h" />
		<Unit filename="javascript/javascript_script.cpp" />
		<Unit filename="javascript/javascript_tinyjs.h" />
		<Unit filename="libcharguess/EUCJPProber.cpp" />
		<Unit filename="libcharguess/EUCJPProber.h" />
		<Unit filename="libcharguess/EUCKRProber.cpp" />
		<Unit filename="libcharguess/EUCKRProber.h" />
		<Unit filename="libcharguess/EUCTWProber.cpp" />
		<Unit filename="libcharguess/EUCTWProber.h" />
		<Unit filename="libcharguess/EscCharsetProber.cpp" />
		<Unit filename="libcharguess/EscCharsetProber.h" />
		<Unit filename="libcharguess/EscSM.cpp" />
		<Unit filename="libcharguess/GB2312Prober.cpp" />
		<Unit filename="libcharguess/GB2312Prober.h" />
		<Unit filename="libcharguess/LangBulgarianModel.cpp" />
		<Unit filename="libcharguess/LangCyrillicModel.cpp" />
		<Unit filename="libcharguess/LangGreekModel.cpp" />
		<Unit filename="libcharguess/LangHungarianModel.cpp" />
		<Unit filename="libcharguess/LangThaiModel.cpp" />
		<Unit filename="libcharguess/Latin1Prober.cpp" />
		<Unit filename="libcharguess/Latin1Prober.h" />
		<Unit filename="libcharguess/MBCSGroupProber.cpp" />
		<Unit filename="libcharguess/MBCSGroupProber.h" />
		<Unit filename="libcharguess/MBCSSM.cpp" />
		<Unit filename="libcharguess/SBCSGroupProber.cpp" />
		<Unit filename="libcharguess/SBCSGroupProber.h" />
		<Unit filename="libcharguess/SBCharsetProber.cpp" />
		<Unit filename="libcharguess/SBCharsetProber.h" />
		<Unit filename="libcharguess/SJISProber.cpp" />
		<Unit filename="libcharguess/SJISProber.h" />
		<Unit filename="libcharguess/UTF8Prober.cpp" />
		<Unit filename="libcharguess/UTF8Prober.h" />
		<Unit filename="libcharguess/big5Prober.cpp" />
		<Unit filename="libcharguess/big5Prober.h" />
		<Unit filename="libcharguess/charDistribution.cpp" />
		<Unit filename="libcharguess/charDistribution.h" />
		<Unit filename="libcharguess/charguess.cpp" />
		<Unit filename="libcharguess/charguess.h" />
		<Unit filename="libcharguess/charsetProber.h" />
		<Unit filename="libcharguess/codingStateMachine.h" />
		<Unit filename="libcharguess/config.h" />
		<Unit filename="libcharguess/jpCntx.cpp" />
		<Unit filename="libcharguess/jpCntx.h" />
		<Unit filename="libcharguess/libcharguess.cpp" />
		<Unit filename="libcharguess/libcharguess.h" />
		<Unit filename="libcharguess/pkgInt.h" />
		<Unit filename="libcharguess/types.h" />
		<Unit filename="libcharguess/universal.cpp" />
		<Unit filename="libcharguess/universal.h" />
		<Unit filename="linux/debug.cpp" />
		<Unit filename="linux/linux.cpp" />
		<Unit filename="linux/linux.h" />
		<Unit filename="mail/mail.h" />
		<Unit filename="mail/mail_pop3.cpp" />
		<Unit filename="mail/mail_pop3.h" />
		<Unit filename="mail/mail_pop3_socket.cpp" />
		<Unit filename="mail/mail_simple_pop3.cpp" />
		<Unit filename="mail/pop3_format.cpp" />
		<Unit filename="mail/pop3_objects.cpp" />
		<Unit filename="mail/pop3_parsing.cpp" />
		<Unit filename="mail/pop3_queries.cpp" />
		<Unit filename="mail/pop3_session.cpp" />
		<Unit filename="mail/pop3_socket.cpp" />
		<Unit filename="mail/pop3_socket.h" />
		<Unit filename="mail/simple_pop3.h" />
		<Unit filename="math/_double.cpp" />
		<Unit filename="math/_double.h" />
		<Unit filename="math/_float.cpp" />
		<Unit filename="math/_float.h" />
		<Unit filename="math/_integer.cpp" />
		<Unit filename="math/_integer.h" />
		<Unit filename="math/binary_operation.cpp" />
		<Unit filename="math/binary_operation.h" />
		<Unit filename="math/math.cpp" />
		<Unit filename="math/math.h" />
		<Unit filename="math/number.cpp" />
		<Unit filename="math/number.h" />
		<Unit filename="math/value.cpp" />
		<Unit filename="math/value.h" />
		<Unit filename="multithreading/multithreading.h" />
		<Unit filename="multithreading/multithreading_base_sync_object.cpp" />
		<Unit filename="multithreading/multithreading_base_sync_object.h" />
		<Unit filename="multithreading/multithreading_core.cpp" />
		<Unit filename="multithreading/multithreading_critical_section.cpp" />
		<Unit filename="multithreading/multithreading_critical_section.h" />
		<Unit filename="multithreading/multithreading_event.cpp" />
		<Unit filename="multithreading/multithreading_event.h" />
		<Unit filename="multithreading/multithreading_event_base.cpp" />
		<Unit filename="multithreading/multithreading_event_base.h" />
		<Unit filename="multithreading/multithreading_event_collection.cpp" />
		<Unit filename="multithreading/multithreading_event_collection.h" />
		<Unit filename="multithreading/multithreading_file_change_event.cpp" />
		<Unit filename="multithreading/multithreading_file_change_event.h" />
		<Unit filename="multithreading/multithreading_manual_reset_event.cpp" />
		<Unit filename="multithreading/multithreading_manual_reset_event.h" />
		<Unit filename="multithreading/multithreading_multi_lock.cpp" />
		<Unit filename="multithreading/multithreading_multi_lock.h" />
		<Unit filename="multithreading/multithreading_mutex.cpp" />
		<Unit filename="multithreading/multithreading_mutex.h" />
		<Unit filename="multithreading/multithreading_plain_service.cpp" />
		<Unit filename="multithreading/multithreading_plain_service.h" />
		<Unit filename="multithreading/multithreading_semaphore.cpp" />
		<Unit filename="multithreading/multithreading_semaphore.h" />
		<Unit filename="multithreading/multithreading_service_base.cpp" />
		<Unit filename="multithreading/multithreading_service_base.h" />
		<Unit filename="multithreading/multithreading_service_status.h" />
		<Unit filename="multithreading/multithreading_single_lock.cpp" />
		<Unit filename="multithreading/multithreading_single_lock.h" />
		<Unit filename="multithreading/multithreading_socket_event.cpp" />
		<Unit filename="multithreading/multithreading_socket_event.h" />
		<Unit filename="multithreading/multithreading_sync_object.h" />
		<Unit filename="multithreading/multithreading_sync_object_base.cpp" />
		<Unit filename="multithreading/multithreading_sync_object_base.h" />
		<Unit filename="multithreading/multithreading_synch_lock.cpp" />
		<Unit filename="multithreading/multithreading_synch_lock.h" />
		<Unit filename="multithreading/multithreading_thread_pool.h" />
		<Unit filename="multithreading/multithreading_wait_result.cpp" />
		<Unit filename="multithreading/multithreading_wait_result.h" />
		<Unit filename="multithreading/multithreading_waitable.cpp" />
		<Unit filename="multithreading/multithreading_waitable.h" />
		<Unit filename="netnode/netnode.h" />
		<Unit filename="netnode/netnode_application.cpp" />
		<Unit filename="netnode/netnode_application.h" />
		<Unit filename="netnode/netnode_service.cpp" />
		<Unit filename="netnode/netnode_service.h" />
		<Unit filename="netnode/netnode_socket.cpp" />
		<Unit filename="netnode/netnode_socket.h" />
		<Unit filename="netnode/netnode_socket_thread.cpp" />
		<Unit filename="netnode/netnode_socket_thread.h" />
		<Unit filename="plane/plane.h" />
		<Unit filename="plane/plane_application.cpp" />
		<Unit filename="plane/plane_application.h" />
		<Unit filename="plane/plane_library.cpp" />
		<Unit filename="plane/plane_library.h" />
		<Unit filename="plane/plane_session.cpp" />
		<Unit filename="plane/plane_session.h" />
		<Unit filename="plane/plane_system.cpp" />
		<Unit filename="plane/plane_system.h" />
		<Unit filename="plane/plane_system_allocate.h" />
		<Unit filename="plane/plane_system_ca_template.h" />
		<Unit filename="plane/plane_system_gen_str.h" />
		<Unit filename="plane/plane_system_radix_factory.h" />
		<Unit filename="plane/plane_system_template_trace.h" />
		<Unit filename="planebase/cube4_application.h" />
		<Unit filename="planebase/planebase.h" />
		<Unit filename="planebase/planebase_application.h" />
		<Unit filename="plugin/plugin.h" />
		<Unit filename="plugin/plugin_gen.h" />
		<Unit filename="plugin/plugin_history.cpp" />
		<Unit filename="plugin/plugin_history.h" />
		<Unit filename="plugin/plugin_host_interaction.cpp" />
		<Unit filename="plugin/plugin_host_interaction.h" />
		<Unit filename="plugin/plugin_instance.cpp" />
		<Unit filename="plugin/plugin_instance.h" />
		<Unit filename="plugin/plugin_plugin.cpp" />
		<Unit filename="plugin/plugin_plugin.h" />
		<Unit filename="plugin/plugin_run_start_installer.cpp" />
		<Unit filename="plugin/plugin_run_start_installer.h" />
		<Unit filename="plugin/plugin_system.cpp" />
		<Unit filename="plugin/plugin_system.h" />
		<Unit filename="primitive/_id_space.h" />
		<Unit filename="primitive/_int_biunique.h" />
		<Unit filename="primitive/align.h" />
		<Unit filename="primitive/check.h" />
		<Unit filename="primitive/color.cpp" />
		<Unit filename="primitive/color.h" />
		<Unit filename="primitive/comparable.cpp" />
		<Unit filename="primitive/count.cpp" />
		<Unit filename="primitive/count.h" />
		<Unit filename="primitive/datetime/datetime.h" />
		<Unit filename="primitive/datetime/datetime_calendar.cpp" />
		<Unit filename="primitive/datetime/datetime_calendar.h" />
		<Unit filename="primitive/datetime/datetime_calendar_interface.cpp" />
		<Unit filename="primitive/datetime/datetime_calendar_interface.h" />
		<Unit filename="primitive/datetime/datetime_clock.cpp" />
		<Unit filename="primitive/datetime/datetime_clock.h" />
		<Unit filename="primitive/datetime/datetime_clock_interface.cpp" />
		<Unit filename="primitive/datetime/datetime_clock_interface.h" />
		<Unit filename="primitive/datetime/datetime_duration.cpp" />
		<Unit filename="primitive/datetime/datetime_duration.h" />
		<Unit filename="primitive/fixed_string.cpp" />
		<Unit filename="primitive/fixed_string.h" />
		<Unit filename="primitive/geometric_types.cpp" />
		<Unit filename="primitive/geometric_types.h" />
		<Unit filename="primitive/id.cpp" />
		<Unit filename="primitive/id.h" />
		<Unit filename="primitive/id_space.h" />
		<Unit filename="primitive/img.h" />
		<Unit filename="primitive/index.cpp" />
		<Unit filename="primitive/index.h" />
		<Unit filename="primitive/int_biunique.cpp" />
		<Unit filename="primitive/int_biunique.h" />
		<Unit filename="primitive/logic.cpp" />
		<Unit filename="primitive/logic.h" />
		<Unit filename="primitive/memory.cpp" />
		<Unit filename="primitive/memory.h" />
		<Unit filename="primitive/memory_base.cpp" />
		<Unit filename="primitive/memory_base.h" />
		<Unit filename="primitive/memory_container.cpp" />
		<Unit filename="primitive/memory_container.h" />
		<Unit filename="primitive/memory_file.cpp" />
		<Unit filename="primitive/memory_file.h" />
		<Unit filename="primitive/memory_operator.h" />
		<Unit filename="primitive/natural.cpp" />
		<Unit filename="primitive/natural.h" />
		<Unit filename="primitive/numeric_info.h" />
		<Unit filename="primitive/point.cpp" />
		<Unit filename="primitive/point.h" />
		<Unit filename="primitive/primitive.h" />
		<Unit filename="primitive/primitive_id_space.cpp" />
		<Unit filename="primitive/primitive_scalar.cpp" />
		<Unit filename="primitive/primitive_var.cpp" />
		<Unit filename="primitive/primitive_var_allocation.cpp" />
		<Unit filename="primitive/rectangle.cpp" />
		<Unit filename="primitive/rectangle.h" />
		<Unit filename="primitive/scalar.h" />
		<Unit filename="primitive/shared_file.cpp" />
		<Unit filename="primitive/shared_file.h" />
		<Unit filename="primitive/shared_memory.cpp" />
		<Unit filename="primitive/shared_memory.h" />
		<Unit filename="primitive/simple_string.cpp" />
		<Unit filename="primitive/simple_string.h" />
		<Unit filename="primitive/size.cpp" />
		<Unit filename="primitive/size.h" />
		<Unit filename="primitive/strcore.cpp" />
		<Unit filename="primitive/string.cpp" />
		<Unit filename="primitive/string.h" />
		<Unit filename="primitive/string_manager.cpp" />
		<Unit filename="primitive/var.cpp" />
		<Unit filename="primitive/var.h" />
		<Unit filename="primitive/virtual_memory.cpp" />
		<Unit filename="primitive/virtual_memory.h" />
		<Unit filename="primitive/wstringtou.h" />
		<Unit filename="radix/BSTR.H" />
		<Unit filename="radix/Common.h" />
		<Unit filename="radix/DispatchPtrArray.h" />
		<Unit filename="radix/PushingRoutingFrame.h" />
		<Unit filename="radix/Resource.h" />
		<Unit filename="radix/_DispatchPtrArray.h" />
		<Unit filename="radix/_Flags.h" />
		<Unit filename="radix/_allocate.h" />
		<Unit filename="radix/_spreadset.h" />
		<Unit filename="radix/allocate.h" />
		<Unit filename="radix/base.h" />
		<Unit filename="radix/cafxdllx.h" />
		<Unit filename="radix/command.h" />
		<Unit filename="radix/command_target.h" />
		<Unit filename="radix/comparable.h" />
		<Unit filename="radix/composite.h" />
		<Unit filename="radix/constraint.h" />
		<Unit filename="radix/conv.h" />
		<Unit filename="radix/conversion.h" />
		<Unit filename="radix/creutil.h" />
		<Unit filename="radix/datetime_value.h" />
		<Unit filename="radix/dispimpl.h" />
		<Unit filename="radix/dll_.h" />
		<Unit filename="radix/elements.h" />
		<Unit filename="radix/factory.h" />
		<Unit filename="radix/fixed_alloc.h" />
		<Unit filename="radix/flags.h" />
		<Unit filename="radix/heap.h" />
		<Unit filename="radix/hh.h" />
		<Unit filename="radix/html_file.h" />
		<Unit filename="radix/implementation.h" />
		<Unit filename="radix/inline.h" />
		<Unit filename="radix/kbase.h" />
		<Unit filename="radix/keep_ptr.h" />
		<Unit filename="radix/language_string.h" />
		<Unit filename="radix/machine_event_central.cpp" />
		<Unit filename="radix/machine_event_central.h" />
		<Unit filename="radix/optr.h" />
		<Unit filename="radix/packset.h" />
		<Unit filename="radix/pipe.h" />
		<Unit filename="radix/plex.h" />
		<Unit filename="radix/plex_heap.h" />
		<Unit filename="radix/pointer_object.h" />
		<Unit filename="radix/preview_dc.h" />
		<Unit filename="radix/priv.h" />
		<Unit filename="radix/priv2.h" />
		<Unit filename="radix/process_data.h" />
		<Unit filename="radix/radix.h" />
		<Unit filename="radix/radix_1.h" />
		<Unit filename="radix/radix_2.h" />
		<Unit filename="radix/radix_5.h" />
		<Unit filename="radix/radix_afxcrit.cpp" />
		<Unit filename="radix/radix_afxdbcs.cpp" />
		<Unit filename="radix/radix_allocate.cpp" />
		<Unit filename="radix/radix_allocation.cpp" />
		<Unit filename="radix/radix_allocator.cpp" />
		<Unit filename="radix/radix_application.cpp" />
		<Unit filename="radix/radix_application.h" />
		<Unit filename="radix/radix_assert.cpp" />
		<Unit filename="radix/radix_auxdata.cpp" />
		<Unit filename="radix/radix_bstr.CPP" />
		<Unit filename="radix/radix_cmdtarg.cpp" />
		<Unit filename="radix/radix_command_target.cpp" />
		<Unit filename="radix/radix_composite.cpp" />
		<Unit filename="radix/radix_constraint.cpp" />
		<Unit filename="radix/radix_datetime_value.cpp" />
		<Unit filename="radix/radix_dllinit.cpp" />
		<Unit filename="radix/radix_externs.cpp" />
		<Unit filename="radix/radix_factory.cpp" />
		<Unit filename="radix/radix_fixed_alloc.cpp" />
		<Unit filename="radix/radix_flags.cpp" />
		<Unit filename="radix/radix_heap.cpp" />
		<Unit filename="radix/radix_html_file.cpp" />
		<Unit filename="radix/radix_language_string.cpp" />
		<Unit filename="radix/radix_load_and_save.cpp" />
		<Unit filename="radix/radix_object.cpp" />
		<Unit filename="radix/radix_object.h" />
		<Unit filename="radix/radix_os_history.cpp" />
		<Unit filename="radix/radix_os_history.h" />
		<Unit filename="radix/radix_pcre_util.cpp" />
		<Unit filename="radix/radix_pipe.cpp" />
		<Unit filename="radix/radix_plex.cpp" />
		<Unit filename="radix/radix_plex_heap.cpp" />
		<Unit filename="radix/radix_pushing_routing_frame.cpp" />
		<Unit filename="radix/radix_service.cpp" />
		<Unit filename="radix/radix_system.cpp" />
		<Unit filename="radix/radix_system.h" />
		<Unit filename="radix/radix_template.h" />
		<Unit filename="radix/radix_thread.cpp" />
		<Unit filename="radix/radix_thread.h" />
		<Unit filename="radix/radix_timecore.cpp" />
		<Unit filename="radix/radix_util.cpp" />
		<Unit filename="radix/radix_validadd.cpp" />
		<Unit filename="radix/radix_wait_cursor.cpp" />
		<Unit filename="radix/radix_win_registry.cpp" />
		<Unit filename="radix/radix_winstr.cpp" />
		<Unit filename="radix/rawdllmainproxy.c">
			<Option compilerVar="CC" />
		</Unit>
		<Unit filename="radix/sensitive_ptr.h" />
		<Unit filename="radix/service.h" />
		<Unit filename="radix/simple_list.h" />
		<Unit filename="radix/sockets.h" />
		<Unit filename="radix/specialty.h" />
		<Unit filename="radix/spreadset.h" />
		<Unit filename="radix/this_build_number.h" />
		<Unit filename="radix/util.h" />
		<Unit filename="radix/wait_cursor.h" />
		<Unit filename="radix/win_registry.h" />
		<Unit filename="simpledb/DBFileSystemSize.h" />
		<Unit filename="simpledb/application.h" />
		<Unit filename="simpledb/db_long_set.h" />
		<Unit filename="simpledb/db_server.h" />
		<Unit filename="simpledb/db_set.h" />
		<Unit filename="simpledb/db_str_set.h" />
		<Unit filename="simpledb/db_stra_set.h" />
		<Unit filename="simpledb/file_set.h" />
		<Unit filename="simpledb/im_post.h" />
		<Unit filename="simpledb/mysql_database.h" />
		<Unit filename="simpledb/mysql_result.h" />
		<Unit filename="simpledb/simpledb.h" />
		<Unit filename="simpledb/simpledb_application.cpp" />
		<Unit filename="simpledb/simpledb_base.h" />
		<Unit filename="simpledb/simpledb_database.cpp" />
		<Unit filename="simpledb/simpledb_dataset.cpp" />
		<Unit filename="simpledb/simpledb_db_server.cpp" />
		<Unit filename="simpledb/simpledb_file_set.cpp" />
		<Unit filename="simpledb/simpledb_file_system_size.cpp" />
		<Unit filename="simpledb/simpledb_im_post.cpp" />
		<Unit filename="simpledb/simpledb_long_set.cpp" />
		<Unit filename="simpledb/simpledb_manager.cpp" />
		<Unit filename="simpledb/simpledb_manager.h" />
		<Unit filename="simpledb/simpledb_mysql_database.cpp" />
		<Unit filename="simpledb/simpledb_mysql_result.cpp" />
		<Unit filename="simpledb/simpledb_record.h" />
		<Unit filename="simpledb/simpledb_record_row.cpp" />
		<Unit filename="simpledb/simpledb_server.cpp" />
		<Unit filename="simpledb/simpledb_server.h" />
		<Unit filename="simpledb/simpledb_service.cpp" />
		<Unit filename="simpledb/simpledb_service.h" />
		<Unit filename="simpledb/simpledb_session.cpp" />
		<Unit filename="simpledb/simpledb_session.h" />
		<Unit filename="simpledb/simpledb_set.cpp" />
		<Unit filename="simpledb/simpledb_set.h" />
		<Unit filename="simpledb/simpledb_socket.cpp" />
		<Unit filename="simpledb/simpledb_socket.h" />
		<Unit filename="simpledb/simpledb_socket_thread.cpp" />
		<Unit filename="simpledb/simpledb_socket_thread.h" />
		<Unit filename="simpledb/simpledb_sqlite_database.cpp" />
		<Unit filename="simpledb/simpledb_sqlite_dataset.cpp" />
		<Unit filename="simpledb/simpledb_str_set.cpp" />
		<Unit filename="simpledb/simpledb_stra_set.cpp" />
		<Unit filename="simpledb/simpledb_table.cpp" />
		<Unit filename="simpledb/simpledb_table.h" />
		<Unit filename="simpledb/simpledb_veiev_post.cpp" />
		<Unit filename="simpledb/sqlite_base.h" />
		<Unit filename="simpledb/sqlite_set.h" />
		<Unit filename="simpledb/veiev_post.h" />
		<Unit filename="simpleuser/simpleuser_application.cpp" />
		<Unit filename="simpleuser/simpleuser_keyboard_layout.cpp" />
		<Unit filename="simpleuser/simpleuser_network_configuration.cpp" />
		<Unit filename="sockets/IBase.h" />
		<Unit filename="sockets/Semaphore.h" />
		<Unit filename="sockets/application_interface.h" />
		<Unit filename="sockets/asynch_dns/resolv_server.h" />
		<Unit filename="sockets/asynch_dns/resolv_socket.h" />
		<Unit filename="sockets/asynch_dns/sockets_resolv_server.cpp" />
		<Unit filename="sockets/asynch_dns/sockets_resolv_socket.cpp" />
		<Unit filename="sockets/basic/ipv4_address.h" />
		<Unit filename="sockets/basic/ipv6_address.h" />
		<Unit filename="sockets/basic/listen_socket.h" />
		<Unit filename="sockets/basic/sctp_socket.h" />
		<Unit filename="sockets/basic/socket.h" />
		<Unit filename="sockets/basic/socket_handler.h" />
		<Unit filename="sockets/basic/socket_handler_base.h" />
		<Unit filename="sockets/basic/sockets_Ipv4Address.cpp" />
		<Unit filename="sockets/basic/sockets_Ipv6Address.cpp" />
		<Unit filename="sockets/basic/sockets_SctpSocket.cpp" />
		<Unit filename="sockets/basic/sockets_Socket.cpp" />
		<Unit filename="sockets/basic/sockets_SocketHandler.cpp" />
		<Unit filename="sockets/basic/sockets_StreamSocket.cpp" />
		<Unit filename="sockets/basic/sockets_ssl_client_context.cpp" />
		<Unit filename="sockets/basic/sockets_ssl_client_context.h" />
		<Unit filename="sockets/basic/sockets_ssl_client_context_map.cpp" />
		<Unit filename="sockets/basic/sockets_ssl_client_context_map.h" />
		<Unit filename="sockets/basic/sockets_sync_socket_handler.cpp" />
		<Unit filename="sockets/basic/sockets_tcp_socket.cpp" />
		<Unit filename="sockets/basic/sockets_tls_socket.cpp" />
		<Unit filename="sockets/basic/sockets_udp_socket.cpp" />
		<Unit filename="sockets/basic/stream_socket.h" />
		<Unit filename="sockets/basic/sync_socket_handler.h" />
		<Unit filename="sockets/basic/tcp_socket.h" />
		<Unit filename="sockets/basic/tls_socket.h" />
		<Unit filename="sockets/basic/udp_socket.h" />
		<Unit filename="sockets/config.h" />
		<Unit filename="sockets/exception.h" />
		<Unit filename="sockets/http/http_client_socket.h" />
		<Unit filename="sockets/http/http_debug_socket.h" />
		<Unit filename="sockets/http/http_get_socket.h" />
		<Unit filename="sockets/http/http_post_socket.h" />
		<Unit filename="sockets/http/http_put_socket.h" />
		<Unit filename="sockets/http/http_request_socket.h" />
		<Unit filename="sockets/http/http_socket.h" />
		<Unit filename="sockets/http/http_tunnel.h" />
		<Unit filename="sockets/http/sockets_HttpClientSocket.cpp" />
		<Unit filename="sockets/http/sockets_HttpDebugSocket.cpp" />
		<Unit filename="sockets/http/sockets_HttpGetSocket.cpp" />
		<Unit filename="sockets/http/sockets_HttpPostSocket.cpp" />
		<Unit filename="sockets/http/sockets_HttpPutSocket.cpp" />
		<Unit filename="sockets/http/sockets_http_request_socket.cpp" />
		<Unit filename="sockets/http/sockets_http_socket.cpp" />
		<Unit filename="sockets/http/sockets_http_tunnel.cpp" />
		<Unit filename="sockets/http_file.cpp" />
		<Unit filename="sockets/http_file.h" />
		<Unit filename="sockets/http_memory_file.cpp" />
		<Unit filename="sockets/http_memory_file.h" />
		<Unit filename="sockets/internal/SSLInitializer.h" />
		<Unit filename="sockets/internal/sockets_SSLInitializer.cpp" />
		<Unit filename="sockets/log/StdLog.h" />
		<Unit filename="sockets/log/sockets_trace_log.cpp" />
		<Unit filename="sockets/log/trace_log.h" />
		<Unit filename="sockets/sip/sip_base.h" />
		<Unit filename="sockets/sip/sip_base_client_socket.h" />
		<Unit filename="sockets/sip/sip_callback.h" />
		<Unit filename="sockets/sip/sip_client.h" />
		<Unit filename="sockets/sip/sip_event.h" />
		<Unit filename="sockets/sip/sip_request.h" />
		<Unit filename="sockets/sip/sip_response.h" />
		<Unit filename="sockets/sip/sip_server.h" />
		<Unit filename="sockets/sip/sip_socket.h" />
		<Unit filename="sockets/sip/sip_tcp_client_socket.h" />
		<Unit filename="sockets/sip/sip_transaction.h" />
		<Unit filename="sockets/sip/sip_udp_client_socket.h" />
		<Unit filename="sockets/sip/sockets_sip_base.cpp" />
		<Unit filename="sockets/sip/sockets_sip_base_client_socket.cpp" />
		<Unit filename="sockets/sip/sockets_sip_callback.cpp" />
		<Unit filename="sockets/sip/sockets_sip_client.cpp" />
		<Unit filename="sockets/sip/sockets_sip_request.cpp" />
		<Unit filename="sockets/sip/sockets_sip_response.cpp" />
		<Unit filename="sockets/sip/sockets_sip_server.cpp" />
		<Unit filename="sockets/sip/sockets_sip_tcp_client_socket.cpp" />
		<Unit filename="sockets/sip/sockets_sip_transaction.cpp" />
		<Unit filename="sockets/sip/sockets_sip_udp_client_socket.cpp" />
		<Unit filename="sockets/smtp/smtp_socket.h" />
		<Unit filename="sockets/smtp/smtpd_socket.h" />
		<Unit filename="sockets/smtp/sockets_smtp_socket.cpp" />
		<Unit filename="sockets/smtp/sockets_smtpd_socket.cpp" />
		<Unit filename="sockets/socket_include.cpp" />
		<Unit filename="sockets/sockets.h" />
		<Unit filename="sockets/sockets_application_interface.cpp" />
		<Unit filename="sockets/sockets_exception.cpp" />
		<Unit filename="sockets/sockets_http_batch_file.cpp" />
		<Unit filename="sockets/sockets_http_batch_file.h" />
		<Unit filename="sockets/sockets_http_file.cpp" />
		<Unit filename="sockets/sockets_http_file.h" />
		<Unit filename="sockets/timer/Event.h" />
		<Unit filename="sockets/timer/EventHandler.h" />
		<Unit filename="sockets/timer/EventTime.h" />
		<Unit filename="sockets/timer/IEventHandler.h" />
		<Unit filename="sockets/timer/IEventOwner.h" />
		<Unit filename="sockets/timer/sockets_Event.cpp" />
		<Unit filename="sockets/timer/sockets_EventHandler.cpp" />
		<Unit filename="sockets/timer/sockets_EventTime.cpp" />
		<Unit filename="sockets/timer/sockets_IEventOwner.cpp" />
		<Unit filename="sockets/webserver/Ajp13Socket.h" />
		<Unit filename="sockets/webserver/AjpBaseSocket.h" />
		<Unit filename="sockets/webserver/ajp13.h" />
		<Unit filename="sockets/webserver/http_base_socket.h" />
		<Unit filename="sockets/webserver/http_cookie.h" />
		<Unit filename="sockets/webserver/http_form.h" />
		<Unit filename="sockets/webserver/http_request.h" />
		<Unit filename="sockets/webserver/http_response.h" />
		<Unit filename="sockets/webserver/http_transaction.h" />
		<Unit filename="sockets/webserver/httpd_socket.h" />
		<Unit filename="sockets/webserver/sockets_Ajp13Socket.cpp" />
		<Unit filename="sockets/webserver/sockets_AjpBaseSocket.cpp" />
		<Unit filename="sockets/webserver/sockets_http_base_socket.cpp" />
		<Unit filename="sockets/webserver/sockets_http_cookie.cpp" />
		<Unit filename="sockets/webserver/sockets_http_form.cpp" />
		<Unit filename="sockets/webserver/sockets_http_request.cpp" />
		<Unit filename="sockets/webserver/sockets_http_response.cpp" />
		<Unit filename="sockets/webserver/sockets_http_transaction.cpp" />
		<Unit filename="sockets/webserver/sockets_httpd_socket.cpp" />
		<Unit filename="sqlite/sqlite.h" />
		<Unit filename="sqlite/sqlite3.c">
			<Option compilerVar="CC" />
		</Unit>
		<Unit filename="sqlite/sqlite3.h" />
		<Unit filename="sqlite/sqlite3ext.h" />
		<Unit filename="template/_allocate.h" />
		<Unit filename="template/_template.h" />
		<Unit filename="template/_template_xyz.h" />
		<Unit filename="template/_trace_module_manager.h" />
		<Unit filename="template/allocate.h" />
		<Unit filename="template/base.cpp" />
		<Unit filename="template/base.h" />
		<Unit filename="template/checked.h" />
		<Unit filename="template/core.h" />
		<Unit filename="template/debug.h" />
		<Unit filename="template/definition.h" />
		<Unit filename="template/exception.h" />
		<Unit filename="template/resource.h" />
		<Unit filename="template/simple_collection.h" />
		<Unit filename="template/templ_old.h" />
		<Unit filename="template/template.h" />
		<Unit filename="template/template_back_insert_iterator.h" />
		<Unit filename="template/template_base.cpp" />
		<Unit filename="template/template_c_number.h" />
		<Unit filename="template/template_checked.cpp" />
		<Unit filename="template/template_compare.h" />
		<Unit filename="template/template_debug.cpp" />
		<Unit filename="template/template_equals.h" />
		<Unit filename="template/template_exception.cpp" />
		<Unit filename="template/template_hash.cpp" />
		<Unit filename="template/template_hash.h" />
		<Unit filename="template/template_insert_iterator.h" />
		<Unit filename="template/template_iterator.h" />
		<Unit filename="template/template_memory.cpp" />
		<Unit filename="template/template_old2.h" />
		<Unit filename="template/template_std_pair.h" />
		<Unit filename="template/template_time.cpp" />
		<Unit filename="template/template_time.h" />
		<Unit filename="template/template_trace.cpp" />
		<Unit filename="template/template_trace_module_manager.cpp" />
		<Unit filename="template/trace.h" />
		<Unit filename="template/trace_module_manager.h" />
		<Unit filename="user/user.h" />
		<Unit filename="user/user1.h" />
		<Unit filename="user/user_application.cpp" />
		<Unit filename="user/user_application.h" />
		<Unit filename="user/user_buffer.cpp" />
		<Unit filename="user/user_buffer.h" />
		<Unit filename="user/user_check_interface.cpp" />
		<Unit filename="user/user_check_interface.h" />
		<Unit filename="user/user_control.cpp" />
		<Unit filename="user/user_control.h" />
		<Unit filename="user/user_control_event.cpp" />
		<Unit filename="user/user_control_event.h" />
		<Unit filename="user/user_control_property.cpp" />
		<Unit filename="user/user_control_property.h" />
		<Unit filename="user/user_create_context.cpp" />
		<Unit filename="user/user_create_context.h" />
		<Unit filename="user/user_document.cpp" />
		<Unit filename="user/user_document.h" />
		<Unit filename="user/user_document_interface.cpp" />
		<Unit filename="user/user_document_interface.h" />
		<Unit filename="user/user_document_manager.cpp" />
		<Unit filename="user/user_document_manager.h" />
		<Unit filename="user/user_document_request_interface.cpp" />
		<Unit filename="user/user_document_request_interface.h" />
		<Unit filename="user/user_document_template.cpp" />
		<Unit filename="user/user_document_template.h" />
		<Unit filename="user/user_document_template_interface.h" />
		<Unit filename="user/user_document_template_tnterface.cpp" />
		<Unit filename="user/user_draw_context.cpp" />
		<Unit filename="user/user_draw_context.h" />
		<Unit filename="user/user_draw_interface.cpp" />
		<Unit filename="user/user_draw_interface.h" />
		<Unit filename="user/user_elemental.cpp" />
		<Unit filename="user/user_elemental.h" />
		<Unit filename="user/user_form.cpp" />
		<Unit filename="user/user_form.h" />
		<Unit filename="user/user_form_callback.cpp" />
		<Unit filename="user/user_form_callback.h" />
		<Unit filename="user/user_frame_window.cpp" />
		<Unit filename="user/user_frame_window.h" />
		<Unit filename="user/user_frame_window_interface.cpp" />
		<Unit filename="user/user_frame_window_interface.h" />
		<Unit filename="user/user_front_end.h" />
		<Unit filename="user/user_interaction.cpp" />
		<Unit filename="user/user_interaction.h" />
		<Unit filename="user/user_job.cpp" />
		<Unit filename="user/user_job.h" />
		<Unit filename="user/user_keyboard.cpp" />
		<Unit filename="user/user_keyboard.h" />
		<Unit filename="user/user_keyboard_focus.cpp" />
		<Unit filename="user/user_keyboard_focus.h" />
		<Unit filename="user/user_keyboard_layout.cpp" />
		<Unit filename="user/user_keyboard_layout.h" />
		<Unit filename="user/user_keyboard_layout_cfg.cpp" />
		<Unit filename="user/user_keyboard_layout_cfg.h" />
		<Unit filename="user/user_message_box.cpp" />
		<Unit filename="user/user_message_box.h" />
		<Unit filename="user/user_mouse_focus.cpp" />
		<Unit filename="user/user_mouse_focus.h" />
		<Unit filename="user/user_multiple_document_template.cpp" />
		<Unit filename="user/user_multiple_document_template.h" />
		<Unit filename="user/user_network_configuration.cpp" />
		<Unit filename="user/user_network_configuration.h" />
		<Unit filename="user/user_place_holder.cpp" />
		<Unit filename="user/user_place_holder.h" />
		<Unit filename="user/user_place_holder_container.cpp" />
		<Unit filename="user/user_place_holder_container.h" />
		<Unit filename="user/user_shell.cpp" />
		<Unit filename="user/user_shell.h" />
		<Unit filename="user/user_single_document_template.cpp" />
		<Unit filename="user/user_single_document_template.h" />
		<Unit filename="user/user_str.cpp" />
		<Unit filename="user/user_str.h" />
		<Unit filename="user/user_text_interface.cpp" />
		<Unit filename="user/user_text_interface.h" />
		<Unit filename="user/user_view.cpp" />
		<Unit filename="user/user_view.h" />
		<Unit filename="user/user_view_container.cpp" />
		<Unit filename="user/user_view_container.h" />
		<Unit filename="user/user_view_creator.cpp" />
		<Unit filename="user/user_view_creator.h" />
		<Unit filename="user/user_virtual_user_interface.cpp" />
		<Unit filename="user/user_virtual_user_interface.h" />
		<Unit filename="user/user_wait_message_dialog.cpp" />
		<Unit filename="user/user_wait_message_dialog.h" />
		<Unit filename="user/user_window_id.h" />
		<Unit filename="user/user_window_interface.cpp" />
		<Unit filename="user/user_window_interface.h" />
		<Unit filename="user/user_window_map.cpp" />
		<Unit filename="user/user_window_map.h" />
		<Unit filename="user/user_window_util.cpp" />
		<Unit filename="user/user_window_util.h" />
		<Unit filename="userpresence/userpresence.h" />
		<Unit filename="userpresence/userpresence_application.cpp" />
		<Unit filename="userpresence/userpresence_application.h" />
		<Unit filename="userpresence/userpresence_user_presence.cpp" />
		<Unit filename="userpresence/userpresence_user_presence.h" />
		<Unit filename="userpresence/userpresence_user_presence_central.cpp" />
		<Unit filename="userpresence/userpresence_user_presence_central.h" />
		<Unit filename="userpresence/userpresence_user_presence_central_container.cpp" />
		<Unit filename="userpresence/userpresence_user_presence_central_container.h" />
		<Unit filename="visual/FreeImageFileProc.h" />
		<Unit filename="visual/api.h" />
		<Unit filename="visual/application.h" />
		<Unit filename="visual/buffered_graphics.h" />
		<Unit filename="visual/clip.h" />
		<Unit filename="visual/dib.h" />
		<Unit filename="visual/dib_pal.h" />
		<Unit filename="visual/fastblur.h" />
		<Unit filename="visual/font_central.h" />
		<Unit filename="visual/glyph.h" />
		<Unit filename="visual/glyph_set.h" />
		<Unit filename="visual/graphics_extension.h" />
		<Unit filename="visual/icon.h" />
		<Unit filename="visual/image_list.h" />
		<Unit filename="visual/imaging.h" />
		<Unit filename="visual/rgb_quad_array.h" />
		<Unit filename="visual/visual.h" />
		<Unit filename="visual/visual_00.h" />
		<Unit filename="visual/visual_01.h" />
		<Unit filename="visual/visual_FreeImageFileProc.cpp" />
		<Unit filename="visual/visual_api.cpp" />
		<Unit filename="visual/visual_application.cpp" />
		<Unit filename="visual/visual_application.h" />
		<Unit filename="visual/visual_buffered_graphics.cpp" />
		<Unit filename="visual/visual_clip.cpp" />
		<Unit filename="visual/visual_cursor.cpp" />
		<Unit filename="visual/visual_cursor.h" />
		<Unit filename="visual/visual_dib.cpp" />
		<Unit filename="visual/visual_dib.h" />
		<Unit filename="visual/visual_fastblur.cpp" />
		<Unit filename="visual/visual_font.cpp" />
		<Unit filename="visual/visual_font.h" />
		<Unit filename="visual/visual_font_central.cpp" />
		<Unit filename="visual/visual_glyph.cpp" />
		<Unit filename="visual/visual_glyph_set.cpp" />
		<Unit filename="visual/visual_graphics_extension.cpp" />
		<Unit filename="visual/visual_icon.cpp" />
		<Unit filename="visual/visual_image_list.cpp" />
		<Unit filename="visual/visual_imaging.cpp" />
		<Unit filename="visual/visual_rgb_quad_array.cpp" />
		<Unit filename="visual/visual_visual.cpp" />
		<Unit filename="visual/visual_visual.h" />
		<Unit filename="visual/visual_water_routine.cpp" />
		<Unit filename="visual/water_routine.h" />
		<Unit filename="webserver/webserver.h" />
		<Unit filename="webserver/webserver_alpha_select_performer.cpp" />
		<Unit filename="webserver/webserver_alpha_select_performer.h" />
		<Unit filename="webserver/webserver_annotate.cpp" />
		<Unit filename="webserver/webserver_annotate.h" />
		<Unit filename="webserver/webserver_checkimage.cpp" />
		<Unit filename="webserver/webserver_checkimage.h" />
		<Unit filename="webserver/webserver_cynce.cpp" />
		<Unit filename="webserver/webserver_cynce.h" />
		<Unit filename="webserver/webserver_cynce_database.cpp" />
		<Unit filename="webserver/webserver_cynce_database.h" />
		<Unit filename="webserver/webserver_database.cpp" />
		<Unit filename="webserver/webserver_database.h" />
		<Unit filename="webserver/webserver_database_string_integer.cpp" />
		<Unit filename="webserver/webserver_database_string_integer.h" />
		<Unit filename="webserver/webserver_fontopus_database.cpp" />
		<Unit filename="webserver/webserver_fontopus_database.h" />
		<Unit filename="webserver/webserver_fun.cpp" />
		<Unit filename="webserver/webserver_fun.h" />
		<Unit filename="webserver/webserver_fun_friend_search.cpp" />
		<Unit filename="webserver/webserver_fun_friend_search.h" />
		<Unit filename="webserver/webserver_fun_fun.cpp" />
		<Unit filename="webserver/webserver_fun_fun.h" />
		<Unit filename="webserver/webserver_fun_user.cpp" />
		<Unit filename="webserver/webserver_fun_user.h" />
		<Unit filename="webserver/webserver_kar_body_page.cpp" />
		<Unit filename="webserver/webserver_kar_body_page.h" />
		<Unit filename="webserver/webserver_kar_page_artists.cpp" />
		<Unit filename="webserver/webserver_kar_page_artists.h" />
		<Unit filename="webserver/webserver_kar_page_category.cpp" />
		<Unit filename="webserver/webserver_kar_page_category.h" />
		<Unit filename="webserver/webserver_kar_page_song.cpp" />
		<Unit filename="webserver/webserver_kar_page_song.h" />
		<Unit filename="webserver/webserver_karaoke_const.h" />
		<Unit filename="webserver/webserver_music.cpp" />
		<Unit filename="webserver/webserver_music.h" />
		<Unit filename="webserver/webserver_music_category.cpp" />
		<Unit filename="webserver/webserver_music_category.h" />
		<Unit filename="webserver/webserver_music_database_cache.cpp" />
		<Unit filename="webserver/webserver_music_database_cache.h" />
		<Unit filename="webserver/webserver_music_in2_info_list.cpp" />
		<Unit filename="webserver/webserver_music_in2_info_list.h" />
		<Unit filename="webserver/webserver_music_in2_list.cpp" />
		<Unit filename="webserver/webserver_music_in2_list.h" />
		<Unit filename="webserver/webserver_music_in2_list_artists.cpp" />
		<Unit filename="webserver/webserver_music_in2_list_artists.h" />
		<Unit filename="webserver/webserver_music_in2_list_category.cpp" />
		<Unit filename="webserver/webserver_music_in2_list_category.h" />
		<Unit filename="webserver/webserver_music_in2_list_song.cpp" />
		<Unit filename="webserver/webserver_music_in2_list_song.h" />
		<Unit filename="webserver/webserver_music_karaoke_song_in2_list.cpp" />
		<Unit filename="webserver/webserver_music_karaoke_song_in2_list.h" />
		<Unit filename="webserver/webserver_music_lyrics_song_in2_list.cpp" />
		<Unit filename="webserver/webserver_music_lyrics_song_in2_list.h" />
		<Unit filename="webserver/webserver_music_music.h" />
		<Unit filename="webserver/webserver_music_performer.cpp" />
		<Unit filename="webserver/webserver_music_performer.h" />
		<Unit filename="webserver/webserver_music_person.cpp" />
		<Unit filename="webserver/webserver_music_person.h" />
		<Unit filename="webserver/webserver_music_person_info.cpp" />
		<Unit filename="webserver/webserver_music_person_info.h" />
		<Unit filename="webserver/webserver_music_song.cpp" />
		<Unit filename="webserver/webserver_music_song.h" />
		<Unit filename="webserver/webserver_music_song_source.h" />
		<Unit filename="webserver/webserver_note.cpp" />
		<Unit filename="webserver/webserver_note.h" />
		<Unit filename="webserver/webserver_note_summary.cpp" />
		<Unit filename="webserver/webserver_note_summary.h" />
		<Unit filename="webserver/webserver_persistent_ui.cpp" />
		<Unit filename="webserver/webserver_persistent_ui.h" />
		<Unit filename="webserver/webserver_secure.cpp" />
		<Unit filename="webserver/webserver_secure.h" />
		<Unit filename="webserver/webserver_simage.cpp" />
		<Unit filename="webserver/webserver_simage.h" />
		<Unit filename="webserver/webserver_spider.cpp" />
		<Unit filename="webserver/webserver_spider.h" />
		<Unit filename="webserver/webserver_ui.h" />
		<Unit filename="webserver/webserver_user.cpp" />
		<Unit filename="webserver/webserver_wb.cpp" />
		<Unit filename="webserver/webserver_wb.h" />
		<Unit filename="windows/debug.cpp" />
		<Unit filename="x/x_charcategory.h" />
		<Unit filename="x/x_charcategory2.h" />
		<Unit filename="x/x_charcategory_names.h" />
		<Unit filename="x/x_defines.h" />
		<Unit filename="x/x_encodings.h" />
		<Unit filename="x/x_tables.h" />
		<Unit filename="xml/XMLite.h" />
		<Unit filename="xml/application.h" />
		<Unit filename="xml/attr.h" />
		<Unit filename="xml/base_array.h" />
		<Unit filename="xml/disp_option.h" />
		<Unit filename="xml/document.h" />
		<Unit filename="xml/entity.h" />
		<Unit filename="xml/enum.h" />
		<Unit filename="xml/exportable.h" />
		<Unit filename="xml/importable.h" />
		<Unit filename="xml/input_tree.h" />
		<Unit filename="xml/node.h" />
		<Unit filename="xml/output_tree.h" />
		<Unit filename="xml/parse_info.h" />
		<Unit filename="xml/property_exchange.h" />
		<Unit filename="xml/tree_base.h" />
		<Unit filename="xml/tree_schema.h" />
		<Unit filename="xml/var_exchange.h" />
		<Unit filename="xml/xml.h" />
		<Unit filename="xml/xml_XMLite.cpp" />
		<Unit filename="xml/xml_application.cpp" />
		<Unit filename="xml/xml_attr.cpp" />
		<Unit filename="xml/xml_base_array.cpp" />
		<Unit filename="xml/xml_disp_option.cpp" />
		<Unit filename="xml/xml_document.cpp" />
		<Unit filename="xml/xml_entity.cpp" />
		<Unit filename="xml/xml_exportable.cpp" />
		<Unit filename="xml/xml_importable.cpp" />
		<Unit filename="xml/xml_input_tree.cpp" />
		<Unit filename="xml/xml_node.cpp" />
		<Unit filename="xml/xml_output_tree.cpp" />
		<Unit filename="xml/xml_parse_info.cpp" />
		<Unit filename="xml/xml_property_exchange.cpp" />
		<Unit filename="xml/xml_tree_base.cpp" />
		<Unit filename="xml/xml_tree_schema.cpp" />
		<Unit filename="xml/xml_var_exchange.cpp" />
		<Unit filename="zlib/adler32.c">
			<Option compilerVar="CC" />
		</Unit>
		<Unit filename="zlib/compress.c">
			<Option compilerVar="CC" />
		</Unit>
		<Unit filename="zlib/crc32.c">
			<Option compilerVar="CC" />
		</Unit>
		<Unit filename="zlib/crc32.h" />
		<Unit filename="zlib/deflate.c">
			<Option compilerVar="CC" />
		</Unit>
		<Unit filename="zlib/deflate.h" />
		<Unit filename="zlib/demo/example.c">
			<Option compilerVar="CC" />
		</Unit>
		<Unit filename="zlib/gzio.c">
			<Option compilerVar="CC" />
		</Unit>
		<Unit filename="zlib/infback.c">
			<Option compilerVar="CC" />
		</Unit>
		<Unit filename="zlib/inffast.c">
			<Option compilerVar="CC" />
		</Unit>
		<Unit filename="zlib/inffast.h" />
		<Unit filename="zlib/inffixed.h" />
		<Unit filename="zlib/inflate.c">
			<Option compilerVar="CC" />
		</Unit>
		<Unit filename="zlib/inflate.h" />
		<Unit filename="zlib/inftrees.c">
			<Option compilerVar="CC" />
		</Unit>
		<Unit filename="zlib/inftrees.h" />
		<Unit filename="zlib/trees.c">
			<Option compilerVar="CC" />
		</Unit>
		<Unit filename="zlib/trees.h" />
		<Unit filename="zlib/uncompr.c">
			<Option compilerVar="CC" />
		</Unit>
		<Unit filename="zlib/zconf.h" />
		<Unit filename="zlib/zconf.in.h" />
		<Unit filename="zlib/zlib.h" />
		<Unit filename="zlib/zutil.c">
			<Option compilerVar="CC" />
		</Unit>
		<Unit filename="zlib/zutil.h" />
		<Extensions>
			<code_completion />
			<debugger />
		</Extensions>
	</Project>
</CodeBlocks_project_file>
