<?xml version="1.0" encoding="utf-8"?>
<Project ToolsVersion="4.0" xmlns="http://schemas.microsoft.com/developer/msbuild/2003">
  <ItemGroup>
    <Filter Include="Source Files">
      <UniqueIdentifier>{a3a559a3-6c95-4483-8964-f0d4943b1eca}</UniqueIdentifier>
      <Extensions>cpp;c;cxx;rc;def;r;odl;idl;hpj;bat</Extensions>
    </Filter>
    <Filter Include="Source Files\Plugins">
      <UniqueIdentifier>{62a6be26-93cd-4961-82c8-9b93e407116d}</UniqueIdentifier>
    </Filter>
    <Filter Include="Header Files">
      <UniqueIdentifier>{c9710ef4-0975-4ac1-a1b1-bd2ffae5f776}</UniqueIdentifier>
      <Extensions>h;hpp;hxx;hm;inl</Extensions>
    </Filter>
    <Filter Include="Source">
      <UniqueIdentifier>{d2f18f13-5abc-4c80-9e44-afb15960bb25}</UniqueIdentifier>
    </Filter>
    <Filter Include="Source\OpenEXR">
      <UniqueIdentifier>{139c5d44-7610-448e-91b9-574e290e2001}</UniqueIdentifier>
    </Filter>
    <Filter Include="Source\OpenEXR\Half">
      <UniqueIdentifier>{39fd6489-254b-47cb-b5b8-3a1b181c400f}</UniqueIdentifier>
    </Filter>
    <Filter Include="Source\OpenEXR\Iex">
      <UniqueIdentifier>{9c5e1f52-383e-4ad6-af93-48af5df57a7c}</UniqueIdentifier>
    </Filter>
    <Filter Include="Source\OpenEXR\IlmImf">
      <UniqueIdentifier>{142def97-1916-4d1d-8023-92b2cd66815a}</UniqueIdentifier>
    </Filter>
    <Filter Include="Source\OpenEXR\IlmThread">
      <UniqueIdentifier>{ade1a209-1f6c-42d4-87fd-cf16f315be45}</UniqueIdentifier>
    </Filter>
    <Filter Include="Source\OpenEXR\IlmMath">
      <UniqueIdentifier>{3af3bd42-b56c-4ff0-81f0-30e0b62e0688}</UniqueIdentifier>
    </Filter>
    <Filter Include="Source\OpenEXR\IlmImf\Header Files">
      <UniqueIdentifier>{3a7183b7-318f-4674-8336-336bf17c666a}</UniqueIdentifier>
    </Filter>
    <Filter Include="Source\OpenEXR\IlmMath\Header Files">
      <UniqueIdentifier>{8e98f341-27ff-4737-ab69-ec0d2f6cf8a4}</UniqueIdentifier>
    </Filter>
    <Filter Include="Source\OpenEXR\IlmThread\Header Files">
      <UniqueIdentifier>{729d84d2-c186-40aa-ab81-e7920fab9bab}</UniqueIdentifier>
    </Filter>
    <Filter Include="Source\OpenEXR\Iex\Header Files">
      <UniqueIdentifier>{8a5ad98e-64a6-4584-9f49-a7554b18271c}</UniqueIdentifier>
    </Filter>
    <Filter Include="Source\OpenEXR\Half\Header Files">
      <UniqueIdentifier>{d376fc17-0bf7-4a1b-b2f3-9aaa253b3b56}</UniqueIdentifier>
    </Filter>
  </ItemGroup>
  <ItemGroup>
    <ClCompile Include="Source\FreeImage\PluginEXR.cpp">
      <Filter>Source Files\Plugins</Filter>
    </ClCompile>
    <ClCompile Include="Source\OpenEXR\Half\half.cpp">
      <Filter>Source\OpenEXR\Half</Filter>
    </ClCompile>
    <ClCompile Include="Source\OpenEXR\Iex\IexBaseExc.cpp">
      <Filter>Source\OpenEXR\Iex</Filter>
    </ClCompile>
    <ClCompile Include="Source\OpenEXR\Iex\IexThrowErrnoExc.cpp">
      <Filter>Source\OpenEXR\Iex</Filter>
    </ClCompile>
    <ClCompile Include="Source\OpenEXR\IlmImf\ImfAcesFile.cpp">
      <Filter>Source\OpenEXR\IlmImf</Filter>
    </ClCompile>
    <ClCompile Include="Source\OpenEXR\IlmImf\ImfAttribute.cpp">
      <Filter>Source\OpenEXR\IlmImf</Filter>
    </ClCompile>
    <ClCompile Include="Source\OpenEXR\IlmImf\ImfB44Compressor.cpp">
      <Filter>Source\OpenEXR\IlmImf</Filter>
    </ClCompile>
    <ClCompile Include="Source\OpenEXR\IlmImf\ImfBoxAttribute.cpp">
      <Filter>Source\OpenEXR\IlmImf</Filter>
    </ClCompile>
    <ClCompile Include="Source\OpenEXR\IlmImf\ImfChannelList.cpp">
      <Filter>Source\OpenEXR\IlmImf</Filter>
    </ClCompile>
    <ClCompile Include="Source\OpenEXR\IlmImf\ImfChannelListAttribute.cpp">
      <Filter>Source\OpenEXR\IlmImf</Filter>
    </ClCompile>
    <ClCompile Include="Source\OpenEXR\IlmImf\ImfChromaticities.cpp">
      <Filter>Source\OpenEXR\IlmImf</Filter>
    </ClCompile>
    <ClCompile Include="Source\OpenEXR\IlmImf\ImfChromaticitiesAttribute.cpp">
      <Filter>Source\OpenEXR\IlmImf</Filter>
    </ClCompile>
    <ClCompile Include="Source\OpenEXR\IlmImf\ImfCompressionAttribute.cpp">
      <Filter>Source\OpenEXR\IlmImf</Filter>
    </ClCompile>
    <ClCompile Include="Source\OpenEXR\IlmImf\ImfCompressor.cpp">
      <Filter>Source\OpenEXR\IlmImf</Filter>
    </ClCompile>
    <ClCompile Include="Source\OpenEXR\IlmImf\ImfConvert.cpp">
      <Filter>Source\OpenEXR\IlmImf</Filter>
    </ClCompile>
    <ClCompile Include="Source\OpenEXR\IlmImf\ImfCRgbaFile.cpp">
      <Filter>Source\OpenEXR\IlmImf</Filter>
    </ClCompile>
    <ClCompile Include="Source\OpenEXR\IlmImf\ImfDoubleAttribute.cpp">
      <Filter>Source\OpenEXR\IlmImf</Filter>
    </ClCompile>
    <ClCompile Include="Source\OpenEXR\IlmImf\ImfEnvmap.cpp">
      <Filter>Source\OpenEXR\IlmImf</Filter>
    </ClCompile>
    <ClCompile Include="Source\OpenEXR\IlmImf\ImfEnvmapAttribute.cpp">
      <Filter>Source\OpenEXR\IlmImf</Filter>
    </ClCompile>
    <ClCompile Include="Source\OpenEXR\IlmImf\ImfFloatAttribute.cpp">
      <Filter>Source\OpenEXR\IlmImf</Filter>
    </ClCompile>
    <ClCompile Include="Source\OpenEXR\IlmImf\ImfFrameBuffer.cpp">
      <Filter>Source\OpenEXR\IlmImf</Filter>
    </ClCompile>
    <ClCompile Include="Source\OpenEXR\IlmImf\ImfFramesPerSecond.cpp">
      <Filter>Source\OpenEXR\IlmImf</Filter>
    </ClCompile>
    <ClCompile Include="Source\OpenEXR\IlmImf\ImfHeader.cpp">
      <Filter>Source\OpenEXR\IlmImf</Filter>
    </ClCompile>
    <ClCompile Include="Source\OpenEXR\IlmImf\ImfHuf.cpp">
      <Filter>Source\OpenEXR\IlmImf</Filter>
    </ClCompile>
    <ClCompile Include="Source\OpenEXR\IlmImf\ImfInputFile.cpp">
      <Filter>Source\OpenEXR\IlmImf</Filter>
    </ClCompile>
    <ClCompile Include="Source\OpenEXR\IlmImf\ImfIntAttribute.cpp">
      <Filter>Source\OpenEXR\IlmImf</Filter>
    </ClCompile>
    <ClCompile Include="Source\OpenEXR\IlmImf\ImfIO.cpp">
      <Filter>Source\OpenEXR\IlmImf</Filter>
    </ClCompile>
    <ClCompile Include="Source\OpenEXR\IlmImf\ImfKeyCode.cpp">
      <Filter>Source\OpenEXR\IlmImf</Filter>
    </ClCompile>
    <ClCompile Include="Source\OpenEXR\IlmImf\ImfKeyCodeAttribute.cpp">
      <Filter>Source\OpenEXR\IlmImf</Filter>
    </ClCompile>
    <ClCompile Include="Source\OpenEXR\IlmImf\ImfLineOrderAttribute.cpp">
      <Filter>Source\OpenEXR\IlmImf</Filter>
    </ClCompile>
    <ClCompile Include="Source\OpenEXR\IlmImf\ImfLut.cpp">
      <Filter>Source\OpenEXR\IlmImf</Filter>
    </ClCompile>
    <ClCompile Include="Source\OpenEXR\IlmImf\ImfMatrixAttribute.cpp">
      <Filter>Source\OpenEXR\IlmImf</Filter>
    </ClCompile>
    <ClCompile Include="Source\OpenEXR\IlmImf\ImfMisc.cpp">
      <Filter>Source\OpenEXR\IlmImf</Filter>
    </ClCompile>
    <ClCompile Include="Source\OpenEXR\IlmImf\ImfMultiView.cpp">
      <Filter>Source\OpenEXR\IlmImf</Filter>
    </ClCompile>
    <ClCompile Include="Source\OpenEXR\IlmImf\ImfOpaqueAttribute.cpp">
      <Filter>Source\OpenEXR\IlmImf</Filter>
    </ClCompile>
    <ClCompile Include="Source\OpenEXR\IlmImf\ImfOutputFile.cpp">
      <Filter>Source\OpenEXR\IlmImf</Filter>
    </ClCompile>
    <ClCompile Include="Source\OpenEXR\IlmImf\ImfPizCompressor.cpp">
      <Filter>Source\OpenEXR\IlmImf</Filter>
    </ClCompile>
    <ClCompile Include="Source\OpenEXR\IlmImf\ImfPreviewImage.cpp">
      <Filter>Source\OpenEXR\IlmImf</Filter>
    </ClCompile>
    <ClCompile Include="Source\OpenEXR\IlmImf\ImfPreviewImageAttribute.cpp">
      <Filter>Source\OpenEXR\IlmImf</Filter>
    </ClCompile>
    <ClCompile Include="Source\OpenEXR\IlmImf\ImfPxr24Compressor.cpp">
      <Filter>Source\OpenEXR\IlmImf</Filter>
    </ClCompile>
    <ClCompile Include="Source\OpenEXR\IlmImf\ImfRational.cpp">
      <Filter>Source\OpenEXR\IlmImf</Filter>
    </ClCompile>
    <ClCompile Include="Source\OpenEXR\IlmImf\ImfRationalAttribute.cpp">
      <Filter>Source\OpenEXR\IlmImf</Filter>
    </ClCompile>
    <ClCompile Include="Source\OpenEXR\IlmImf\ImfRgbaFile.cpp">
      <Filter>Source\OpenEXR\IlmImf</Filter>
    </ClCompile>
    <ClCompile Include="Source\OpenEXR\IlmImf\ImfRgbaYca.cpp">
      <Filter>Source\OpenEXR\IlmImf</Filter>
    </ClCompile>
    <ClCompile Include="Source\OpenEXR\IlmImf\ImfRleCompressor.cpp">
      <Filter>Source\OpenEXR\IlmImf</Filter>
    </ClCompile>
    <ClCompile Include="Source\OpenEXR\IlmImf\ImfScanLineInputFile.cpp">
      <Filter>Source\OpenEXR\IlmImf</Filter>
    </ClCompile>
    <ClCompile Include="Source\OpenEXR\IlmImf\ImfStandardAttributes.cpp">
      <Filter>Source\OpenEXR\IlmImf</Filter>
    </ClCompile>
    <ClCompile Include="Source\OpenEXR\IlmImf\ImfStdIO.cpp">
      <Filter>Source\OpenEXR\IlmImf</Filter>
    </ClCompile>
    <ClCompile Include="Source\OpenEXR\IlmImf\ImfStringAttribute.cpp">
      <Filter>Source\OpenEXR\IlmImf</Filter>
    </ClCompile>
    <ClCompile Include="Source\OpenEXR\IlmImf\ImfStringVectorAttribute.cpp">
      <Filter>Source\OpenEXR\IlmImf</Filter>
    </ClCompile>
    <ClCompile Include="Source\OpenEXR\IlmImf\ImfTestFile.cpp">
      <Filter>Source\OpenEXR\IlmImf</Filter>
    </ClCompile>
    <ClCompile Include="Source\OpenEXR\IlmImf\ImfThreading.cpp">
      <Filter>Source\OpenEXR\IlmImf</Filter>
    </ClCompile>
    <ClCompile Include="Source\OpenEXR\IlmImf\ImfTileDescriptionAttribute.cpp">
      <Filter>Source\OpenEXR\IlmImf</Filter>
    </ClCompile>
    <ClCompile Include="Source\OpenEXR\IlmImf\ImfTiledInputFile.cpp">
      <Filter>Source\OpenEXR\IlmImf</Filter>
    </ClCompile>
    <ClCompile Include="Source\OpenEXR\IlmImf\ImfTiledMisc.cpp">
      <Filter>Source\OpenEXR\IlmImf</Filter>
    </ClCompile>
    <ClCompile Include="Source\OpenEXR\IlmImf\ImfTiledOutputFile.cpp">
      <Filter>Source\OpenEXR\IlmImf</Filter>
    </ClCompile>
    <ClCompile Include="Source\OpenEXR\IlmImf\ImfTiledRgbaFile.cpp">
      <Filter>Source\OpenEXR\IlmImf</Filter>
    </ClCompile>
    <ClCompile Include="Source\OpenEXR\IlmImf\ImfTileOffsets.cpp">
      <Filter>Source\OpenEXR\IlmImf</Filter>
    </ClCompile>
    <ClCompile Include="Source\OpenEXR\IlmImf\ImfTimeCode.cpp">
      <Filter>Source\OpenEXR\IlmImf</Filter>
    </ClCompile>
    <ClCompile Include="Source\OpenEXR\IlmImf\ImfTimeCodeAttribute.cpp">
      <Filter>Source\OpenEXR\IlmImf</Filter>
    </ClCompile>
    <ClCompile Include="Source\OpenEXR\IlmImf\ImfVecAttribute.cpp">
      <Filter>Source\OpenEXR\IlmImf</Filter>
    </ClCompile>
    <ClCompile Include="Source\OpenEXR\IlmImf\ImfVersion.cpp">
      <Filter>Source\OpenEXR\IlmImf</Filter>
    </ClCompile>
    <ClCompile Include="Source\OpenEXR\IlmImf\ImfWav.cpp">
      <Filter>Source\OpenEXR\IlmImf</Filter>
    </ClCompile>
    <ClCompile Include="Source\OpenEXR\IlmImf\ImfZipCompressor.cpp">
      <Filter>Source\OpenEXR\IlmImf</Filter>
    </ClCompile>
    <ClCompile Include="Source\OpenEXR\IlmThread\IlmThread.cpp">
      <Filter>Source\OpenEXR\IlmThread</Filter>
    </ClCompile>
    <ClCompile Include="Source\OpenEXR\IlmThread\IlmThreadMutex.cpp">
      <Filter>Source\OpenEXR\IlmThread</Filter>
    </ClCompile>
    <ClCompile Include="Source\OpenEXR\IlmThread\IlmThreadMutexPosix.cpp">
      <Filter>Source\OpenEXR\IlmThread</Filter>
    </ClCompile>
    <ClCompile Include="Source\OpenEXR\IlmThread\IlmThreadMutexWin32.cpp">
      <Filter>Source\OpenEXR\IlmThread</Filter>
    </ClCompile>
    <ClCompile Include="Source\OpenEXR\IlmThread\IlmThreadPool.cpp">
      <Filter>Source\OpenEXR\IlmThread</Filter>
    </ClCompile>
    <ClCompile Include="Source\OpenEXR\IlmThread\IlmThreadPosix.cpp">
      <Filter>Source\OpenEXR\IlmThread</Filter>
    </ClCompile>
    <ClCompile Include="Source\OpenEXR\IlmThread\IlmThreadSemaphore.cpp">
      <Filter>Source\OpenEXR\IlmThread</Filter>
    </ClCompile>
    <ClCompile Include="Source\OpenEXR\IlmThread\IlmThreadSemaphorePosix.cpp">
      <Filter>Source\OpenEXR\IlmThread</Filter>
    </ClCompile>
    <ClCompile Include="Source\OpenEXR\IlmThread\IlmThreadSemaphorePosixCompat.cpp">
      <Filter>Source\OpenEXR\IlmThread</Filter>
    </ClCompile>
    <ClCompile Include="Source\OpenEXR\IlmThread\IlmThreadSemaphoreWin32.cpp">
      <Filter>Source\OpenEXR\IlmThread</Filter>
    </ClCompile>
    <ClCompile Include="Source\OpenEXR\IlmThread\IlmThreadWin32.cpp">
      <Filter>Source\OpenEXR\IlmThread</Filter>
    </ClCompile>
    <ClCompile Include="Source\OpenEXR\Imath\ImathBox.cpp">
      <Filter>Source\OpenEXR\IlmMath</Filter>
    </ClCompile>
    <ClCompile Include="Source\OpenEXR\Imath\ImathColorAlgo.cpp">
      <Filter>Source\OpenEXR\IlmMath</Filter>
    </ClCompile>
    <ClCompile Include="Source\OpenEXR\Imath\ImathFun.cpp">
      <Filter>Source\OpenEXR\IlmMath</Filter>
    </ClCompile>
    <ClCompile Include="Source\OpenEXR\Imath\ImathMatrixAlgo.cpp">
      <Filter>Source\OpenEXR\IlmMath</Filter>
    </ClCompile>
    <ClCompile Include="Source\OpenEXR\Imath\ImathRandom.cpp">
      <Filter>Source\OpenEXR\IlmMath</Filter>
    </ClCompile>
    <ClCompile Include="Source\OpenEXR\Imath\ImathShear.cpp">
      <Filter>Source\OpenEXR\IlmMath</Filter>
    </ClCompile>
    <ClCompile Include="Source\OpenEXR\Imath\ImathVec.cpp">
      <Filter>Source\OpenEXR\IlmMath</Filter>
    </ClCompile>
    <ClCompile Include="Source\OpenEXR\Imf.cpp">
      <Filter>Source\OpenEXR</Filter>
    </ClCompile>
  </ItemGroup>
  <ItemGroup>
    <ClInclude Include="Source\OpenEXR\Imf.h">
      <Filter>Source\OpenEXR</Filter>
    </ClInclude>
    <ClInclude Include="Source\OpenEXR\IlmImf\b44ExpLogTable.h">
      <Filter>Source\OpenEXR\IlmImf\Header Files</Filter>
    </ClInclude>
    <ClInclude Include="Source\OpenEXR\IlmImf\ImfAcesFile.h">
      <Filter>Source\OpenEXR\IlmImf\Header Files</Filter>
    </ClInclude>
    <ClInclude Include="Source\OpenEXR\IlmImf\ImfArray.h">
      <Filter>Source\OpenEXR\IlmImf\Header Files</Filter>
    </ClInclude>
    <ClInclude Include="Source\OpenEXR\IlmImf\ImfAttribute.h">
      <Filter>Source\OpenEXR\IlmImf\Header Files</Filter>
    </ClInclude>
    <ClInclude Include="Source\OpenEXR\IlmImf\ImfAutoArray.h">
      <Filter>Source\OpenEXR\IlmImf\Header Files</Filter>
    </ClInclude>
    <ClInclude Include="Source\OpenEXR\IlmImf\ImfB44Compressor.h">
      <Filter>Source\OpenEXR\IlmImf\Header Files</Filter>
    </ClInclude>
    <ClInclude Include="Source\OpenEXR\IlmImf\ImfBoxAttribute.h">
      <Filter>Source\OpenEXR\IlmImf\Header Files</Filter>
    </ClInclude>
    <ClInclude Include="Source\OpenEXR\IlmImf\ImfChannelList.h">
      <Filter>Source\OpenEXR\IlmImf\Header Files</Filter>
    </ClInclude>
    <ClInclude Include="Source\OpenEXR\IlmImf\ImfChannelListAttribute.h">
      <Filter>Source\OpenEXR\IlmImf\Header Files</Filter>
    </ClInclude>
    <ClInclude Include="Source\OpenEXR\IlmImf\ImfCheckedArithmetic.h">
      <Filter>Source\OpenEXR\IlmImf\Header Files</Filter>
    </ClInclude>
    <ClInclude Include="Source\OpenEXR\IlmImf\ImfChromaticities.h">
      <Filter>Source\OpenEXR\IlmImf\Header Files</Filter>
    </ClInclude>
    <ClInclude Include="Source\OpenEXR\IlmImf\ImfChromaticitiesAttribute.h">
      <Filter>Source\OpenEXR\IlmImf\Header Files</Filter>
    </ClInclude>
    <ClInclude Include="Source\OpenEXR\IlmImf\ImfCompression.h">
      <Filter>Source\OpenEXR\IlmImf\Header Files</Filter>
    </ClInclude>
    <ClInclude Include="Source\OpenEXR\IlmImf\ImfCompressionAttribute.h">
      <Filter>Source\OpenEXR\IlmImf\Header Files</Filter>
    </ClInclude>
    <ClInclude Include="Source\OpenEXR\IlmImf\ImfCompressor.h">
      <Filter>Source\OpenEXR\IlmImf\Header Files</Filter>
    </ClInclude>
    <ClInclude Include="Source\OpenEXR\IlmImf\ImfConvert.h">
      <Filter>Source\OpenEXR\IlmImf\Header Files</Filter>
    </ClInclude>
    <ClInclude Include="Source\OpenEXR\IlmImf\ImfCRgbaFile.h">
      <Filter>Source\OpenEXR\IlmImf\Header Files</Filter>
    </ClInclude>
    <ClInclude Include="Source\OpenEXR\IlmImf\ImfDoubleAttribute.h">
      <Filter>Source\OpenEXR\IlmImf\Header Files</Filter>
    </ClInclude>
    <ClInclude Include="Source\OpenEXR\IlmImf\ImfEnvmap.h">
      <Filter>Source\OpenEXR\IlmImf\Header Files</Filter>
    </ClInclude>
    <ClInclude Include="Source\OpenEXR\IlmImf\ImfEnvmapAttribute.h">
      <Filter>Source\OpenEXR\IlmImf\Header Files</Filter>
    </ClInclude>
    <ClInclude Include="Source\OpenEXR\IlmImf\ImfHeader.h">
      <Filter>Source\OpenEXR\IlmImf\Header Files</Filter>
    </ClInclude>
    <ClInclude Include="Source\OpenEXR\IlmImf\ImfHuf.h">
      <Filter>Source\OpenEXR\IlmImf\Header Files</Filter>
    </ClInclude>
    <ClInclude Include="Source\OpenEXR\IlmImf\ImfInputFile.h">
      <Filter>Source\OpenEXR\IlmImf\Header Files</Filter>
    </ClInclude>
    <ClInclude Include="Source\OpenEXR\IlmImf\ImfIntAttribute.h">
      <Filter>Source\OpenEXR\IlmImf\Header Files</Filter>
    </ClInclude>
    <ClInclude Include="Source\OpenEXR\IlmImf\ImfInt64.h">
      <Filter>Source\OpenEXR\IlmImf\Header Files</Filter>
    </ClInclude>
    <ClInclude Include="Source\OpenEXR\IlmImf\ImfIO.h">
      <Filter>Source\OpenEXR\IlmImf\Header Files</Filter>
    </ClInclude>
    <ClInclude Include="Source\OpenEXR\IlmImf\ImfKeyCode.h">
      <Filter>Source\OpenEXR\IlmImf\Header Files</Filter>
    </ClInclude>
    <ClInclude Include="Source\OpenEXR\IlmImf\ImfLineOrder.h">
      <Filter>Source\OpenEXR\IlmImf\Header Files</Filter>
    </ClInclude>
    <ClInclude Include="Source\OpenEXR\IlmImf\ImfKeyCodeAttribute.h">
      <Filter>Source\OpenEXR\IlmImf\Header Files</Filter>
    </ClInclude>
    <ClInclude Include="Source\OpenEXR\IlmImf\ImfLineOrderAttribute.h">
      <Filter>Source\OpenEXR\IlmImf\Header Files</Filter>
    </ClInclude>
    <ClInclude Include="Source\OpenEXR\IlmImf\ImfLut.h">
      <Filter>Source\OpenEXR\IlmImf\Header Files</Filter>
    </ClInclude>
    <ClInclude Include="Source\OpenEXR\IlmImf\ImfMultiView.h">
      <Filter>Source\OpenEXR\IlmImf\Header Files</Filter>
    </ClInclude>
    <ClInclude Include="Source\OpenEXR\IlmImf\ImfMisc.h">
      <Filter>Source\OpenEXR\IlmImf\Header Files</Filter>
    </ClInclude>
    <ClInclude Include="Source\OpenEXR\IlmImf\ImfName.h">
      <Filter>Source\OpenEXR\IlmImf\Header Files</Filter>
    </ClInclude>
    <ClInclude Include="Source\OpenEXR\IlmImf\ImfMatrixAttribute.h">
      <Filter>Source\OpenEXR\IlmImf\Header Files</Filter>
    </ClInclude>
    <ClInclude Include="Source\OpenEXR\IlmImf\ImfOutputFile.h">
      <Filter>Source\OpenEXR\IlmImf\Header Files</Filter>
    </ClInclude>
    <ClInclude Include="Source\OpenEXR\IlmImf\ImfOpaqueAttribute.h">
      <Filter>Source\OpenEXR\IlmImf\Header Files</Filter>
    </ClInclude>
    <ClInclude Include="Source\OpenEXR\IlmImf\ImfPizCompressor.h">
      <Filter>Source\OpenEXR\IlmImf\Header Files</Filter>
    </ClInclude>
    <ClInclude Include="Source\OpenEXR\IlmImf\ImfPreviewImage.h">
      <Filter>Source\OpenEXR\IlmImf\Header Files</Filter>
    </ClInclude>
    <ClInclude Include="Source\OpenEXR\IlmImf\ImfPixelType.h">
      <Filter>Source\OpenEXR\IlmImf\Header Files</Filter>
    </ClInclude>
    <ClInclude Include="Source\OpenEXR\IlmImf\ImfFramesPerSecond.h">
      <Filter>Source\OpenEXR\IlmImf\Header Files</Filter>
    </ClInclude>
    <ClInclude Include="Source\OpenEXR\IlmImf\ImfZipCompressor.h">
      <Filter>Source\OpenEXR\IlmImf\Header Files</Filter>
    </ClInclude>
    <ClInclude Include="Source\OpenEXR\IlmImf\ImfXdr.h">
      <Filter>Source\OpenEXR\IlmImf\Header Files</Filter>
    </ClInclude>
    <ClInclude Include="Source\OpenEXR\IlmImf\ImfVersion.h">
      <Filter>Source\OpenEXR\IlmImf\Header Files</Filter>
    </ClInclude>
    <ClInclude Include="Source\OpenEXR\IlmImf\ImfVecAttribute.h">
      <Filter>Source\OpenEXR\IlmImf\Header Files</Filter>
    </ClInclude>
    <ClInclude Include="Source\OpenEXR\IlmImf\ImfTimeCodeAttribute.h">
      <Filter>Source\OpenEXR\IlmImf\Header Files</Filter>
    </ClInclude>
    <ClInclude Include="Source\OpenEXR\IlmImf\ImfTimeCode.h">
      <Filter>Source\OpenEXR\IlmImf\Header Files</Filter>
    </ClInclude>
    <ClInclude Include="Source\OpenEXR\IlmImf\ImfTileOffsets.h">
      <Filter>Source\OpenEXR\IlmImf\Header Files</Filter>
    </ClInclude>
    <ClInclude Include="Source\OpenEXR\IlmImf\ImfTiledRgbaFile.h">
      <Filter>Source\OpenEXR\IlmImf\Header Files</Filter>
    </ClInclude>
    <ClInclude Include="Source\OpenEXR\IlmImf\ImfTiledOutputFile.h">
      <Filter>Source\OpenEXR\IlmImf\Header Files</Filter>
    </ClInclude>
    <ClInclude Include="Source\OpenEXR\IlmImf\ImfTiledMisc.h">
      <Filter>Source\OpenEXR\IlmImf\Header Files</Filter>
    </ClInclude>
    <ClInclude Include="Source\OpenEXR\IlmImf\ImfTiledInputFile.h">
      <Filter>Source\OpenEXR\IlmImf\Header Files</Filter>
    </ClInclude>
    <ClInclude Include="Source\OpenEXR\IlmImf\ImfTileDescription.h">
      <Filter>Source\OpenEXR\IlmImf\Header Files</Filter>
    </ClInclude>
    <ClInclude Include="Source\OpenEXR\IlmImf\ImfTileDescriptionAttribute.h">
      <Filter>Source\OpenEXR\IlmImf\Header Files</Filter>
    </ClInclude>
    <ClInclude Include="Source\OpenEXR\IlmImf\ImfTestFile.h">
      <Filter>Source\OpenEXR\IlmImf\Header Files</Filter>
    </ClInclude>
    <ClInclude Include="Source\OpenEXR\IlmImf\ImfThreading.h">
      <Filter>Source\OpenEXR\IlmImf\Header Files</Filter>
    </ClInclude>
    <ClInclude Include="Source\OpenEXR\IlmImf\ImfWav.h">
      <Filter>Source\OpenEXR\IlmImf\Header Files</Filter>
    </ClInclude>
    <ClInclude Include="Source\OpenEXR\IlmImf\ImfStringVectorAttribute.h">
      <Filter>Source\OpenEXR\IlmImf\Header Files</Filter>
    </ClInclude>
    <ClInclude Include="Source\OpenEXR\IlmImf\ImfStringAttribute.h">
      <Filter>Source\OpenEXR\IlmImf\Header Files</Filter>
    </ClInclude>
    <ClInclude Include="Source\OpenEXR\IlmImf\ImfStdIO.h">
      <Filter>Source\OpenEXR\IlmImf\Header Files</Filter>
    </ClInclude>
    <ClInclude Include="Source\OpenEXR\IlmImf\ImfStandardAttributes.h">
      <Filter>Source\OpenEXR\IlmImf\Header Files</Filter>
    </ClInclude>
    <ClInclude Include="Source\OpenEXR\IlmImf\ImfScanLineInputFile.h">
      <Filter>Source\OpenEXR\IlmImf\Header Files</Filter>
    </ClInclude>
    <ClInclude Include="Source\OpenEXR\IlmImf\ImfRleCompressor.h">
      <Filter>Source\OpenEXR\IlmImf\Header Files</Filter>
    </ClInclude>
    <ClInclude Include="Source\OpenEXR\IlmImf\ImfRgbaYca.h">
      <Filter>Source\OpenEXR\IlmImf\Header Files</Filter>
    </ClInclude>
    <ClInclude Include="Source\OpenEXR\IlmImf\ImfRgbaFile.h">
      <Filter>Source\OpenEXR\IlmImf\Header Files</Filter>
    </ClInclude>
    <ClInclude Include="Source\OpenEXR\IlmImf\ImfRgba.h">
      <Filter>Source\OpenEXR\IlmImf\Header Files</Filter>
    </ClInclude>
    <ClInclude Include="Source\OpenEXR\IlmImf\ImfRationalAttribute.h">
      <Filter>Source\OpenEXR\IlmImf\Header Files</Filter>
    </ClInclude>
    <ClInclude Include="Source\OpenEXR\IlmImf\ImfRational.h">
      <Filter>Source\OpenEXR\IlmImf\Header Files</Filter>
    </ClInclude>
    <ClInclude Include="Source\OpenEXR\IlmImf\ImfPxr24Compressor.h">
      <Filter>Source\OpenEXR\IlmImf\Header Files</Filter>
    </ClInclude>
    <ClInclude Include="Source\OpenEXR\IlmImf\ImfPreviewImageAttribute.h">
      <Filter>Source\OpenEXR\IlmImf\Header Files</Filter>
    </ClInclude>
    <ClInclude Include="Source\OpenEXR\Imath\ImathBox.h">
      <Filter>Source\OpenEXR\IlmMath\Header Files</Filter>
    </ClInclude>
    <ClInclude Include="Source\OpenEXR\Imath\ImathColor.h">
      <Filter>Source\OpenEXR\IlmMath\Header Files</Filter>
    </ClInclude>
    <ClInclude Include="Source\OpenEXR\Imath\ImathColorAlgo.h">
      <Filter>Source\OpenEXR\IlmMath\Header Files</Filter>
    </ClInclude>
    <ClInclude Include="Source\OpenEXR\Imath\ImathEuler.h">
      <Filter>Source\OpenEXR\IlmMath\Header Files</Filter>
    </ClInclude>
    <ClInclude Include="Source\OpenEXR\Imath\ImathExc.h">
      <Filter>Source\OpenEXR\IlmMath\Header Files</Filter>
    </ClInclude>
    <ClInclude Include="Source\OpenEXR\Imath\ImathFrame.h">
      <Filter>Source\OpenEXR\IlmMath\Header Files</Filter>
    </ClInclude>
    <ClInclude Include="Source\OpenEXR\Imath\ImathFrustum.h">
      <Filter>Source\OpenEXR\IlmMath\Header Files</Filter>
    </ClInclude>
    <ClInclude Include="Source\OpenEXR\Imath\ImathFrustumTest.h">
      <Filter>Source\OpenEXR\IlmMath\Header Files</Filter>
    </ClInclude>
    <ClInclude Include="Source\OpenEXR\Imath\ImathFun.h">
      <Filter>Source\OpenEXR\IlmMath\Header Files</Filter>
    </ClInclude>
    <ClInclude Include="Source\OpenEXR\Imath\ImathGL.h">
      <Filter>Source\OpenEXR\IlmMath\Header Files</Filter>
    </ClInclude>
    <ClInclude Include="Source\OpenEXR\Imath\ImathGLU.h">
      <Filter>Source\OpenEXR\IlmMath\Header Files</Filter>
    </ClInclude>
    <ClInclude Include="Source\OpenEXR\Imath\ImathHalfLimits.h">
      <Filter>Source\OpenEXR\IlmMath\Header Files</Filter>
    </ClInclude>
    <ClInclude Include="Source\OpenEXR\Imath\ImathInt64.h">
      <Filter>Source\OpenEXR\IlmMath\Header Files</Filter>
    </ClInclude>
    <ClInclude Include="Source\OpenEXR\Imath\ImathLimits.h">
      <Filter>Source\OpenEXR\IlmMath\Header Files</Filter>
    </ClInclude>
    <ClInclude Include="Source\OpenEXR\Imath\ImathInterval.h">
      <Filter>Source\OpenEXR\IlmMath\Header Files</Filter>
    </ClInclude>
    <ClInclude Include="Source\OpenEXR\Imath\ImathLine.h">
      <Filter>Source\OpenEXR\IlmMath\Header Files</Filter>
    </ClInclude>
    <ClInclude Include="Source\OpenEXR\Imath\ImathLineAlgo.h">
      <Filter>Source\OpenEXR\IlmMath\Header Files</Filter>
    </ClInclude>
    <ClInclude Include="Source\OpenEXR\Imath\ImathMath.h">
      <Filter>Source\OpenEXR\IlmMath\Header Files</Filter>
    </ClInclude>
    <ClInclude Include="Source\OpenEXR\Imath\ImathMatrix.h">
      <Filter>Source\OpenEXR\IlmMath\Header Files</Filter>
    </ClInclude>
    <ClInclude Include="Source\OpenEXR\Imath\ImathMatrixAlgo.h">
      <Filter>Source\OpenEXR\IlmMath\Header Files</Filter>
    </ClInclude>
    <ClInclude Include="Source\OpenEXR\Imath\ImathPlatform.h">
      <Filter>Source\OpenEXR\IlmMath\Header Files</Filter>
    </ClInclude>
    <ClInclude Include="Source\OpenEXR\Imath\ImathPlane.h">
      <Filter>Source\OpenEXR\IlmMath\Header Files</Filter>
    </ClInclude>
    <ClInclude Include="Source\OpenEXR\Imath\ImathQuat.h">
      <Filter>Source\OpenEXR\IlmMath\Header Files</Filter>
    </ClInclude>
    <ClInclude Include="Source\OpenEXR\Imath\ImathRandom.h">
      <Filter>Source\OpenEXR\IlmMath\Header Files</Filter>
    </ClInclude>
    <ClInclude Include="Source\OpenEXR\Imath\ImathBoxAlgo.h">
      <Filter>Source\OpenEXR\IlmMath\Header Files</Filter>
    </ClInclude>
    <ClInclude Include="Source\OpenEXR\Imath\ImathRoots.h">
      <Filter>Source\OpenEXR\IlmMath\Header Files</Filter>
    </ClInclude>
    <ClInclude Include="Source\OpenEXR\Imath\ImathShear.h">
      <Filter>Source\OpenEXR\IlmMath\Header Files</Filter>
    </ClInclude>
    <ClInclude Include="Source\OpenEXR\Imath\ImathSphere.h">
      <Filter>Source\OpenEXR\IlmMath\Header Files</Filter>
    </ClInclude>
    <ClInclude Include="Source\OpenEXR\Imath\ImathVec.h">
      <Filter>Source\OpenEXR\IlmMath\Header Files</Filter>
    </ClInclude>
    <ClInclude Include="Source\OpenEXR\Imath\ImathVecAlgo.h">
      <Filter>Source\OpenEXR\IlmMath\Header Files</Filter>
    </ClInclude>
    <ClInclude Include="Source\OpenEXR\IlmThread\IlmThread.h">
      <Filter>Source\OpenEXR\IlmThread\Header Files</Filter>
    </ClInclude>
    <ClInclude Include="Source\OpenEXR\IlmThread\IlmThreadMutex.h">
      <Filter>Source\OpenEXR\IlmThread\Header Files</Filter>
    </ClInclude>
    <ClInclude Include="Source\OpenEXR\IlmThread\IlmThreadPool.h">
      <Filter>Source\OpenEXR\IlmThread\Header Files</Filter>
    </ClInclude>
    <ClInclude Include="Source\OpenEXR\IlmThread\IlmThreadSemaphore.h">
      <Filter>Source\OpenEXR\IlmThread\Header Files</Filter>
    </ClInclude>
    <ClInclude Include="Source\OpenEXR\Iex\Iex.h">
      <Filter>Source\OpenEXR\Iex\Header Files</Filter>
    </ClInclude>
    <ClInclude Include="Source\OpenEXR\Iex\IexBaseExc.h">
      <Filter>Source\OpenEXR\Iex\Header Files</Filter>
    </ClInclude>
    <ClInclude Include="Source\OpenEXR\Iex\IexErrnoExc.h">
      <Filter>Source\OpenEXR\Iex\Header Files</Filter>
    </ClInclude>
    <ClInclude Include="Source\OpenEXR\Iex\IexMacros.h">
      <Filter>Source\OpenEXR\Iex\Header Files</Filter>
    </ClInclude>
    <ClInclude Include="Source\OpenEXR\Iex\IexMathExc.h">
      <Filter>Source\OpenEXR\Iex\Header Files</Filter>
    </ClInclude>
    <ClInclude Include="Source\OpenEXR\Iex\IexThrowErrnoExc.h">
      <Filter>Source\OpenEXR\Iex\Header Files</Filter>
    </ClInclude>
    <ClInclude Include="Source\OpenEXR\Half\half.h">
      <Filter>Source\OpenEXR\Half\Header Files</Filter>
    </ClInclude>
    <ClInclude Include="Source\OpenEXR\Half\halfFunction.h">
      <Filter>Source\OpenEXR\Half\Header Files</Filter>
    </ClInclude>
    <ClInclude Include="Source\OpenEXR\Half\halfLimits.h">
      <Filter>Source\OpenEXR\Half\Header Files</Filter>
    </ClInclude>
    <ClInclude Include="Source\OpenEXR\Half\toFloat.h">
      <Filter>Source\OpenEXR\Half\Header Files</Filter>
    </ClInclude>
    <ClInclude Include="Source\OpenEXR\IlmImf\ImfFrameBuffer.h">
      <Filter>Source\OpenEXR\IlmImf\Header Files</Filter>
    </ClInclude>
    <ClInclude Include="Source\OpenEXR\IlmImf\ImfFloatAttribute.h">
      <Filter>Source\OpenEXR\IlmImf\Header Files</Filter>
    </ClInclude>
  </ItemGroup>
  <ItemGroup>
    <None Include="axisopenexr.def">
      <Filter>Source Files</Filter>
    </None>
  </ItemGroup>
</Project>