Microsoft Visual Studio Solution File, Format Version 11.00
# Visual C++ Express 2010
Project("{8BC9CEB8-8B4A-11D0-8D11-00A0C91BC942}") = "ca2", "..\..\appseedcore\ca2\ca2.vcxproj", "{AFC48570-75E4-46BD-B8AB-4590B257E1C8}"
	ProjectSection(ProjectDependencies) = postProject
		{ACB3FF4B-0B61-45A7-881D-E102E0F85808} = {ACB3FF4B-0B61-45A7-881D-E102E0F85808}
		{38A5C152-C1EF-4322-BADF-A41B35335831} = {38A5C152-C1EF-4322-BADF-A41B35335831}
		{6352AD78-A4BA-4F99-89EB-521C22C05322} = {6352AD78-A4BA-4F99-89EB-521C22C05322}
		{EDC06BE7-D6AF-4309-B8FE-1E8D974D23D7} = {EDC06BE7-D6AF-4309-B8FE-1E8D974D23D7}
	EndProjectSection
EndProject
Project("{8BC9CEB8-8B4A-11D0-8D11-00A0C91BC942}") = "libcharguess", "..\..\thirdparty\appseed\libcharguess\libcharguess.vcxproj", "{38A5C152-C1EF-4322-BADF-A41B35335831}"
EndProject
Project("{8BC9CEB8-8B4A-11D0-8D11-00A0C91BC942}") = "sqlite", "..\..\thirdparty\appseed\sqlite\sqlite.vcxproj", "{EDC06BE7-D6AF-4309-B8FE-1E8D974D23D7}"
EndProject
Project("{8BC9CEB8-8B4A-11D0-8D11-00A0C91BC942}") = "zlib", "..\..\thirdparty\appseed\zlib\zlib.vcxproj", "{6352AD78-A4BA-4F99-89EB-521C22C05322}"
EndProject
Project("{8BC9CEB8-8B4A-11D0-8D11-00A0C91BC942}") = "_", "..\..\appseedcore\_\_.vcxproj", "{ACB3FF4B-0B61-45A7-881D-E102E0F85808}"
EndProject
Project("{8BC9CEB8-8B4A-11D0-8D11-00A0C91BC942}") = "cubeapp", "..\..\appseed\cubeapp\cubeapp.vcxproj", "{B2A3AD3B-1026-4D24-A527-2E1B38324184}"
	ProjectSection(ProjectDependencies) = postProject
		{ACB3FF4B-0B61-45A7-881D-E102E0F85808} = {ACB3FF4B-0B61-45A7-881D-E102E0F85808}
		{AEF1C751-5174-4AFE-A4BC-8F5C3CEE51B4} = {AEF1C751-5174-4AFE-A4BC-8F5C3CEE51B4}
		{38A5C152-C1EF-4322-BADF-A41B35335831} = {38A5C152-C1EF-4322-BADF-A41B35335831}
		{6352AD78-A4BA-4F99-89EB-521C22C05322} = {6352AD78-A4BA-4F99-89EB-521C22C05322}
		{EDC06BE7-D6AF-4309-B8FE-1E8D974D23D7} = {EDC06BE7-D6AF-4309-B8FE-1E8D974D23D7}
	EndProjectSection
EndProject
Project("{8BC9CEB8-8B4A-11D0-8D11-00A0C91BC942}") = "mydns", "..\..\appseed\mydns\mydns.vcxproj", "{AEF1C751-5174-4AFE-A4BC-8F5C3CEE51B4}"
EndProject
Project("{8BC9CEB8-8B4A-11D0-8D11-00A0C91BC942}") = "win", "..\..\nodeapp\windows\win\win.vcxproj", "{DFA865FA-07A1-410C-882D-CEBB89AC8FD6}"
EndProject
Global
	GlobalSection(SolutionConfigurationPlatforms) = preSolution
		basis|x64 = basis|x64
	EndGlobalSection
	GlobalSection(ProjectConfigurationPlatforms) = postSolution
		{AFC48570-75E4-46BD-B8AB-4590B257E1C8}.basis|x64.ActiveCfg = basis|x64
		{AFC48570-75E4-46BD-B8AB-4590B257E1C8}.basis|x64.Build.0 = basis|x64
		{38A5C152-C1EF-4322-BADF-A41B35335831}.basis|x64.ActiveCfg = basis|x64
		{38A5C152-C1EF-4322-BADF-A41B35335831}.basis|x64.Build.0 = basis|x64
		{EDC06BE7-D6AF-4309-B8FE-1E8D974D23D7}.basis|x64.ActiveCfg = basis|x64
		{EDC06BE7-D6AF-4309-B8FE-1E8D974D23D7}.basis|x64.Build.0 = basis|x64
		{6352AD78-A4BA-4F99-89EB-521C22C05322}.basis|x64.ActiveCfg = basis|x64
		{6352AD78-A4BA-4F99-89EB-521C22C05322}.basis|x64.Build.0 = basis|x64
		{ACB3FF4B-0B61-45A7-881D-E102E0F85808}.basis|x64.ActiveCfg = basis|x64
		{ACB3FF4B-0B61-45A7-881D-E102E0F85808}.basis|x64.Build.0 = basis|x64
		{B2A3AD3B-1026-4D24-A527-2E1B38324184}.basis|x64.ActiveCfg = basis|x64
		{B2A3AD3B-1026-4D24-A527-2E1B38324184}.basis|x64.Build.0 = basis|x64
		{AEF1C751-5174-4AFE-A4BC-8F5C3CEE51B4}.basis|x64.ActiveCfg = basis|x64
		{AEF1C751-5174-4AFE-A4BC-8F5C3CEE51B4}.basis|x64.Build.0 = basis|x64
		{DFA865FA-07A1-410C-882D-CEBB89AC8FD6}.basis|x64.ActiveCfg = basis|x64
		{DFA865FA-07A1-410C-882D-CEBB89AC8FD6}.basis|x64.Build.0 = basis|x64
	EndGlobalSection
	GlobalSection(SolutionProperties) = preSolution
		HideSolutionNode = FALSE
	EndGlobalSection
EndGlobal
