<?xml version="1.0" encoding="utf-8"?>
<Project ToolsVersion="4.0" xmlns="http://schemas.microsoft.com/developer/msbuild/2003">
  <ItemGroup>
    <Filter Include="Source Files">
      <UniqueIdentifier>{4FC737F1-C7A5-4376-A066-2A32D752A2FF}</UniqueIdentifier>
      <Extensions>cpp;c;cc;cxx;def;odl;idl;hpj;bat;asm;asmx</Extensions>
    </Filter>
    <Filter Include="Header Files">
      <UniqueIdentifier>{93995380-89BD-4b04-88EB-625FBE52EBFB}</UniqueIdentifier>
      <Extensions>h;hpp;hxx;hm;inl;inc;xsd</Extensions>
    </Filter>
    <Filter Include="Header Files\kissfft">
      <UniqueIdentifier>{e9c79601-1523-4115-b00b-cab433335ec4}</UniqueIdentifier>
    </Filter>
    <Filter Include="Source Files\userhtml">
      <UniqueIdentifier>{6001a4cb-f3c7-42ba-9be8-86ae960dfd8c}</UniqueIdentifier>
    </Filter>
    <Filter Include="Source Files\graphics">
      <UniqueIdentifier>{534e266d-f55f-434a-9f1d-841e5f40eb59}</UniqueIdentifier>
    </Filter>
    <Filter Include="Header Files\graphics">
      <UniqueIdentifier>{d93fd4b0-3886-4b5b-aa82-7d2a3691f2d6}</UniqueIdentifier>
    </Filter>
    <Filter Include="Header Files\html">
      <UniqueIdentifier>{ea69b92a-78e5-4384-a578-f69e1f88c3e6}</UniqueIdentifier>
    </Filter>
    <Filter Include="Header Files\userhtml">
      <UniqueIdentifier>{99475578-1ca1-4aca-9b23-e5916df5c7a6}</UniqueIdentifier>
    </Filter>
  </ItemGroup>
  <ItemGroup>
    <ClInclude Include="kissfft\kissfft_ifftd.h">
      <Filter>Header Files\kissfft</Filter>
    </ClInclude>
    <ClInclude Include="kissfft\kissfft_fftd.h">
      <Filter>Header Files\kissfft</Filter>
    </ClInclude>
    <ClInclude Include="kissfft\kissfft.h">
      <Filter>Header Files\kissfft</Filter>
    </ClInclude>
    <ClInclude Include="kissfft\kiss_ifft.h">
      <Filter>Header Files\kissfft</Filter>
    </ClInclude>
    <ClInclude Include="kissfft\kiss_fft.h">
      <Filter>Header Files\kissfft</Filter>
    </ClInclude>
    <ClInclude Include="framework.h">
      <Filter>Header Files</Filter>
    </ClInclude>
    <ClInclude Include="kissfft\kiss_fft_guts.h">
      <Filter>Header Files\kissfft</Filter>
    </ClInclude>
    <ClInclude Include="graphics\html.h">
      <Filter>Header Files\graphics</Filter>
    </ClInclude>
    <ClInclude Include="graphics\html_attribute.h">
      <Filter>Header Files\graphics</Filter>
    </ClInclude>
    <ClInclude Include="graphics\html_base.h">
      <Filter>Header Files\graphics</Filter>
    </ClInclude>
    <ClInclude Include="graphics\html_border.h">
      <Filter>Header Files\graphics</Filter>
    </ClInclude>
    <ClInclude Include="graphics\html_box.h">
      <Filter>Header Files\graphics</Filter>
    </ClInclude>
    <ClInclude Include="graphics\html_data.h">
      <Filter>Header Files\graphics</Filter>
    </ClInclude>
    <ClInclude Include="graphics\html_enum.h">
      <Filter>Header Files\graphics</Filter>
    </ClInclude>
    <ClInclude Include="graphics\html_ex.h">
      <Filter>Header Files\graphics</Filter>
    </ClInclude>
    <ClInclude Include="graphics\html_font.h">
      <Filter>Header Files\graphics</Filter>
    </ClInclude>
    <ClInclude Include="graphics\html_form.h">
      <Filter>Header Files\graphics</Filter>
    </ClInclude>
    <ClInclude Include="graphics\html_html.h">
      <Filter>Header Files\graphics</Filter>
    </ClInclude>
    <ClInclude Include="graphics\html_html2.h">
      <Filter>Header Files\graphics</Filter>
    </ClInclude>
    <ClInclude Include="graphics\html_point.h">
      <Filter>Header Files\graphics</Filter>
    </ClInclude>
    <ClInclude Include="graphics\html_reader.h">
      <Filter>Header Files\graphics</Filter>
    </ClInclude>
    <ClInclude Include="graphics\html_signal.h">
      <Filter>Header Files\graphics</Filter>
    </ClInclude>
    <ClInclude Include="graphics\html_size.h">
      <Filter>Header Files\graphics</Filter>
    </ClInclude>
    <ClInclude Include="graphics\html_style.h">
      <Filter>Header Files\graphics</Filter>
    </ClInclude>
    <ClInclude Include="graphics\html_style_sheet.h">
      <Filter>Header Files\graphics</Filter>
    </ClInclude>
    <ClInclude Include="graphics\html_style_sheet_array.h">
      <Filter>Header Files\graphics</Filter>
    </ClInclude>
    <ClInclude Include="graphics\html_tag.h">
      <Filter>Header Files\graphics</Filter>
    </ClInclude>
    <ClInclude Include="graphics\html_value.h">
      <Filter>Header Files\graphics</Filter>
    </ClInclude>
    <ClInclude Include="graphics\html2.h">
      <Filter>Header Files\graphics</Filter>
    </ClInclude>
    <ClInclude Include="html_application.h">
      <Filter>Header Files</Filter>
    </ClInclude>
    <ClInclude Include="html\html.h">
      <Filter>Header Files\html</Filter>
    </ClInclude>
    <ClInclude Include="userhtml\userhtml.h">
      <Filter>Header Files\userhtml</Filter>
    </ClInclude>
    <ClInclude Include="userhtml\userhtml_child_frame.h">
      <Filter>Header Files\userhtml</Filter>
    </ClInclude>
    <ClInclude Include="userhtml\userhtml_document.h">
      <Filter>Header Files\userhtml</Filter>
    </ClInclude>
    <ClInclude Include="userhtml\userhtml_form.h">
      <Filter>Header Files\userhtml</Filter>
    </ClInclude>
    <ClInclude Include="userhtml\userhtml_form_view.h">
      <Filter>Header Files\userhtml</Filter>
    </ClInclude>
    <ClInclude Include="userhtml\userhtml_frame.h">
      <Filter>Header Files\userhtml</Filter>
    </ClInclude>
    <ClInclude Include="userhtml\userhtml_view.h">
      <Filter>Header Files\userhtml</Filter>
    </ClInclude>
    <ClInclude Include="userhtml\userhtml_view_update_hint.h">
      <Filter>Header Files\userhtml</Filter>
    </ClInclude>
  </ItemGroup>
  <ItemGroup>
    <ClCompile Include="framework.cpp">
      <Filter>Source Files</Filter>
    </ClCompile>
    <ClCompile Include="graphics\html_attribute.cpp">
      <Filter>Source Files\graphics</Filter>
    </ClCompile>
    <ClCompile Include="graphics\html_base.cpp">
      <Filter>Source Files\graphics</Filter>
    </ClCompile>
    <ClCompile Include="graphics\html_data.cpp">
      <Filter>Source Files\graphics</Filter>
    </ClCompile>
    <ClCompile Include="graphics\html_font.cpp">
      <Filter>Source Files\graphics</Filter>
    </ClCompile>
    <ClCompile Include="graphics\html_form.cpp">
      <Filter>Source Files\graphics</Filter>
    </ClCompile>
    <ClCompile Include="graphics\html_html.cpp">
      <Filter>Source Files\graphics</Filter>
    </ClCompile>
    <ClCompile Include="graphics\html_reader.cpp">
      <Filter>Source Files\graphics</Filter>
    </ClCompile>
    <ClCompile Include="graphics\html_signal.cpp">
      <Filter>Source Files\graphics</Filter>
    </ClCompile>
    <ClCompile Include="graphics\html_style.cpp">
      <Filter>Source Files\graphics</Filter>
    </ClCompile>
    <ClCompile Include="graphics\html_style_sheet.cpp">
      <Filter>Source Files\graphics</Filter>
    </ClCompile>
    <ClCompile Include="graphics\html_style_sheet_array.cpp">
      <Filter>Source Files\graphics</Filter>
    </ClCompile>
    <ClCompile Include="graphics\html_tag.cpp">
      <Filter>Source Files\graphics</Filter>
    </ClCompile>
    <ClCompile Include="graphics\html_value.cpp">
      <Filter>Source Files\graphics</Filter>
    </ClCompile>
    <ClCompile Include="html_application.cpp">
      <Filter>Source Files</Filter>
    </ClCompile>
    <ClCompile Include="userhtml\userhtml_child_frame.cpp">
      <Filter>Source Files\userhtml</Filter>
    </ClCompile>
    <ClCompile Include="userhtml\userhtml_document.cpp">
      <Filter>Source Files\userhtml</Filter>
    </ClCompile>
    <ClCompile Include="userhtml\userhtml_form.cpp">
      <Filter>Source Files\userhtml</Filter>
    </ClCompile>
    <ClCompile Include="userhtml\userhtml_form_view.cpp">
      <Filter>Source Files\userhtml</Filter>
    </ClCompile>
    <ClCompile Include="userhtml\userhtml_frame.cpp">
      <Filter>Source Files\userhtml</Filter>
    </ClCompile>
    <ClCompile Include="userhtml\userhtml_view.cpp">
      <Filter>Source Files\userhtml</Filter>
    </ClCompile>
    <ClCompile Include="userhtml\userhtml_view_update_hint.cpp">
      <Filter>Source Files\userhtml</Filter>
    </ClCompile>
  </ItemGroup>
  <ItemGroup>
    <None Include="math.def">
      <Filter>Source Files</Filter>
    </None>
  </ItemGroup>
</Project>