<?xml version="1.0" encoding="utf-8"?>
<Project ToolsVersion="4.0" xmlns="http://schemas.microsoft.com/developer/msbuild/2003">
  <ItemGroup>
    <Filter Include="Header Files">
      <UniqueIdentifier>{8b348e8d-73d3-442c-aaf2-fe3bba2560bd}</UniqueIdentifier>
    </Filter>
    <Filter Include="Source Files">
      <UniqueIdentifier>{3727bc0f-31b3-4fff-b691-a9b16687ca01}</UniqueIdentifier>
    </Filter>
  </ItemGroup>
  <ItemGroup>
    <ClInclude Include="bzlib_private.h">
      <Filter>Header Files</Filter>
    </ClInclude>
  </ItemGroup>
  <ItemGroup>
    <ClCompile Include="blocksort.c">
      <Filter>Source Files</Filter>
    </ClCompile>
    <ClCompile Include="bzlib.c">
      <Filter>Source Files</Filter>
    </ClCompile>
    <ClCompile Include="compress.c">
      <Filter>Source Files</Filter>
    </ClCompile>
    <ClCompile Include="crctable.c">
      <Filter>Source Files</Filter>
    </ClCompile>
    <ClCompile Include="decompress.c">
      <Filter>Source Files</Filter>
    </ClCompile>
    <ClCompile Include="huffman.c">
      <Filter>Source Files</Filter>
    </ClCompile>
    <ClCompile Include="randtable.c">
      <Filter>Source Files</Filter>
    </ClCompile>
  </ItemGroup>
  <ItemGroup>
    <None Include="metrowin_axisbzip2.def">
      <Filter>Source Files</Filter>
    </None>
  </ItemGroup>
</Project>