<?xml version="1.0" encoding="utf-8"?>
<Project ToolsVersion="4.0" xmlns="http://schemas.microsoft.com/developer/msbuild/2003">
  <ItemGroup>
    <Filter Include="Header Files">
      <UniqueIdentifier>{00cb151f-b9da-4dc7-9072-83951ce95591}</UniqueIdentifier>
    </Filter>
    <Filter Include="Source Files">
      <UniqueIdentifier>{e91e119a-e247-46ab-ac2c-cca97cc0a375}</UniqueIdentifier>
    </Filter>
    <Filter Include="Source Files\asn1">
      <UniqueIdentifier>{b911682d-8a99-4ecc-94be-dadd9b33c22b}</UniqueIdentifier>
    </Filter>
    <Filter Include="Header Files\framework">
      <UniqueIdentifier>{c60230c4-b181-498b-82b6-9249a1d74717}</UniqueIdentifier>
    </Filter>
    <Filter Include="Source Files\framework">
      <UniqueIdentifier>{8d273642-4f23-4e83-ac70-2c0ecd8a3c85}</UniqueIdentifier>
    </Filter>
    <Filter Include="Source Files\bcrypt">
      <UniqueIdentifier>{99b2d5b7-2c53-43f7-8bec-09ab5d2e2692}</UniqueIdentifier>
    </Filter>
    <Filter Include="Source Files\com">
      <UniqueIdentifier>{f63d5ae5-5095-4122-bed3-86d481e793c6}</UniqueIdentifier>
    </Filter>
    <Filter Include="Source Files\credentials">
      <UniqueIdentifier>{fb6efaee-29f9-4203-bc58-5f916b2b176c}</UniqueIdentifier>
    </Filter>
    <Filter Include="Source Files\credui">
      <UniqueIdentifier>{1fa2b8f1-dc09-450d-8b53-644c2e40efe6}</UniqueIdentifier>
    </Filter>
    <Filter Include="Source Files\crt">
      <UniqueIdentifier>{b7986fe4-f887-46e4-9860-643f3e74a79f}</UniqueIdentifier>
    </Filter>
    <Filter Include="Header Files\crt">
      <UniqueIdentifier>{e6cdeec8-ffcb-4144-b788-bbc41d3547de}</UniqueIdentifier>
    </Filter>
    <Filter Include="Source Files\crypto">
      <UniqueIdentifier>{f0005d32-8ab3-4d3d-9bc9-d4003e3cc27f}</UniqueIdentifier>
    </Filter>
    <Filter Include="Header Files\crypto">
      <UniqueIdentifier>{b629f00b-5fd3-4018-accc-1bccfd3aa239}</UniqueIdentifier>
    </Filter>
    <Filter Include="Source Files\dsparse">
      <UniqueIdentifier>{90772511-72d5-43cf-9394-97ec7cdb87e4}</UniqueIdentifier>
    </Filter>
    <Filter Include="Source Files\environment">
      <UniqueIdentifier>{d27cb042-e46d-4b9b-87a1-0afb8522dee7}</UniqueIdentifier>
    </Filter>
    <Filter Include="Source Files\error">
      <UniqueIdentifier>{21d61752-9eda-480b-97e0-488ac1e140c1}</UniqueIdentifier>
    </Filter>
    <Filter Include="Source Files\file">
      <UniqueIdentifier>{2483cab8-ddb2-41bb-bc83-e38b0ea46554}</UniqueIdentifier>
    </Filter>
    <Filter Include="Header Files\handle">
      <UniqueIdentifier>{7a0de8ed-61d2-4f3b-b10a-ca3ec6f48523}</UniqueIdentifier>
    </Filter>
    <Filter Include="Source Files\heap">
      <UniqueIdentifier>{d38169d4-e7eb-4746-8cdb-fa10ef122234}</UniqueIdentifier>
    </Filter>
    <Filter Include="Source Files\input">
      <UniqueIdentifier>{29c75435-986a-4c79-a005-5a69a5d8c8ec}</UniqueIdentifier>
    </Filter>
    <Filter Include="Source Files\interlocked">
      <UniqueIdentifier>{67dd83b0-686b-44ed-80dd-dd81d418326d}</UniqueIdentifier>
    </Filter>
    <Filter Include="Source Files\io">
      <UniqueIdentifier>{66243f76-9228-41fb-9d79-8592e75b3f9f}</UniqueIdentifier>
    </Filter>
    <Filter Include="Header Files\io">
      <UniqueIdentifier>{a79bde4a-f66d-4a2d-8c06-ac8c8c9622c7}</UniqueIdentifier>
    </Filter>
    <Filter Include="Source Files\handle">
      <UniqueIdentifier>{da645c33-e259-45a5-afa3-085dc5c47188}</UniqueIdentifier>
    </Filter>
    <Filter Include="Source Files\library">
      <UniqueIdentifier>{94481362-bad3-427d-8cc8-78478b7db2d8}</UniqueIdentifier>
    </Filter>
    <Filter Include="Source Files\nt">
      <UniqueIdentifier>{10b671bf-429b-4ec5-ab74-fd48dd81ab5f}</UniqueIdentifier>
    </Filter>
    <Filter Include="Header Files\nt">
      <UniqueIdentifier>{085e7811-46f4-44c0-ac50-83ab2964644e}</UniqueIdentifier>
    </Filter>
    <Filter Include="Source Files\path">
      <UniqueIdentifier>{d66be868-0235-480e-a2a5-2b3475ee3412}</UniqueIdentifier>
    </Filter>
    <Filter Include="Source Files\pipe">
      <UniqueIdentifier>{6880d3e2-c8c3-429e-ad0d-0a27cc1c6be3}</UniqueIdentifier>
    </Filter>
    <Filter Include="Header Files\pipe">
      <UniqueIdentifier>{f69587b4-2cf1-44e8-a953-b12a125135ae}</UniqueIdentifier>
    </Filter>
    <Filter Include="Source Files\pool">
      <UniqueIdentifier>{747070a5-b5e0-4d2d-b761-7b21b6cdde83}</UniqueIdentifier>
    </Filter>
    <Filter Include="Header Files\pool">
      <UniqueIdentifier>{94079837-ee06-4f63-a10c-7848794b75ae}</UniqueIdentifier>
    </Filter>
    <Filter Include="Header Files\registry">
      <UniqueIdentifier>{b5517e1b-975d-41b8-abd2-0cb4e3b6f1c8}</UniqueIdentifier>
    </Filter>
    <Filter Include="Header Files\rpc">
      <UniqueIdentifier>{4f489c5a-84c6-4388-8378-3aed87a52b28}</UniqueIdentifier>
    </Filter>
    <Filter Include="Header Files\security">
      <UniqueIdentifier>{8c0f919b-c24d-4ecd-9d41-2ca9179a66f0}</UniqueIdentifier>
    </Filter>
    <Filter Include="Source Files\rpc">
      <UniqueIdentifier>{9fb57159-fc49-423c-b148-82c1548ec706}</UniqueIdentifier>
    </Filter>
    <Filter Include="Source Files\security">
      <UniqueIdentifier>{f509e6dd-8644-4511-9cdd-60222f68e8e7}</UniqueIdentifier>
    </Filter>
    <Filter Include="Source Files\sspi">
      <UniqueIdentifier>{bd95f326-29ce-4f70-97b0-2d2fe295923d}</UniqueIdentifier>
    </Filter>
    <Filter Include="Source Files\sspi\CredSSP">
      <UniqueIdentifier>{c78b7405-39d7-4c93-8e6b-2ccdb1b77cd2}</UniqueIdentifier>
    </Filter>
    <Filter Include="Header Files\sspi">
      <UniqueIdentifier>{ca499adb-0a7c-4e8f-9df6-ff7d3079379c}</UniqueIdentifier>
    </Filter>
    <Filter Include="Header Files\sspi\CredSSP">
      <UniqueIdentifier>{11495433-a998-4a71-acb0-be16a015278f}</UniqueIdentifier>
    </Filter>
    <Filter Include="Source Files\sspicli">
      <UniqueIdentifier>{5f523eac-f2f6-4668-9128-bbb3729909b5}</UniqueIdentifier>
    </Filter>
    <Filter Include="Header Files\synch">
      <UniqueIdentifier>{1535a630-12a2-46d8-bc4d-ca9b9bf860ec}</UniqueIdentifier>
    </Filter>
    <Filter Include="Source Files\synch">
      <UniqueIdentifier>{3cd8f73f-d2d0-4a06-9ee8-dfe1ba97d2f7}</UniqueIdentifier>
    </Filter>
    <Filter Include="Source Files\sysinfo">
      <UniqueIdentifier>{277a5b92-d2f3-4787-af30-ee0edbe09d9f}</UniqueIdentifier>
    </Filter>
    <Filter Include="Header Files\thread">
      <UniqueIdentifier>{e4651a7c-ff1e-454e-8f55-605b9d7289b3}</UniqueIdentifier>
    </Filter>
    <Filter Include="Source Files\thread">
      <UniqueIdentifier>{3ecf1ab9-8096-429c-a6f3-63150d1b55d3}</UniqueIdentifier>
    </Filter>
    <Filter Include="Source Files\utils">
      <UniqueIdentifier>{51459565-1061-48b1-8ef0-91915bc19bdb}</UniqueIdentifier>
    </Filter>
    <Filter Include="Source Files\timezone">
      <UniqueIdentifier>{859a445b-0b55-4592-b6e9-150355c10cd3}</UniqueIdentifier>
    </Filter>
    <Filter Include="Source Files\utils\collections">
      <UniqueIdentifier>{ebf4f335-c0d7-4136-a1c6-441166f53932}</UniqueIdentifier>
    </Filter>
    <Filter Include="Source Files\utils\trio">
      <UniqueIdentifier>{3af02400-ce5f-4cb7-86a6-58926914ad25}</UniqueIdentifier>
    </Filter>
    <Filter Include="Header Files\utils">
      <UniqueIdentifier>{b3e1eb92-0119-4a21-bfb6-1b402210073e}</UniqueIdentifier>
    </Filter>
    <Filter Include="Header Files\utils\trio">
      <UniqueIdentifier>{df6ce884-621f-4aec-9b17-24ba08a1b53a}</UniqueIdentifier>
    </Filter>
    <Filter Include="Source Files\utils\wlog">
      <UniqueIdentifier>{c3336bb7-a5bf-4636-bd5c-cee10aef775e}</UniqueIdentifier>
    </Filter>
    <Filter Include="Header Files\utils\wlog">
      <UniqueIdentifier>{869f5094-3711-4ca8-8c43-90b6455d379a}</UniqueIdentifier>
    </Filter>
    <Filter Include="Source Files\winhttp">
      <UniqueIdentifier>{a0285fcd-c768-4353-9d89-3a56d58d967d}</UniqueIdentifier>
    </Filter>
    <Filter Include="Source Files\winsock">
      <UniqueIdentifier>{6c340fd4-1d91-4a1c-b6e9-a88e5ea40e57}</UniqueIdentifier>
    </Filter>
    <Filter Include="Source Files\wtsapi">
      <UniqueIdentifier>{aed53730-347b-46a1-8fe0-4f9235398aa9}</UniqueIdentifier>
    </Filter>
  </ItemGroup>
  <ItemGroup>
    <ClCompile Include="asn1\asn1.c">
      <Filter>Source Files\asn1</Filter>
    </ClCompile>
    <ClCompile Include="bcrypt\bcrypt.c">
      <Filter>Source Files\bcrypt</Filter>
    </ClCompile>
    <ClCompile Include="com\com.c">
      <Filter>Source Files\com</Filter>
    </ClCompile>
    <ClCompile Include="credentials\credentials.c">
      <Filter>Source Files\credentials</Filter>
    </ClCompile>
    <ClCompile Include="credui\credui.c">
      <Filter>Source Files\credui</Filter>
    </ClCompile>
    <ClCompile Include="crt\alignment.c">
      <Filter>Source Files\crt</Filter>
    </ClCompile>
    <ClCompile Include="crt\buffer.c">
      <Filter>Source Files\crt</Filter>
    </ClCompile>
    <ClCompile Include="crt\conversion.c">
      <Filter>Source Files\crt</Filter>
    </ClCompile>
    <ClCompile Include="crt\memory.c">
      <Filter>Source Files\crt</Filter>
    </ClCompile>
    <ClCompile Include="crt\string.c">
      <Filter>Source Files\crt</Filter>
    </ClCompile>
    <ClCompile Include="crt\unicode.c">
      <Filter>Source Files\crt</Filter>
    </ClCompile>
    <ClCompile Include="crt\utf.c">
      <Filter>Source Files\crt</Filter>
    </ClCompile>
    <ClCompile Include="crypto\cert.c">
      <Filter>Source Files\crypto</Filter>
    </ClCompile>
    <ClCompile Include="crypto\crypto.c">
      <Filter>Source Files\crypto</Filter>
    </ClCompile>
    <ClCompile Include="dsparse\dsparse.c">
      <Filter>Source Files\dsparse</Filter>
    </ClCompile>
    <ClCompile Include="environment\environment.c">
      <Filter>Source Files\environment</Filter>
    </ClCompile>
    <ClCompile Include="file\file.c">
      <Filter>Source Files\file</Filter>
    </ClCompile>
    <ClCompile Include="file\pattern.c">
      <Filter>Source Files\file</Filter>
    </ClCompile>
    <ClCompile Include="handle\handle.c">
      <Filter>Source Files\handle</Filter>
    </ClCompile>
    <ClCompile Include="handle\table.c">
      <Filter>Source Files\handle</Filter>
    </ClCompile>
    <ClCompile Include="heap\heap.c">
      <Filter>Source Files\heap</Filter>
    </ClCompile>
    <ClCompile Include="input\keycode.c">
      <Filter>Source Files\input</Filter>
    </ClCompile>
    <ClCompile Include="input\scancode.c">
      <Filter>Source Files\input</Filter>
    </ClCompile>
    <ClCompile Include="input\virtualkey.c">
      <Filter>Source Files\input</Filter>
    </ClCompile>
    <ClCompile Include="interlocked\interlocked.c">
      <Filter>Source Files\interlocked</Filter>
    </ClCompile>
    <ClCompile Include="io\device.c">
      <Filter>Source Files\io</Filter>
    </ClCompile>
    <ClCompile Include="io\io.c">
      <Filter>Source Files\io</Filter>
    </ClCompile>
    <ClCompile Include="library\library.c">
      <Filter>Source Files\library</Filter>
    </ClCompile>
    <ClCompile Include="nt\nt.c">
      <Filter>Source Files\nt</Filter>
    </ClCompile>
    <ClCompile Include="path\path.c">
      <Filter>Source Files\path</Filter>
    </ClCompile>
    <ClCompile Include="path\shell.c">
      <Filter>Source Files\path</Filter>
    </ClCompile>
    <ClCompile Include="pipe\pipe.c">
      <Filter>Source Files\pipe</Filter>
    </ClCompile>
    <ClCompile Include="rpc\midl.c">
      <Filter>Source Files\rpc</Filter>
    </ClCompile>
    <ClCompile Include="rpc\ndr.c">
      <Filter>Source Files\rpc</Filter>
    </ClCompile>
    <ClCompile Include="rpc\ndr_array.c">
      <Filter>Source Files\rpc</Filter>
    </ClCompile>
    <ClCompile Include="rpc\ndr_context.c">
      <Filter>Source Files\rpc</Filter>
    </ClCompile>
    <ClCompile Include="rpc\ndr_correlation.c">
      <Filter>Source Files\rpc</Filter>
    </ClCompile>
    <ClCompile Include="rpc\ndr_pointer.c">
      <Filter>Source Files\rpc</Filter>
    </ClCompile>
    <ClCompile Include="rpc\ndr_private.c">
      <Filter>Source Files\rpc</Filter>
    </ClCompile>
    <ClCompile Include="rpc\ndr_simple.c">
      <Filter>Source Files\rpc</Filter>
    </ClCompile>
    <ClCompile Include="rpc\ndr_string.c">
      <Filter>Source Files\rpc</Filter>
    </ClCompile>
    <ClCompile Include="rpc\ndr_structure.c">
      <Filter>Source Files\rpc</Filter>
    </ClCompile>
    <ClCompile Include="rpc\ndr_union.c">
      <Filter>Source Files\rpc</Filter>
    </ClCompile>
    <ClCompile Include="rpc\rpc.c">
      <Filter>Source Files\rpc</Filter>
    </ClCompile>
    <ClCompile Include="security\security.c">
      <Filter>Source Files\security</Filter>
    </ClCompile>
    <ClCompile Include="sspi\sspi.c">
      <Filter>Source Files\sspi</Filter>
    </ClCompile>
    <ClCompile Include="sspi\CredSSP\credssp.c">
      <Filter>Source Files\sspi\CredSSP</Filter>
    </ClCompile>
    <ClCompile Include="sspicli\sspicli.c">
      <Filter>Source Files\sspicli</Filter>
    </ClCompile>
    <ClCompile Include="synch\address.c">
      <Filter>Source Files\synch</Filter>
    </ClCompile>
    <ClCompile Include="synch\barrier.c">
      <Filter>Source Files\synch</Filter>
    </ClCompile>
    <ClCompile Include="synch\condition.c">
      <Filter>Source Files\synch</Filter>
    </ClCompile>
    <ClCompile Include="synch\critical.c">
      <Filter>Source Files\synch</Filter>
    </ClCompile>
    <ClCompile Include="synch\event.c">
      <Filter>Source Files\synch</Filter>
    </ClCompile>
    <ClCompile Include="synch\init.c">
      <Filter>Source Files\synch</Filter>
    </ClCompile>
    <ClCompile Include="synch\mutex.c">
      <Filter>Source Files\synch</Filter>
    </ClCompile>
    <ClCompile Include="synch\semaphore.c">
      <Filter>Source Files\synch</Filter>
    </ClCompile>
    <ClCompile Include="synch\sleep.c">
      <Filter>Source Files\synch</Filter>
    </ClCompile>
    <ClCompile Include="synch\srw.c">
      <Filter>Source Files\synch</Filter>
    </ClCompile>
    <ClCompile Include="synch\synch.c">
      <Filter>Source Files\synch</Filter>
    </ClCompile>
    <ClCompile Include="synch\timer.c">
      <Filter>Source Files\synch</Filter>
    </ClCompile>
    <ClCompile Include="synch\wait.c">
      <Filter>Source Files\synch</Filter>
    </ClCompile>
    <ClCompile Include="sysinfo\sysinfo.c">
      <Filter>Source Files\sysinfo</Filter>
    </ClCompile>
    <ClCompile Include="thread\argv.c">
      <Filter>Source Files\thread</Filter>
    </ClCompile>
    <ClCompile Include="thread\process.c">
      <Filter>Source Files\thread</Filter>
    </ClCompile>
    <ClCompile Include="thread\processor.c">
      <Filter>Source Files\thread</Filter>
    </ClCompile>
    <ClCompile Include="thread\thread.c">
      <Filter>Source Files\thread</Filter>
    </ClCompile>
    <ClCompile Include="thread\tls.c">
      <Filter>Source Files\thread</Filter>
    </ClCompile>
    <ClCompile Include="timezone\timezone.c">
      <Filter>Source Files\timezone</Filter>
    </ClCompile>
    <ClCompile Include="utils\cmdline.c">
      <Filter>Source Files\utils</Filter>
    </ClCompile>
    <ClCompile Include="utils\ntlm.c">
      <Filter>Source Files\utils</Filter>
    </ClCompile>
    <ClCompile Include="utils\print.c">
      <Filter>Source Files\utils</Filter>
    </ClCompile>
    <ClCompile Include="utils\sam.c">
      <Filter>Source Files\utils</Filter>
    </ClCompile>
    <ClCompile Include="utils\stream.c">
      <Filter>Source Files\utils</Filter>
    </ClCompile>
    <ClCompile Include="utils\collections\ArrayList.c">
      <Filter>Source Files\utils\collections</Filter>
    </ClCompile>
    <ClCompile Include="utils\collections\BufferPool.c">
      <Filter>Source Files\utils\collections</Filter>
    </ClCompile>
    <ClCompile Include="utils\collections\CountdownEvent.c">
      <Filter>Source Files\utils\collections</Filter>
    </ClCompile>
    <ClCompile Include="utils\collections\Dictionary.c">
      <Filter>Source Files\utils\collections</Filter>
    </ClCompile>
    <ClCompile Include="utils\collections\KeyValuePair.c">
      <Filter>Source Files\utils\collections</Filter>
    </ClCompile>
    <ClCompile Include="utils\collections\LinkedList.c">
      <Filter>Source Files\utils\collections</Filter>
    </ClCompile>
    <ClCompile Include="utils\collections\ListDictionary.c">
      <Filter>Source Files\utils\collections</Filter>
    </ClCompile>
    <ClCompile Include="utils\collections\MessagePipe.c">
      <Filter>Source Files\utils\collections</Filter>
    </ClCompile>
    <ClCompile Include="utils\collections\MessageQueue.c">
      <Filter>Source Files\utils\collections</Filter>
    </ClCompile>
    <ClCompile Include="utils\collections\ObjectPool.c">
      <Filter>Source Files\utils\collections</Filter>
    </ClCompile>
    <ClCompile Include="utils\collections\PubSub.c">
      <Filter>Source Files\utils\collections</Filter>
    </ClCompile>
    <ClCompile Include="utils\collections\Queue.c">
      <Filter>Source Files\utils\collections</Filter>
    </ClCompile>
    <ClCompile Include="utils\collections\Reference.c">
      <Filter>Source Files\utils\collections</Filter>
    </ClCompile>
    <ClCompile Include="utils\collections\Stack.c">
      <Filter>Source Files\utils\collections</Filter>
    </ClCompile>
    <ClCompile Include="utils\collections\StreamPool.c">
      <Filter>Source Files\utils\collections</Filter>
    </ClCompile>
    <ClCompile Include="utils\trio\trio.c">
      <Filter>Source Files\utils\trio</Filter>
    </ClCompile>
    <ClCompile Include="utils\trio\trionan.c">
      <Filter>Source Files\utils\trio</Filter>
    </ClCompile>
    <ClCompile Include="utils\trio\triostr.c">
      <Filter>Source Files\utils\trio</Filter>
    </ClCompile>
    <ClCompile Include="utils\wlog\Appender.c">
      <Filter>Source Files\utils\wlog</Filter>
    </ClCompile>
    <ClCompile Include="utils\wlog\BinaryAppender.c">
      <Filter>Source Files\utils\wlog</Filter>
    </ClCompile>
    <ClCompile Include="utils\wlog\ConsoleAppender.c">
      <Filter>Source Files\utils\wlog</Filter>
    </ClCompile>
    <ClCompile Include="utils\wlog\DataMessage.c">
      <Filter>Source Files\utils\wlog</Filter>
    </ClCompile>
    <ClCompile Include="utils\wlog\FileAppender.c">
      <Filter>Source Files\utils\wlog</Filter>
    </ClCompile>
    <ClCompile Include="utils\wlog\ImageMessage.c">
      <Filter>Source Files\utils\wlog</Filter>
    </ClCompile>
    <ClCompile Include="utils\wlog\Layout.c">
      <Filter>Source Files\utils\wlog</Filter>
    </ClCompile>
    <ClCompile Include="utils\wlog\Message.c">
      <Filter>Source Files\utils\wlog</Filter>
    </ClCompile>
    <ClCompile Include="utils\wlog\PacketMessage.c">
      <Filter>Source Files\utils\wlog</Filter>
    </ClCompile>
    <ClCompile Include="utils\wlog\TextMessage.c">
      <Filter>Source Files\utils\wlog</Filter>
    </ClCompile>
    <ClCompile Include="utils\wlog\wlog.c">
      <Filter>Source Files\utils\wlog</Filter>
    </ClCompile>
    <ClCompile Include="winhttp\winhttp.c">
      <Filter>Source Files\winhttp</Filter>
    </ClCompile>
    <ClCompile Include="winsock\winsock.c">
      <Filter>Source Files\winsock</Filter>
    </ClCompile>
    <ClCompile Include="wtsapi\wtsapi.c">
      <Filter>Source Files\wtsapi</Filter>
    </ClCompile>
    <ClCompile Include="wtsapi\wtsrpc_c.c">
      <Filter>Source Files\wtsapi</Filter>
    </ClCompile>
    <ClCompile Include="pool\pool_callback.c">
      <Filter>Source Files\pool</Filter>
    </ClCompile>
    <ClCompile Include="pool\pool_callback_cleanup.c">
      <Filter>Source Files\pool</Filter>
    </ClCompile>
    <ClCompile Include="pool\pool_callback_environment.c">
      <Filter>Source Files\pool</Filter>
    </ClCompile>
    <ClCompile Include="pool\pool_cleanup_group.c">
      <Filter>Source Files\pool</Filter>
    </ClCompile>
    <ClCompile Include="pool\pool_io.c">
      <Filter>Source Files\pool</Filter>
    </ClCompile>
    <ClCompile Include="pool\pool_pool.c">
      <Filter>Source Files\pool</Filter>
    </ClCompile>
    <ClCompile Include="pool\pool_synch.c">
      <Filter>Source Files\pool</Filter>
    </ClCompile>
    <ClCompile Include="pool\pool_timer.c">
      <Filter>Source Files\pool</Filter>
    </ClCompile>
    <ClCompile Include="pool\pool_work.c">
      <Filter>Source Files\pool</Filter>
    </ClCompile>
    <ClCompile Include="framework\config.c">
      <Filter>Source Files\framework</Filter>
    </ClCompile>
    <ClCompile Include="error\err_err.c">
      <Filter>Source Files\error</Filter>
    </ClCompile>
  </ItemGroup>
  <ItemGroup>
    <ClInclude Include="crypto\crypto.h">
      <Filter>Header Files\crypto</Filter>
    </ClInclude>
    <ClInclude Include="crt\utf.h">
      <Filter>Header Files\crt</Filter>
    </ClInclude>
    <ClInclude Include="handle\handle.h">
      <Filter>Header Files\handle</Filter>
    </ClInclude>
    <ClInclude Include="io\io.h">
      <Filter>Header Files\io</Filter>
    </ClInclude>
    <ClInclude Include="nt\nt.h">
      <Filter>Header Files\nt</Filter>
    </ClInclude>
    <ClInclude Include="pipe\pipe.h">
      <Filter>Header Files\pipe</Filter>
    </ClInclude>
    <ClInclude Include="pool\pool.h">
      <Filter>Header Files\pool</Filter>
    </ClInclude>
    <ClInclude Include="registry\registry_reg.h">
      <Filter>Header Files\registry</Filter>
    </ClInclude>
    <ClInclude Include="rpc\ndr_array.h">
      <Filter>Header Files\rpc</Filter>
    </ClInclude>
    <ClInclude Include="rpc\ndr_context.h">
      <Filter>Header Files\rpc</Filter>
    </ClInclude>
    <ClInclude Include="rpc\ndr_correlation.h">
      <Filter>Header Files\rpc</Filter>
    </ClInclude>
    <ClInclude Include="rpc\ndr_pointer.h">
      <Filter>Header Files\rpc</Filter>
    </ClInclude>
    <ClInclude Include="rpc\ndr_private.h">
      <Filter>Header Files\rpc</Filter>
    </ClInclude>
    <ClInclude Include="rpc\ndr_simple.h">
      <Filter>Header Files\rpc</Filter>
    </ClInclude>
    <ClInclude Include="rpc\ndr_string.h">
      <Filter>Header Files\rpc</Filter>
    </ClInclude>
    <ClInclude Include="rpc\ndr_structure.h">
      <Filter>Header Files\rpc</Filter>
    </ClInclude>
    <ClInclude Include="rpc\ndr_union.h">
      <Filter>Header Files\rpc</Filter>
    </ClInclude>
    <ClInclude Include="security\security.h">
      <Filter>Header Files\security</Filter>
    </ClInclude>
    <ClInclude Include="sspi\CredSSP\credssp.h">
      <Filter>Header Files\sspi\CredSSP</Filter>
    </ClInclude>
    <ClInclude Include="sspi\sspi.h">
      <Filter>Header Files\sspi</Filter>
    </ClInclude>
    <ClInclude Include="synch\synch.h">
      <Filter>Header Files\synch</Filter>
    </ClInclude>
    <ClInclude Include="thread\thread.h">
      <Filter>Header Files\thread</Filter>
    </ClInclude>
    <ClInclude Include="utils\trio\strio.h">
      <Filter>Header Files\utils\trio</Filter>
    </ClInclude>
    <ClInclude Include="utils\trio\trio.h">
      <Filter>Header Files\utils\trio</Filter>
    </ClInclude>
    <ClInclude Include="utils\trio\triodef.h">
      <Filter>Header Files\utils\trio</Filter>
    </ClInclude>
    <ClInclude Include="utils\trio\trionan.h">
      <Filter>Header Files\utils\trio</Filter>
    </ClInclude>
    <ClInclude Include="utils\trio\triop.h">
      <Filter>Header Files\utils\trio</Filter>
    </ClInclude>
    <ClInclude Include="utils\trio\triostr.h">
      <Filter>Header Files\utils\trio</Filter>
    </ClInclude>
    <ClInclude Include="utils\wlog\Appender.h">
      <Filter>Header Files\utils\wlog</Filter>
    </ClInclude>
    <ClInclude Include="utils\wlog\BinaryAppender.h">
      <Filter>Header Files\utils\wlog</Filter>
    </ClInclude>
    <ClInclude Include="utils\wlog\ConsoleAppender.h">
      <Filter>Header Files\utils\wlog</Filter>
    </ClInclude>
    <ClInclude Include="utils\wlog\DataMessage.h">
      <Filter>Header Files\utils\wlog</Filter>
    </ClInclude>
    <ClInclude Include="utils\wlog\FileAppender.h">
      <Filter>Header Files\utils\wlog</Filter>
    </ClInclude>
    <ClInclude Include="utils\wlog\ImageMessage.h">
      <Filter>Header Files\utils\wlog</Filter>
    </ClInclude>
    <ClInclude Include="utils\wlog\Layout.h">
      <Filter>Header Files\utils\wlog</Filter>
    </ClInclude>
    <ClInclude Include="utils\wlog\Message.h">
      <Filter>Header Files\utils\wlog</Filter>
    </ClInclude>
    <ClInclude Include="utils\wlog\PacketMessage.h">
      <Filter>Header Files\utils\wlog</Filter>
    </ClInclude>
    <ClInclude Include="utils\wlog\TextMessage.h">
      <Filter>Header Files\utils\wlog</Filter>
    </ClInclude>
    <ClInclude Include="utils\wlog\wlog.h">
      <Filter>Header Files\utils\wlog</Filter>
    </ClInclude>
    <ClInclude Include="framework\framework.h">
      <Filter>Header Files\framework</Filter>
    </ClInclude>
  </ItemGroup>
  <ItemGroup>
    <None Include="axiswinpr.def" />
  </ItemGroup>
</Project>