<?xml version="1.0" encoding="utf-8"?>
<Project ToolsVersion="4.0" xmlns="http://schemas.microsoft.com/developer/msbuild/2003">
  <ItemGroup>
    <Filter Include="Header Files">
      <UniqueIdentifier>{749043d9-5163-449e-bde6-c0d79f02e866}</UniqueIdentifier>
    </Filter>
    <Filter Include="Source Files">
      <UniqueIdentifier>{a88c06bf-ec0b-496a-990f-a6e881bfe999}</UniqueIdentifier>
    </Filter>
    <Filter Include="Source Files\Source">
      <UniqueIdentifier>{4e6b8e2f-f793-4a2d-bd3c-910b65b06065}</UniqueIdentifier>
    </Filter>
    <Filter Include="Source Files\Source\LibJPEG">
      <UniqueIdentifier>{373dd903-d373-4f02-913f-ca4c96ab3529}</UniqueIdentifier>
    </Filter>
    <Filter Include="Source Files\Source Files">
      <UniqueIdentifier>{7b02c736-7b42-494e-833f-423715d77cbd}</UniqueIdentifier>
    </Filter>
    <Filter Include="Source Files\Source Files\Plugins">
      <UniqueIdentifier>{332172a8-8e16-4450-b477-19cbf86d4cd4}</UniqueIdentifier>
    </Filter>
  </ItemGroup>
  <ItemGroup>
    <ClCompile Include="Source\LibJPEG\cdjpeg.c">
      <Filter>Source Files\Source\LibJPEG</Filter>
    </ClCompile>
    <ClCompile Include="Source\LibJPEG\jaricom.c">
      <Filter>Source Files\Source\LibJPEG</Filter>
    </ClCompile>
    <ClCompile Include="Source\LibJPEG\jcapimin.c">
      <Filter>Source Files\Source\LibJPEG</Filter>
    </ClCompile>
    <ClCompile Include="Source\LibJPEG\jcapistd.c">
      <Filter>Source Files\Source\LibJPEG</Filter>
    </ClCompile>
    <ClCompile Include="Source\LibJPEG\jcarith.c">
      <Filter>Source Files\Source\LibJPEG</Filter>
    </ClCompile>
    <ClCompile Include="Source\LibJPEG\jccoefct.c">
      <Filter>Source Files\Source\LibJPEG</Filter>
    </ClCompile>
    <ClCompile Include="Source\LibJPEG\jccolor.c">
      <Filter>Source Files\Source\LibJPEG</Filter>
    </ClCompile>
    <ClCompile Include="Source\LibJPEG\jcdctmgr.c">
      <Filter>Source Files\Source\LibJPEG</Filter>
    </ClCompile>
    <ClCompile Include="Source\LibJPEG\jchuff.c">
      <Filter>Source Files\Source\LibJPEG</Filter>
    </ClCompile>
    <ClCompile Include="Source\LibJPEG\jcinit.c">
      <Filter>Source Files\Source\LibJPEG</Filter>
    </ClCompile>
    <ClCompile Include="Source\LibJPEG\jcmainct.c">
      <Filter>Source Files\Source\LibJPEG</Filter>
    </ClCompile>
    <ClCompile Include="Source\LibJPEG\jcmarker.c">
      <Filter>Source Files\Source\LibJPEG</Filter>
    </ClCompile>
    <ClCompile Include="Source\LibJPEG\jcmaster.c">
      <Filter>Source Files\Source\LibJPEG</Filter>
    </ClCompile>
    <ClCompile Include="Source\LibJPEG\jcomapi.c">
      <Filter>Source Files\Source\LibJPEG</Filter>
    </ClCompile>
    <ClCompile Include="Source\LibJPEG\jcparam.c">
      <Filter>Source Files\Source\LibJPEG</Filter>
    </ClCompile>
    <ClCompile Include="Source\LibJPEG\jcprepct.c">
      <Filter>Source Files\Source\LibJPEG</Filter>
    </ClCompile>
    <ClCompile Include="Source\LibJPEG\jcsample.c">
      <Filter>Source Files\Source\LibJPEG</Filter>
    </ClCompile>
    <ClCompile Include="Source\LibJPEG\jctrans.c">
      <Filter>Source Files\Source\LibJPEG</Filter>
    </ClCompile>
    <ClCompile Include="Source\LibJPEG\jdapimin.c">
      <Filter>Source Files\Source\LibJPEG</Filter>
    </ClCompile>
    <ClCompile Include="Source\LibJPEG\jdapistd.c">
      <Filter>Source Files\Source\LibJPEG</Filter>
    </ClCompile>
    <ClCompile Include="Source\LibJPEG\jdarith.c">
      <Filter>Source Files\Source\LibJPEG</Filter>
    </ClCompile>
    <ClCompile Include="Source\LibJPEG\jdatadst.c">
      <Filter>Source Files\Source\LibJPEG</Filter>
    </ClCompile>
    <ClCompile Include="Source\LibJPEG\jdatasrc.c">
      <Filter>Source Files\Source\LibJPEG</Filter>
    </ClCompile>
    <ClCompile Include="Source\LibJPEG\jdcoefct.c">
      <Filter>Source Files\Source\LibJPEG</Filter>
    </ClCompile>
    <ClCompile Include="Source\LibJPEG\jdcolor.c">
      <Filter>Source Files\Source\LibJPEG</Filter>
    </ClCompile>
    <ClCompile Include="Source\LibJPEG\jddctmgr.c">
      <Filter>Source Files\Source\LibJPEG</Filter>
    </ClCompile>
    <ClCompile Include="Source\LibJPEG\jdhuff.c">
      <Filter>Source Files\Source\LibJPEG</Filter>
    </ClCompile>
    <ClCompile Include="Source\LibJPEG\jdinput.c">
      <Filter>Source Files\Source\LibJPEG</Filter>
    </ClCompile>
    <ClCompile Include="Source\LibJPEG\jdmainct.c">
      <Filter>Source Files\Source\LibJPEG</Filter>
    </ClCompile>
    <ClCompile Include="Source\LibJPEG\jdmarker.c">
      <Filter>Source Files\Source\LibJPEG</Filter>
    </ClCompile>
    <ClCompile Include="Source\LibJPEG\jdmaster.c">
      <Filter>Source Files\Source\LibJPEG</Filter>
    </ClCompile>
    <ClCompile Include="Source\LibJPEG\jdmerge.c">
      <Filter>Source Files\Source\LibJPEG</Filter>
    </ClCompile>
    <ClCompile Include="Source\LibJPEG\jdpostct.c">
      <Filter>Source Files\Source\LibJPEG</Filter>
    </ClCompile>
    <ClCompile Include="Source\LibJPEG\jdsample.c">
      <Filter>Source Files\Source\LibJPEG</Filter>
    </ClCompile>
    <ClCompile Include="Source\LibJPEG\jdtrans.c">
      <Filter>Source Files\Source\LibJPEG</Filter>
    </ClCompile>
    <ClCompile Include="Source\LibJPEG\jerror.c">
      <Filter>Source Files\Source\LibJPEG</Filter>
    </ClCompile>
    <ClCompile Include="Source\LibJPEG\jfdctflt.c">
      <Filter>Source Files\Source\LibJPEG</Filter>
    </ClCompile>
    <ClCompile Include="Source\LibJPEG\jfdctfst.c">
      <Filter>Source Files\Source\LibJPEG</Filter>
    </ClCompile>
    <ClCompile Include="Source\LibJPEG\jfdctint.c">
      <Filter>Source Files\Source\LibJPEG</Filter>
    </ClCompile>
    <ClCompile Include="Source\LibJPEG\jidctflt.c">
      <Filter>Source Files\Source\LibJPEG</Filter>
    </ClCompile>
    <ClCompile Include="Source\LibJPEG\jidctfst.c">
      <Filter>Source Files\Source\LibJPEG</Filter>
    </ClCompile>
    <ClCompile Include="Source\LibJPEG\jidctint.c">
      <Filter>Source Files\Source\LibJPEG</Filter>
    </ClCompile>
    <ClCompile Include="Source\LibJPEG\jmemmgr.c">
      <Filter>Source Files\Source\LibJPEG</Filter>
    </ClCompile>
    <ClCompile Include="Source\LibJPEG\jmemnobs.c">
      <Filter>Source Files\Source\LibJPEG</Filter>
    </ClCompile>
    <ClCompile Include="Source\LibJPEG\jquant1.c">
      <Filter>Source Files\Source\LibJPEG</Filter>
    </ClCompile>
    <ClCompile Include="Source\LibJPEG\jquant2.c">
      <Filter>Source Files\Source\LibJPEG</Filter>
    </ClCompile>
    <ClCompile Include="Source\LibJPEG\jutils.c">
      <Filter>Source Files\Source\LibJPEG</Filter>
    </ClCompile>
    <ClCompile Include="Source\LibJPEG\rdbmp.c">
      <Filter>Source Files\Source\LibJPEG</Filter>
    </ClCompile>
    <ClCompile Include="Source\LibJPEG\rdcolmap.c">
      <Filter>Source Files\Source\LibJPEG</Filter>
    </ClCompile>
    <ClCompile Include="Source\LibJPEG\rdgif.c">
      <Filter>Source Files\Source\LibJPEG</Filter>
    </ClCompile>
    <ClCompile Include="Source\LibJPEG\rdppm.c">
      <Filter>Source Files\Source\LibJPEG</Filter>
    </ClCompile>
    <ClCompile Include="Source\LibJPEG\rdrle.c">
      <Filter>Source Files\Source\LibJPEG</Filter>
    </ClCompile>
    <ClCompile Include="Source\LibJPEG\rdswitch.c">
      <Filter>Source Files\Source\LibJPEG</Filter>
    </ClCompile>
    <ClCompile Include="Source\LibJPEG\rdtarga.c">
      <Filter>Source Files\Source\LibJPEG</Filter>
    </ClCompile>
    <ClCompile Include="Source\LibJPEG\transupp.c">
      <Filter>Source Files\Source\LibJPEG</Filter>
    </ClCompile>
    <ClCompile Include="Source\LibJPEG\wrbmp.c">
      <Filter>Source Files\Source\LibJPEG</Filter>
    </ClCompile>
    <ClCompile Include="Source\LibJPEG\wrgif.c">
      <Filter>Source Files\Source\LibJPEG</Filter>
    </ClCompile>
    <ClCompile Include="Source\LibJPEG\wrppm.c">
      <Filter>Source Files\Source\LibJPEG</Filter>
    </ClCompile>
    <ClCompile Include="Source\LibJPEG\wrrle.c">
      <Filter>Source Files\Source\LibJPEG</Filter>
    </ClCompile>
    <ClCompile Include="Source\LibJPEG\wrtarga.c">
      <Filter>Source Files\Source\LibJPEG</Filter>
    </ClCompile>
    <ClCompile Include="Source\FreeImage\PluginJPEG.cpp">
      <Filter>Source Files\Source Files\Plugins</Filter>
    </ClCompile>
  </ItemGroup>
  <ItemGroup>
    <ClInclude Include="Source\LibJPEG\cderror.h">
      <Filter>Header Files</Filter>
    </ClInclude>
    <ClInclude Include="Source\LibJPEG\cdjpeg.h">
      <Filter>Header Files</Filter>
    </ClInclude>
    <ClInclude Include="Source\LibJPEG\jconfig.h">
      <Filter>Header Files</Filter>
    </ClInclude>
    <ClInclude Include="Source\LibJPEG\jdct.h">
      <Filter>Header Files</Filter>
    </ClInclude>
    <ClInclude Include="Source\LibJPEG\jerror.h">
      <Filter>Header Files</Filter>
    </ClInclude>
    <ClInclude Include="Source\LibJPEG\jinclude.h">
      <Filter>Header Files</Filter>
    </ClInclude>
    <ClInclude Include="Source\LibJPEG\transupp.h">
      <Filter>Header Files</Filter>
    </ClInclude>
    <ClInclude Include="Source\LibJPEG\jversion.h">
      <Filter>Header Files</Filter>
    </ClInclude>
    <ClInclude Include="Source\LibJPEG\jpeglib.h">
      <Filter>Header Files</Filter>
    </ClInclude>
    <ClInclude Include="Source\LibJPEG\jpegint.h">
      <Filter>Header Files</Filter>
    </ClInclude>
    <ClInclude Include="Source\LibJPEG\jmorecfg.h">
      <Filter>Header Files</Filter>
    </ClInclude>
    <ClInclude Include="Source\LibJPEG\jmemsys.h">
      <Filter>Header Files</Filter>
    </ClInclude>
  </ItemGroup>
  <ItemGroup>
    <None Include="axis_image_jpeg.def">
      <Filter>Source Files\Source Files</Filter>
    </None>
  </ItemGroup>
</Project>