<?xml version="1.0" encoding="utf-8"?>
<Project ToolsVersion="4.0" xmlns="http://schemas.microsoft.com/developer/msbuild/2003">
  <ItemGroup>
    <Filter Include="Source Files">
      <UniqueIdentifier>{a3a559a3-6c95-4483-8964-f0d4943b1eca}</UniqueIdentifier>
      <Extensions>cpp;c;cxx;rc;def;r;odl;idl;hpj;bat</Extensions>
    </Filter>
    <Filter Include="Source Files\Plugins">
      <UniqueIdentifier>{62a6be26-93cd-4961-82c8-9b93e407116d}</UniqueIdentifier>
    </Filter>
    <Filter Include="Header Files">
      <UniqueIdentifier>{c9710ef4-0975-4ac1-a1b1-bd2ffae5f776}</UniqueIdentifier>
      <Extensions>h;hpp;hxx;hm;inl</Extensions>
    </Filter>
    <Filter Include="Source">
      <UniqueIdentifier>{d2f18f13-5abc-4c80-9e44-afb15960bb25}</UniqueIdentifier>
    </Filter>
    <Filter Include="Source\LibWebP">
      <UniqueIdentifier>{b2092559-816a-4284-a32d-81ce6137c97a}</UniqueIdentifier>
    </Filter>
    <Filter Include="Source\LibWebP\src">
      <UniqueIdentifier>{05b24851-e343-49a8-a6fa-7211c04a100e}</UniqueIdentifier>
    </Filter>
    <Filter Include="Source\LibWebP\src\dec">
      <UniqueIdentifier>{20472746-c178-4d97-b8d6-1b5a3058f8f9}</UniqueIdentifier>
    </Filter>
    <Filter Include="Source\LibWebP\src\enc">
      <UniqueIdentifier>{dc744dde-9477-4843-a474-7049ab97e471}</UniqueIdentifier>
    </Filter>
    <Filter Include="Source\LibWebP\src\demux">
      <UniqueIdentifier>{bc0dc965-792d-4e8a-b915-0b9f81678aa1}</UniqueIdentifier>
    </Filter>
    <Filter Include="Source\LibWebP\src\dsp">
      <UniqueIdentifier>{9b27fa36-4fb2-46ca-9331-e4ddc2aa1f4d}</UniqueIdentifier>
    </Filter>
    <Filter Include="Source\LibWebP\src\mux">
      <UniqueIdentifier>{795bafeb-11bc-48b2-9339-606708075b2a}</UniqueIdentifier>
    </Filter>
    <Filter Include="Source\LibWebP\src\utils">
      <UniqueIdentifier>{50e408c6-8159-4eda-8b39-4142cccd9338}</UniqueIdentifier>
    </Filter>
    <Filter Include="Source\LibWebP\src\webp">
      <UniqueIdentifier>{68d9218b-6dfa-4d9f-a938-e28bf53e2ea2}</UniqueIdentifier>
    </Filter>
  </ItemGroup>
  <ItemGroup>
    <ClCompile Include="Source\LibWebP\src\dec\dec_alpha.c">
      <Filter>Source\LibWebP\src\dec</Filter>
    </ClCompile>
    <ClCompile Include="Source\LibWebP\src\dec\dec_buffer.c">
      <Filter>Source\LibWebP\src\dec</Filter>
    </ClCompile>
    <ClCompile Include="Source\LibWebP\src\dec\dec_frame.c">
      <Filter>Source\LibWebP\src\dec</Filter>
    </ClCompile>
    <ClCompile Include="Source\LibWebP\src\dec\dec_idec.c">
      <Filter>Source\LibWebP\src\dec</Filter>
    </ClCompile>
    <ClCompile Include="Source\LibWebP\src\dec\dec_io.c">
      <Filter>Source\LibWebP\src\dec</Filter>
    </ClCompile>
    <ClCompile Include="Source\LibWebP\src\dec\dec_layer.c">
      <Filter>Source\LibWebP\src\dec</Filter>
    </ClCompile>
    <ClCompile Include="Source\LibWebP\src\dec\dec_quant.c">
      <Filter>Source\LibWebP\src\dec</Filter>
    </ClCompile>
    <ClCompile Include="Source\LibWebP\src\dec\dec_tree.c">
      <Filter>Source\LibWebP\src\dec</Filter>
    </ClCompile>
    <ClCompile Include="Source\LibWebP\src\dec\dec_vp8.c">
      <Filter>Source\LibWebP\src\dec</Filter>
    </ClCompile>
    <ClCompile Include="Source\LibWebP\src\dec\dec_vp8l.c">
      <Filter>Source\LibWebP\src\dec</Filter>
    </ClCompile>
    <ClCompile Include="Source\LibWebP\src\dec\dec_webp.c">
      <Filter>Source\LibWebP\src\dec</Filter>
    </ClCompile>
    <ClCompile Include="Source\LibWebP\src\enc\enc_alpha.c">
      <Filter>Source\LibWebP\src\enc</Filter>
    </ClCompile>
    <ClCompile Include="Source\LibWebP\src\enc\enc_analysis.c">
      <Filter>Source\LibWebP\src\enc</Filter>
    </ClCompile>
    <ClCompile Include="Source\LibWebP\src\enc\enc_backward_references.c">
      <Filter>Source\LibWebP\src\enc</Filter>
    </ClCompile>
    <ClCompile Include="Source\LibWebP\src\enc\enc_config.c">
      <Filter>Source\LibWebP\src\enc</Filter>
    </ClCompile>
    <ClCompile Include="Source\LibWebP\src\enc\enc_cost.c">
      <Filter>Source\LibWebP\src\enc</Filter>
    </ClCompile>
    <ClCompile Include="Source\LibWebP\src\enc\enc_filter.c">
      <Filter>Source\LibWebP\src\enc</Filter>
    </ClCompile>
    <ClCompile Include="Source\LibWebP\src\enc\enc_frame.c">
      <Filter>Source\LibWebP\src\enc</Filter>
    </ClCompile>
    <ClCompile Include="Source\LibWebP\src\enc\enc_histogram.c">
      <Filter>Source\LibWebP\src\enc</Filter>
    </ClCompile>
    <ClCompile Include="Source\LibWebP\src\enc\enc_iterator.c">
      <Filter>Source\LibWebP\src\enc</Filter>
    </ClCompile>
    <ClCompile Include="Source\LibWebP\src\enc\enc_layer.c">
      <Filter>Source\LibWebP\src\enc</Filter>
    </ClCompile>
    <ClCompile Include="Source\LibWebP\src\enc\enc_picture.c">
      <Filter>Source\LibWebP\src\enc</Filter>
    </ClCompile>
    <ClCompile Include="Source\LibWebP\src\enc\enc_quant.c">
      <Filter>Source\LibWebP\src\enc</Filter>
    </ClCompile>
    <ClCompile Include="Source\LibWebP\src\enc\enc_syntax.c">
      <Filter>Source\LibWebP\src\enc</Filter>
    </ClCompile>
    <ClCompile Include="Source\LibWebP\src\enc\enc_tree.c">
      <Filter>Source\LibWebP\src\enc</Filter>
    </ClCompile>
    <ClCompile Include="Source\LibWebP\src\enc\enc_vp8l.c">
      <Filter>Source\LibWebP\src\enc</Filter>
    </ClCompile>
    <ClCompile Include="Source\LibWebP\src\enc\enc_webpenc.c">
      <Filter>Source\LibWebP\src\enc</Filter>
    </ClCompile>
    <ClCompile Include="Source\LibWebP\src\enc\token.c">
      <Filter>Source\LibWebP\src\enc</Filter>
    </ClCompile>
    <ClCompile Include="Source\LibWebP\src\demux\demux.c">
      <Filter>Source\LibWebP\src\demux</Filter>
    </ClCompile>
    <ClCompile Include="Source\LibWebP\src\dsp\cpu.c">
      <Filter>Source\LibWebP\src\dsp</Filter>
    </ClCompile>
    <ClCompile Include="Source\LibWebP\src\dsp\dec.c">
      <Filter>Source\LibWebP\src\dsp</Filter>
    </ClCompile>
    <ClCompile Include="Source\LibWebP\src\dsp\dec_clip_tables.c">
      <Filter>Source\LibWebP\src\dsp</Filter>
    </ClCompile>
    <ClCompile Include="Source\LibWebP\src\dsp\dec_mips32.c">
      <Filter>Source\LibWebP\src\dsp</Filter>
    </ClCompile>
    <ClCompile Include="Source\LibWebP\src\dsp\dec_neon.c">
      <Filter>Source\LibWebP\src\dsp</Filter>
    </ClCompile>
    <ClCompile Include="Source\LibWebP\src\dsp\dec_sse2.c">
      <Filter>Source\LibWebP\src\dsp</Filter>
    </ClCompile>
    <ClCompile Include="Source\LibWebP\src\dsp\enc.c">
      <Filter>Source\LibWebP\src\dsp</Filter>
    </ClCompile>
    <ClCompile Include="Source\LibWebP\src\dsp\enc_neon.c">
      <Filter>Source\LibWebP\src\dsp</Filter>
    </ClCompile>
    <ClCompile Include="Source\LibWebP\src\dsp\enc_sse2.c">
      <Filter>Source\LibWebP\src\dsp</Filter>
    </ClCompile>
    <ClCompile Include="Source\LibWebP\src\dsp\lossless.c">
      <Filter>Source\LibWebP\src\dsp</Filter>
    </ClCompile>
    <ClCompile Include="Source\LibWebP\src\dsp\upsampling.c">
      <Filter>Source\LibWebP\src\dsp</Filter>
    </ClCompile>
    <ClCompile Include="Source\LibWebP\src\dsp\upsampling_mips32.c">
      <Filter>Source\LibWebP\src\dsp</Filter>
    </ClCompile>
    <ClCompile Include="Source\LibWebP\src\dsp\upsampling_neon.c">
      <Filter>Source\LibWebP\src\dsp</Filter>
    </ClCompile>
    <ClCompile Include="Source\LibWebP\src\dsp\upsampling_sse2.c">
      <Filter>Source\LibWebP\src\dsp</Filter>
    </ClCompile>
    <ClCompile Include="Source\LibWebP\src\dsp\yuv.c">
      <Filter>Source\LibWebP\src\dsp</Filter>
    </ClCompile>
    <ClCompile Include="Source\LibWebP\src\mux\muxedit.c">
      <Filter>Source\LibWebP\src\mux</Filter>
    </ClCompile>
    <ClCompile Include="Source\LibWebP\src\mux\muxinternal.c">
      <Filter>Source\LibWebP\src\mux</Filter>
    </ClCompile>
    <ClCompile Include="Source\LibWebP\src\mux\muxread.c">
      <Filter>Source\LibWebP\src\mux</Filter>
    </ClCompile>
    <ClCompile Include="Source\LibWebP\src\utils\alpha_processing.c">
      <Filter>Source\LibWebP\src\utils</Filter>
    </ClCompile>
    <ClCompile Include="Source\LibWebP\src\utils\bit_reader.c">
      <Filter>Source\LibWebP\src\utils</Filter>
    </ClCompile>
    <ClCompile Include="Source\LibWebP\src\utils\bit_writer.c">
      <Filter>Source\LibWebP\src\utils</Filter>
    </ClCompile>
    <ClCompile Include="Source\LibWebP\src\utils\color_cache.c">
      <Filter>Source\LibWebP\src\utils</Filter>
    </ClCompile>
    <ClCompile Include="Source\LibWebP\src\utils\filters.c">
      <Filter>Source\LibWebP\src\utils</Filter>
    </ClCompile>
    <ClCompile Include="Source\LibWebP\src\utils\huffman.c">
      <Filter>Source\LibWebP\src\utils</Filter>
    </ClCompile>
    <ClCompile Include="Source\LibWebP\src\utils\huffman_encode.c">
      <Filter>Source\LibWebP\src\utils</Filter>
    </ClCompile>
    <ClCompile Include="Source\LibWebP\src\utils\quant_levels.c">
      <Filter>Source\LibWebP\src\utils</Filter>
    </ClCompile>
    <ClCompile Include="Source\LibWebP\src\utils\quant_levels_dec.c">
      <Filter>Source\LibWebP\src\utils</Filter>
    </ClCompile>
    <ClCompile Include="Source\LibWebP\src\utils\random.c">
      <Filter>Source\LibWebP\src\utils</Filter>
    </ClCompile>
    <ClCompile Include="Source\LibWebP\src\utils\rescaler.c">
      <Filter>Source\LibWebP\src\utils</Filter>
    </ClCompile>
    <ClCompile Include="Source\LibWebP\src\utils\thread.c">
      <Filter>Source\LibWebP\src\utils</Filter>
    </ClCompile>
    <ClCompile Include="Source\LibWebP\src\utils\utils.c">
      <Filter>Source\LibWebP\src\utils</Filter>
    </ClCompile>
    <ClCompile Include="Source\FreeImage\PluginWebP.cpp">
      <Filter>Source Files\Plugins</Filter>
    </ClCompile>
  </ItemGroup>
  <ItemGroup>
    <ClInclude Include="Source\LibWebP\src\dec\alphai.h">
      <Filter>Source\LibWebP\src\dec</Filter>
    </ClInclude>
    <ClInclude Include="Source\LibWebP\src\dec\decode_vp8.h">
      <Filter>Source\LibWebP\src\dec</Filter>
    </ClInclude>
    <ClInclude Include="Source\LibWebP\src\dec\vp8i.h">
      <Filter>Source\LibWebP\src\dec</Filter>
    </ClInclude>
    <ClInclude Include="Source\LibWebP\src\dec\vp8li.h">
      <Filter>Source\LibWebP\src\dec</Filter>
    </ClInclude>
    <ClInclude Include="Source\LibWebP\src\dec\webpi.h">
      <Filter>Source\LibWebP\src\dec</Filter>
    </ClInclude>
    <ClInclude Include="Source\LibWebP\src\enc\backward_references.h">
      <Filter>Source\LibWebP\src\enc</Filter>
    </ClInclude>
    <ClInclude Include="Source\LibWebP\src\enc\cost.h">
      <Filter>Source\LibWebP\src\enc</Filter>
    </ClInclude>
    <ClInclude Include="Source\LibWebP\src\enc\histogram.h">
      <Filter>Source\LibWebP\src\enc</Filter>
    </ClInclude>
    <ClInclude Include="Source\LibWebP\src\enc\vp8enci.h">
      <Filter>Source\LibWebP\src\enc</Filter>
    </ClInclude>
    <ClInclude Include="Source\LibWebP\src\enc\vp8li.h">
      <Filter>Source\LibWebP\src\enc</Filter>
    </ClInclude>
    <ClInclude Include="Source\LibWebP\src\dsp\dsp.h">
      <Filter>Source\LibWebP\src\dsp</Filter>
    </ClInclude>
    <ClInclude Include="Source\LibWebP\src\dsp\lossless.h">
      <Filter>Source\LibWebP\src\dsp</Filter>
    </ClInclude>
    <ClInclude Include="Source\LibWebP\src\dsp\yuv.h">
      <Filter>Source\LibWebP\src\dsp</Filter>
    </ClInclude>
    <ClInclude Include="Source\LibWebP\src\mux\muxi.h">
      <Filter>Source\LibWebP\src\mux</Filter>
    </ClInclude>
    <ClInclude Include="Source\LibWebP\src\utils\alpha_processing.h">
      <Filter>Source\LibWebP\src\utils</Filter>
    </ClInclude>
    <ClInclude Include="Source\LibWebP\src\utils\bit_reader.h">
      <Filter>Source\LibWebP\src\utils</Filter>
    </ClInclude>
    <ClInclude Include="Source\LibWebP\src\utils\bit_writer.h">
      <Filter>Source\LibWebP\src\utils</Filter>
    </ClInclude>
    <ClInclude Include="Source\LibWebP\src\utils\color_cache.h">
      <Filter>Source\LibWebP\src\utils</Filter>
    </ClInclude>
    <ClInclude Include="Source\LibWebP\src\utils\filters.h">
      <Filter>Source\LibWebP\src\utils</Filter>
    </ClInclude>
    <ClInclude Include="Source\LibWebP\src\utils\huffman.h">
      <Filter>Source\LibWebP\src\utils</Filter>
    </ClInclude>
    <ClInclude Include="Source\LibWebP\src\utils\huffman_encode.h">
      <Filter>Source\LibWebP\src\utils</Filter>
    </ClInclude>
    <ClInclude Include="Source\LibWebP\src\utils\quant_levels.h">
      <Filter>Source\LibWebP\src\utils</Filter>
    </ClInclude>
    <ClInclude Include="Source\LibWebP\src\utils\quant_levels_dec.h">
      <Filter>Source\LibWebP\src\utils</Filter>
    </ClInclude>
    <ClInclude Include="Source\LibWebP\src\utils\random.h">
      <Filter>Source\LibWebP\src\utils</Filter>
    </ClInclude>
    <ClInclude Include="Source\LibWebP\src\utils\rescaler.h">
      <Filter>Source\LibWebP\src\utils</Filter>
    </ClInclude>
    <ClInclude Include="Source\LibWebP\src\utils\thread.h">
      <Filter>Source\LibWebP\src\utils</Filter>
    </ClInclude>
    <ClInclude Include="Source\LibWebP\src\utils\utils.h">
      <Filter>Source\LibWebP\src\utils</Filter>
    </ClInclude>
    <ClInclude Include="Source\LibWebP\src\webp\decode.h">
      <Filter>Source\LibWebP\src\webp</Filter>
    </ClInclude>
    <ClInclude Include="Source\LibWebP\src\webp\demux.h">
      <Filter>Source\LibWebP\src\webp</Filter>
    </ClInclude>
    <ClInclude Include="Source\LibWebP\src\webp\encode.h">
      <Filter>Source\LibWebP\src\webp</Filter>
    </ClInclude>
    <ClInclude Include="Source\LibWebP\src\webp\format_constants.h">
      <Filter>Source\LibWebP\src\webp</Filter>
    </ClInclude>
    <ClInclude Include="Source\LibWebP\src\webp\mux.h">
      <Filter>Source\LibWebP\src\webp</Filter>
    </ClInclude>
    <ClInclude Include="Source\LibWebP\src\webp\mux_types.h">
      <Filter>Source\LibWebP\src\webp</Filter>
    </ClInclude>
    <ClInclude Include="Source\LibWebP\src\webp\types.h">
      <Filter>Source\LibWebP\src\webp</Filter>
    </ClInclude>
  </ItemGroup>
  <ItemGroup>
    <None Include="axiswebp.def">
      <Filter>Source Files</Filter>
    </None>
  </ItemGroup>
</Project>