<?xml version="1.0" encoding="UTF-8" standalone="yes" ?>
<CodeBlocks_project_file>
	<FileVersion major="1" minor="6" />
	<Project>
		<Option title="os" />
		<Option pch_mode="2" />
		<Option compiler="gcc" />
		<Build>
			<Target title="Debug">
				<Option output="../../stage/x86/libca2os.so" prefix_auto="0" extension_auto="0" />
				<Option working_dir="../../stage/x86/" />
				<Option object_output="../../time/intermediate/nodeapp/os" />
				<Option type="3" />
				<Option compiler="gcc" />
				<Option createDefFile="1" />
				<Option createStaticLib="1" />
				<Compiler>
					<Add option="-g" />
					<Add option="-D_DEBUG" />
					<Add directory="." />
					<Add directory=".." />
					<Add directory="../.." />
					<Add directory="../../app/appseed/ca" />
					<Add directory="../../app/appseed" />
					<Add directory="../../app" />
					<Add directory="../../app/thirdparty/include" />
				</Compiler>
			</Target>
			<Target title="memdleak">
				<Option output="../../stage/x86/libca2os.so" prefix_auto="0" extension_auto="0" />
				<Option working_dir="../../stage/x86/" />
				<Option object_output="../../time/intermediate/nodeapp/os" />
				<Option type="3" />
				<Option compiler="gcc" />
				<Option createDefFile="1" />
				<Option createStaticLib="1" />
				<Compiler>
					<Add option="-g" />
					<Add option="-D_DEBUG" />
					<Add option="-DMEMDLEAK" />
					<Add directory="." />
					<Add directory=".." />
					<Add directory="../.." />
					<Add directory="../../app/appseed/ca" />
					<Add directory="../../app/appseed" />
					<Add directory="../../app" />
					<Add directory="../../app/thirdparty/include" />
				</Compiler>
			</Target>
		</Build>
		<Compiler>
			<Add option="-std=c++0x" />
			<Add option="-fPIC" />
			<Add option="-fexceptions" />
			<Add option="-fnon-call-exceptions" />
			<Add option="-fno-pie" />
			<Add option="-fno-stack-protector" />
			<Add option="-Wno-pointer-arith" />
			<Add option="-Wno-attributes" />
			<Add option="-Winvalid-pch" />
			<Add option="-Wno-conversion-null" />
			<Add directory="../../app/appseed/ca2" />
			<Add directory="../../app/thirdparty/appseed" />
		</Compiler>
		<Linker>
			<Add option="-Wl,-R\\$$$ORIGIN" />
			<Add option="-Wl,-z,origin" />
			<Add option="-lpthread" />
			<Add option="-ldl" />
			<Add option="-lX11" />
			<Add option="-lXmu" />
			<Add option="-l_ca2c" />
			<Add option="-l_ca2freeimage" />
			<Add option="-l_ca2cairo" />
			<Add option="-lca2ca" />
			<Add option="-lca2" />
			<Add option="-Wl,-z,defs" />
			<Add directory="../../stage/x86" />
		</Linker>
		<Unit filename="../operational_system/_.h" />
		<Unit filename="../operational_system/_c.h" />
		<Unit filename="../operational_system/_ca.h" />
		<Unit filename="../operational_system/bare_operational_system.h" />
		<Unit filename="../operational_system/cairo_config.h" />
		<Unit filename="../operational_system/cairo_features.h" />
		<Unit filename="../operational_system/cross/win/base_tsd.h" />
		<Unit filename="../operational_system/cross/win/ntstatus.h" />
		<Unit filename="../operational_system/cross/win/poppack.h" />
		<Unit filename="../operational_system/cross/win/pshpack2.h" />
		<Unit filename="../operational_system/cross/win/pshpack4.h" />
		<Unit filename="../operational_system/cross/win/pshpack8.h" />
		<Unit filename="../operational_system/cross/win/win.h" />
		<Unit filename="../operational_system/cross/win/win_base.h" />
		<Unit filename="../operational_system/cross/win/win_common_controls.h" />
		<Unit filename="../operational_system/cross/win/win_crt.h" />
		<Unit filename="../operational_system/cross/win/win_crtdefs.h" />
		<Unit filename="../operational_system/cross/win/win_def.h" />
		<Unit filename="../operational_system/cross/win/win_errno.h" />
		<Unit filename="../operational_system/cross/win/win_error.h" />
		<Unit filename="../operational_system/cross/win/win_file.h" />
		<Unit filename="../operational_system/cross/win/win_gdi.h" />
		<Unit filename="../operational_system/cross/win/win_guid_def.h" />
		<Unit filename="../operational_system/cross/win/win_mmsystem.h" />
		<Unit filename="../operational_system/cross/win/win_nls.h" />
		<Unit filename="../operational_system/cross/win/win_nt.h" />
		<Unit filename="../operational_system/cross/win/win_user.h" />
		<Unit filename="../operational_system/get_platform.h" />
		<Unit filename="../operational_system/operational_system.h" />
		<Unit filename="../operational_system/osdisplay.h" />
		<Unit filename="../operational_system/oswindow.h" />
		<Unit filename="../operational_system/pixman_config.h" />
		<Unit filename="../operational_system/version.h" />
		<Unit filename="../operational_system/version_configuration.h" />
		<Unit filename="../operational_system/version_cpu.h" />
		<Unit filename="../operational_system/version_linux.h" />
		<Unit filename="Kerr/LocalMemory.h" />
		<Unit filename="Kerr/kerr.h" />
		<Unit filename="framework.h">
			<Option compile="1" />
			<Option weight="0" />
		</Unit>
		<Unit filename="gen_1.h" />
		<Unit filename="implementation.h" />
		<Unit filename="lnx.h" />
		<Unit filename="lnx1.cpp" />
		<Unit filename="lnx1.h" />
		<Unit filename="lnx2.cpp" />
		<Unit filename="lnx_afxabort.cpp" />
		<Unit filename="lnx_afxmem.cpp" />
		<Unit filename="lnx_afxstate.cpp" />
		<Unit filename="lnx_appcore.cpp" />
		<Unit filename="lnx_application.cpp" />
		<Unit filename="lnx_application.h" />
		<Unit filename="lnx_appmodul.cpp" />
		<Unit filename="lnx_appterm.cpp" />
		<Unit filename="lnx_bitmap.cpp" />
		<Unit filename="lnx_bitmap.h" />
		<Unit filename="lnx_brush.cpp" />
		<Unit filename="lnx_brush.h" />
		<Unit filename="lnx_copydesk.cpp" />
		<Unit filename="lnx_copydesk.h" />
		<Unit filename="lnx_crypt.cpp" />
		<Unit filename="lnx_crypt.h" />
		<Unit filename="lnx_dib.cpp" />
		<Unit filename="lnx_dib.h" />
		<Unit filename="lnx_dir.cpp" />
		<Unit filename="lnx_dir.h" />
		<Unit filename="lnx_dumpinit.cpp" />
		<Unit filename="lnx_error.cpp" />
		<Unit filename="lnx_exception.cpp" />
		<Unit filename="lnx_factory_exchange.cpp" />
		<Unit filename="lnx_factory_exchange.h" />
		<Unit filename="lnx_file.cpp" />
		<Unit filename="lnx_file.h" />
		<Unit filename="lnx_file_set.cpp" />
		<Unit filename="lnx_file_set.h" />
		<Unit filename="lnx_file_system.cpp" />
		<Unit filename="lnx_file_system.h" />
		<Unit filename="lnx_font.cpp" />
		<Unit filename="lnx_font.h" />
		<Unit filename="lnx_graphics.cpp" />
		<Unit filename="lnx_graphics.h" />
		<Unit filename="lnx_graphics_object.cpp" />
		<Unit filename="lnx_graphics_object.h" />
		<Unit filename="lnx_graphics_path.cpp" />
		<Unit filename="lnx_graphics_path.h" />
		<Unit filename="lnx_internal.h" />
		<Unit filename="lnx_ip_enum.cpp" />
		<Unit filename="lnx_ip_enum.h" />
		<Unit filename="lnx_main.cpp" />
		<Unit filename="lnx_os.cpp" />
		<Unit filename="lnx_os.h" />
		<Unit filename="lnx_palette.cpp" />
		<Unit filename="lnx_palette.h" />
		<Unit filename="lnx_pen.cpp" />
		<Unit filename="lnx_pen.h" />
		<Unit filename="lnx_port_forward.cpp" />
		<Unit filename="lnx_port_forward.h" />
		<Unit filename="lnx_preview_dc.cpp" />
		<Unit filename="lnx_region.cpp" />
		<Unit filename="lnx_region.h" />
		<Unit filename="lnx_root_tools.h" />
		<Unit filename="lnx_shell.cpp" />
		<Unit filename="lnx_shell.h" />
		<Unit filename="lnx_state.h" />
		<Unit filename="lnx_stdio_file.cpp" />
		<Unit filename="lnx_stdio_file.h" />
		<Unit filename="lnx_thread.cpp" />
		<Unit filename="lnx_thread.h" />
		<Unit filename="lnx_thread_local_storage.cpp" />
		<Unit filename="lnx_thread_slots.h" />
		<Unit filename="lnx_trace.cpp" />
		<Unit filename="lnx_util.cpp" />
		<Unit filename="lnx_window.cpp" />
		<Unit filename="lnx_window.h" />
		<Unit filename="lnx_window_draw.cpp" />
		<Unit filename="lnx_window_draw.h" />
		<Extensions>
			<code_completion />
			<debugger />
			<envvars />
		</Extensions>
	</Project>
</CodeBlocks_project_file>
